
Microsoft Visual Studio Solution File, Format Version 12.00
# Visual Studio Version 17
VisualStudioVersion = 17.3.32901.215
MinimumVisualStudioVersion = 10.0.40219.1
Project("{2150E333-8FDC-42A3-9474-1A3956D46DE8}") = "Notes", "Notes", "{787FD6F3-B992-4962-B264-7FC38ACBD8EB}"
	ProjectSection(SolutionItems) = preProject
		Notes\768_Debug_output.txt = Notes\768_Debug_output.txt
		Notes\AppNavNotes.txt = Notes\AppNavNotes.txt
		Notes\BlockOffsetsForInitialSet.txt = Notes\BlockOffsetsForInitialSet.txt
		Notes\BuildMapSectionsFrom2x2or4x4set.txt = Notes\BuildMapSectionsFrom2x2or4x4set.txt
		Notes\ColorMapFromHistogramData.txt = Notes\ColorMapFromHistogramData.txt
		Notes\Formula.txt = Notes\Formula.txt
		Notes\FractionMath_Misc.txt = Notes\FractionMath_Misc.txt
		Notes\Image_Ram_Resource_Requirements.txt = Notes\Image_Ram_Resource_Requirements.txt
		Notes\JobNavigationWithShiftKey.txt = Notes\JobNavigationWithShiftKey.txt
		Notes\MapViewerMapInfoDivisionStrategy.txt = Notes\MapViewerMapInfoDivisionStrategy.txt
		MongoDb_Schemas.txt = MongoDb_Schemas.txt
		Notes\MultiplicationAlgorythms.txt = Notes\MultiplicationAlgorythms.txt
		Notes\Nav_Diag_Feb_15_2022.txt = Notes\Nav_Diag_Feb_15_2022.txt
		Notes\Normalize_Sample_Math.txt = Notes\Normalize_Sample_Math.txt
		ParseStringToRValue.txt = ParseStringToRValue.txt
		Notes\PosterSizeEditor-Diagnostics.txt = Notes\PosterSizeEditor-Diagnostics.txt
		Notes\PosterSizeScaling_work.txt = Notes\PosterSizeScaling_work.txt
		Notes\Printing Resolution and Sizes.txt = Notes\Printing Resolution and Sizes.txt
		PunchList.txt = PunchList.txt
		Notes\RValueToStringLogic.txt = Notes\RValueToStringLogic.txt
		Notes\SampleCoordValues.txt = Notes\SampleCoordValues.txt
		SelectionRectangleKeyInput.txt = SelectionRectangleKeyInput.txt
		Notes\SpatialCoordsAndHashes.txt = Notes\SpatialCoordsAndHashes.txt
		Notes\SpatialDivisionsIn8x8sections.txt = Notes\SpatialDivisionsIn8x8sections.txt
		Notes\Top-level regions.txt = Notes\Top-level regions.txt
		Notes\ZoomAndBlockConsiderations.txt = Notes\ZoomAndBlockConsiderations.txt
	EndProjectSection
EndProject
Project("{2150E333-8FDC-42A3-9474-1A3956D46DE8}") = "Solution Items", "Solution Items", "{8D960C02-80E3-48F0-9A6A-241B384D90B0}"
	ProjectSection(SolutionItems) = preProject
		.editorconfig = .editorconfig
		Directory.Build.props = Directory.Build.props
	EndProjectSection
EndProject
Project("{9A19103F-16F7-4668-BE54-9A1E7A4F7556}") = "PngImageLib", "src\PngImageLib\PngImageLib.csproj", "{225B45CC-6FDA-4E3F-A24F-8DF96A5F88A9}"
EndProject
Project("{9A19103F-16F7-4668-BE54-9A1E7A4F7556}") = "ProjectRepo", "src\ProjectRepo\ProjectRepo.csproj", "{EF27CFCF-67AA-4702-803C-DE8CAB11A8E3}"
EndProject
Project("{9A19103F-16F7-4668-BE54-9A1E7A4F7556}") = "MSS.Common", "src\MSS.Common\MSS.Common.csproj", "{6F475A23-634A-4D17-8BC6-2747815F6C67}"
EndProject
Project("{9A19103F-16F7-4668-BE54-9A1E7A4F7556}") = "MSS.Types", "src\MSS.Types\MSS.Types.csproj", "{E0471DC7-9B5E-4ACF-B4C6-181D1203CC4A}"
EndProject
Project("{2150E333-8FDC-42A3-9474-1A3956D46DE8}") = "ImageManagement", "ImageManagement", "{44BD5DF0-6B8D-4FA3-9121-6128814A615F}"
EndProject
Project("{2150E333-8FDC-42A3-9474-1A3956D46DE8}") = "Repositories", "Repositories", "{25AAF06D-CFD2-43E6-97BE-9E709AE7BD23}"
EndProject
Project("{2150E333-8FDC-42A3-9474-1A3956D46DE8}") = "Common", "Common", "{9A63B212-42AC-42D5-B718-05A1B31F1A2F}"
EndProject
Project("{9A19103F-16F7-4668-BE54-9A1E7A4F7556}") = "MSetRepo", "src\MSetRepo\MSetRepo.csproj", "{F92DBF5A-49FC-49C4-B0CC-63764B8E6FC9}"
EndProject
Project("{2150E333-8FDC-42A3-9474-1A3956D46DE8}") = "EngineClient", "EngineClient", "{A1748F28-0C2D-45BC-8E8B-85D5411A8B56}"
EndProject
Project("{9A19103F-16F7-4668-BE54-9A1E7A4F7556}") = "MEngineDataContracts", "src\MEngineDataContracts\MEngineDataContracts.csproj", "{67C64BC2-F9E3-40EB-8198-12394E578A15}"
EndProject
Project("{9A19103F-16F7-4668-BE54-9A1E7A4F7556}") = "MEngineClient", "src\MEngineClient\MEngineClient.csproj", "{01659D91-B1B5-46EE-AC25-6506AA47747E}"
EndProject
Project("{9A19103F-16F7-4668-BE54-9A1E7A4F7556}") = "MSetExplorer", "src\MSetExplorer\MSetExplorer.csproj", "{2077E638-438E-4FFD-B114-6E8B8235B2C9}"
EndProject
Project("{9A19103F-16F7-4668-BE54-9A1E7A4F7556}") = "MapSectionProviderLib", "src\MapSectionProviderLib\MapSectionProviderLib.csproj", "{BBF430DC-B378-4F9A-95FB-06D4E7DE5864}"
EndProject
Project("{2150E333-8FDC-42A3-9474-1A3956D46DE8}") = "Installers", "Installers", "{6B2678EB-D152-46D8-81D1-26139573E1D4}"
EndProject
Project("{2150E333-8FDC-42A3-9474-1A3956D46DE8}") = "Engine", "Engine", "{550DC87E-C118-4FB5-9894-F7C81CF4C949}"
EndProject
Project("{9A19103F-16F7-4668-BE54-9A1E7A4F7556}") = "MEngineService", "src_FGEN\MEngineService\MEngineService.csproj", "{8A51D2F9-AAB3-4943-8283-DE42B44FF0BA}"
EndProject
Project("{8BC9CEB8-8B4A-11D0-8D11-00A0C91BC942}") = "MSetGenerator", "src_FGEN\MSetGenerator\MSetGenerator.vcxproj", "{3CE9A298-771A-486F-A201-E2806E6E36C7}"
EndProject
Project("{2150E333-8FDC-42A3-9474-1A3956D46DE8}") = "OldProjects", "OldProjects", "{E5EDA829-4FCE-4943-8E6E-A03880B38EF6}"
EndProject
Project("{9A19103F-16F7-4668-BE54-9A1E7A4F7556}") = "MSetOldTypes", "src\MSetOldTypes\MSetOldTypes.csproj", "{4009FD30-4ABE-4F93-81E6-A5744E92F097}"
EndProject
Project("{9A19103F-16F7-4668-BE54-9A1E7A4F7556}") = "ImageBuilderOld", "src\ImageBuilderOld\ImageBuilderOld.csproj", "{A2C0B5FB-58D4-4031-9700-D09E2D675F7C}"
EndProject
Project("{9A19103F-16F7-4668-BE54-9A1E7A4F7556}") = "ImageBuilder", "src\ImageBuilder\ImageBuilder.csproj", "{64F8D6F3-D552-4019-B4CC-A9F877EC0103}"
EndProject
Project("{9A19103F-16F7-4668-BE54-9A1E7A4F7556}") = "MapSectionGeneratorLib", "src\MapSectionGeneratorLib\MapSectionGeneratorLib.csproj", "{3CE8F043-3732-491D-87E9-02F31508E6DB}"
EndProject
Project("{54435603-DBB4-11D2-8724-00A0C9A8B90C}") = "MSetExplorerSetup", "Installer\MSetExplorerSetup\MSetExplorerSetup.vdproj", "{72B5F4BE-7C70-4F16-94D1-7AB20ADDAA42}"
EndProject
Project("{8BC9CEB8-8B4A-11D0-8D11-00A0C91BC942}") = "MSetGeneratorTest", "src_FGEN\MSetGeneratorTest\MSetGeneratorTest.vcxproj", "{E00419B4-B027-4D60-84B0-1E2A49FB6F3F}"
EndProject
Project("{8BC9CEB8-8B4A-11D0-8D11-00A0C91BC942}") = "FixedPointPathTutorial", "src_FGEN\FixedPointPathTutorial\FixedPointPathTutorial.vcxproj", "{AA8D55B8-523E-4419-A503-2DAE5BFE7357}"
EndProject
Project("{FAE04EC0-301F-11D3-BF4B-00C04F79EFBC}") = "EngineTest", "src\EngineTest\EngineTest.csproj", "{6C6AC197-E194-481D-97E0-77FFB8D00479}"
EndProject
Project("{2150E333-8FDC-42A3-9474-1A3956D46DE8}") = "Tests", "Tests", "{01839B2E-E4B4-4EBC-BF4D-D462CA8061CC}"
EndProject
Global
	GlobalSection(SolutionConfigurationPlatforms) = preSolution
		Debug|Any CPU = Debug|Any CPU
		Debug|ARM = Debug|ARM
		Debug|ARM64 = Debug|ARM64
		Debug|Win32 = Debug|Win32
		Debug|x64 = Debug|x64
		Debug|x86 = Debug|x86
		Release|Any CPU = Release|Any CPU
		Release|ARM = Release|ARM
		Release|ARM64 = Release|ARM64
		Release|Win32 = Release|Win32
		Release|x64 = Release|x64
		Release|x86 = Release|x86
	EndGlobalSection
	GlobalSection(ProjectConfigurationPlatforms) = postSolution
		{225B45CC-6FDA-4E3F-A24F-8DF96A5F88A9}.Debug|Any CPU.ActiveCfg = Debug|Any CPU
		{225B45CC-6FDA-4E3F-A24F-8DF96A5F88A9}.Debug|Any CPU.Build.0 = Debug|Any CPU
		{225B45CC-6FDA-4E3F-A24F-8DF96A5F88A9}.Debug|ARM.ActiveCfg = Debug|Any CPU
		{225B45CC-6FDA-4E3F-A24F-8DF96A5F88A9}.Debug|ARM.Build.0 = Debug|Any CPU
		{225B45CC-6FDA-4E3F-A24F-8DF96A5F88A9}.Debug|ARM64.ActiveCfg = Debug|Any CPU
		{225B45CC-6FDA-4E3F-A24F-8DF96A5F88A9}.Debug|ARM64.Build.0 = Debug|Any CPU
		{225B45CC-6FDA-4E3F-A24F-8DF96A5F88A9}.Debug|Win32.ActiveCfg = Debug|Any CPU
		{225B45CC-6FDA-4E3F-A24F-8DF96A5F88A9}.Debug|Win32.Build.0 = Debug|Any CPU
		{225B45CC-6FDA-4E3F-A24F-8DF96A5F88A9}.Debug|x64.ActiveCfg = Debug|x64
		{225B45CC-6FDA-4E3F-A24F-8DF96A5F88A9}.Debug|x64.Build.0 = Debug|x64
		{225B45CC-6FDA-4E3F-A24F-8DF96A5F88A9}.Debug|x86.ActiveCfg = Debug|Any CPU
		{225B45CC-6FDA-4E3F-A24F-8DF96A5F88A9}.Debug|x86.Build.0 = Debug|Any CPU
		{225B45CC-6FDA-4E3F-A24F-8DF96A5F88A9}.Release|Any CPU.ActiveCfg = Release|Any CPU
		{225B45CC-6FDA-4E3F-A24F-8DF96A5F88A9}.Release|Any CPU.Build.0 = Release|Any CPU
		{225B45CC-6FDA-4E3F-A24F-8DF96A5F88A9}.Release|ARM.ActiveCfg = Release|Any CPU
		{225B45CC-6FDA-4E3F-A24F-8DF96A5F88A9}.Release|ARM.Build.0 = Release|Any CPU
		{225B45CC-6FDA-4E3F-A24F-8DF96A5F88A9}.Release|ARM64.ActiveCfg = Release|Any CPU
		{225B45CC-6FDA-4E3F-A24F-8DF96A5F88A9}.Release|ARM64.Build.0 = Release|Any CPU
		{225B45CC-6FDA-4E3F-A24F-8DF96A5F88A9}.Release|Win32.ActiveCfg = Release|Any CPU
		{225B45CC-6FDA-4E3F-A24F-8DF96A5F88A9}.Release|Win32.Build.0 = Release|Any CPU
		{225B45CC-6FDA-4E3F-A24F-8DF96A5F88A9}.Release|x64.ActiveCfg = Release|Any CPU
		{225B45CC-6FDA-4E3F-A24F-8DF96A5F88A9}.Release|x64.Build.0 = Release|Any CPU
		{225B45CC-6FDA-4E3F-A24F-8DF96A5F88A9}.Release|x86.ActiveCfg = Release|Any CPU
		{225B45CC-6FDA-4E3F-A24F-8DF96A5F88A9}.Release|x86.Build.0 = Release|Any CPU
		{EF27CFCF-67AA-4702-803C-DE8CAB11A8E3}.Debug|Any CPU.ActiveCfg = Debug|Any CPU
		{EF27CFCF-67AA-4702-803C-DE8CAB11A8E3}.Debug|Any CPU.Build.0 = Debug|Any CPU
		{EF27CFCF-67AA-4702-803C-DE8CAB11A8E3}.Debug|ARM.ActiveCfg = Debug|Any CPU
		{EF27CFCF-67AA-4702-803C-DE8CAB11A8E3}.Debug|ARM.Build.0 = Debug|Any CPU
		{EF27CFCF-67AA-4702-803C-DE8CAB11A8E3}.Debug|ARM64.ActiveCfg = Debug|Any CPU
		{EF27CFCF-67AA-4702-803C-DE8CAB11A8E3}.Debug|ARM64.Build.0 = Debug|Any CPU
		{EF27CFCF-67AA-4702-803C-DE8CAB11A8E3}.Debug|Win32.ActiveCfg = Debug|Any CPU
		{EF27CFCF-67AA-4702-803C-DE8CAB11A8E3}.Debug|Win32.Build.0 = Debug|Any CPU
		{EF27CFCF-67AA-4702-803C-DE8CAB11A8E3}.Debug|x64.ActiveCfg = Debug|x64
		{EF27CFCF-67AA-4702-803C-DE8CAB11A8E3}.Debug|x64.Build.0 = Debug|x64
		{EF27CFCF-67AA-4702-803C-DE8CAB11A8E3}.Debug|x86.ActiveCfg = Debug|Any CPU
		{EF27CFCF-67AA-4702-803C-DE8CAB11A8E3}.Debug|x86.Build.0 = Debug|Any CPU
		{EF27CFCF-67AA-4702-803C-DE8CAB11A8E3}.Release|Any CPU.ActiveCfg = Release|Any CPU
		{EF27CFCF-67AA-4702-803C-DE8CAB11A8E3}.Release|Any CPU.Build.0 = Release|Any CPU
		{EF27CFCF-67AA-4702-803C-DE8CAB11A8E3}.Release|ARM.ActiveCfg = Release|Any CPU
		{EF27CFCF-67AA-4702-803C-DE8CAB11A8E3}.Release|ARM.Build.0 = Release|Any CPU
		{EF27CFCF-67AA-4702-803C-DE8CAB11A8E3}.Release|ARM64.ActiveCfg = Release|Any CPU
		{EF27CFCF-67AA-4702-803C-DE8CAB11A8E3}.Release|ARM64.Build.0 = Release|Any CPU
		{EF27CFCF-67AA-4702-803C-DE8CAB11A8E3}.Release|Win32.ActiveCfg = Release|Any CPU
		{EF27CFCF-67AA-4702-803C-DE8CAB11A8E3}.Release|Win32.Build.0 = Release|Any CPU
		{EF27CFCF-67AA-4702-803C-DE8CAB11A8E3}.Release|x64.ActiveCfg = Release|Any CPU
		{EF27CFCF-67AA-4702-803C-DE8CAB11A8E3}.Release|x64.Build.0 = Release|Any CPU
		{EF27CFCF-67AA-4702-803C-DE8CAB11A8E3}.Release|x86.ActiveCfg = Release|Any CPU
		{EF27CFCF-67AA-4702-803C-DE8CAB11A8E3}.Release|x86.Build.0 = Release|Any CPU
		{6F475A23-634A-4D17-8BC6-2747815F6C67}.Debug|Any CPU.ActiveCfg = Debug|Any CPU
		{6F475A23-634A-4D17-8BC6-2747815F6C67}.Debug|Any CPU.Build.0 = Debug|Any CPU
		{6F475A23-634A-4D17-8BC6-2747815F6C67}.Debug|ARM.ActiveCfg = Debug|Any CPU
		{6F475A23-634A-4D17-8BC6-2747815F6C67}.Debug|ARM.Build.0 = Debug|Any CPU
		{6F475A23-634A-4D17-8BC6-2747815F6C67}.Debug|ARM64.ActiveCfg = Debug|Any CPU
		{6F475A23-634A-4D17-8BC6-2747815F6C67}.Debug|ARM64.Build.0 = Debug|Any CPU
		{6F475A23-634A-4D17-8BC6-2747815F6C67}.Debug|Win32.ActiveCfg = Debug|Any CPU
		{6F475A23-634A-4D17-8BC6-2747815F6C67}.Debug|Win32.Build.0 = Debug|Any CPU
		{6F475A23-634A-4D17-8BC6-2747815F6C67}.Debug|x64.ActiveCfg = Debug|x64
		{6F475A23-634A-4D17-8BC6-2747815F6C67}.Debug|x64.Build.0 = Debug|x64
		{6F475A23-634A-4D17-8BC6-2747815F6C67}.Debug|x86.ActiveCfg = Debug|Any CPU
		{6F475A23-634A-4D17-8BC6-2747815F6C67}.Debug|x86.Build.0 = Debug|Any CPU
		{6F475A23-634A-4D17-8BC6-2747815F6C67}.Release|Any CPU.ActiveCfg = Release|Any CPU
		{6F475A23-634A-4D17-8BC6-2747815F6C67}.Release|Any CPU.Build.0 = Release|Any CPU
		{6F475A23-634A-4D17-8BC6-2747815F6C67}.Release|ARM.ActiveCfg = Release|Any CPU
		{6F475A23-634A-4D17-8BC6-2747815F6C67}.Release|ARM.Build.0 = Release|Any CPU
		{6F475A23-634A-4D17-8BC6-2747815F6C67}.Release|ARM64.ActiveCfg = Release|Any CPU
		{6F475A23-634A-4D17-8BC6-2747815F6C67}.Release|ARM64.Build.0 = Release|Any CPU
		{6F475A23-634A-4D17-8BC6-2747815F6C67}.Release|Win32.ActiveCfg = Release|Any CPU
		{6F475A23-634A-4D17-8BC6-2747815F6C67}.Release|Win32.Build.0 = Release|Any CPU
		{6F475A23-634A-4D17-8BC6-2747815F6C67}.Release|x64.ActiveCfg = Release|Any CPU
		{6F475A23-634A-4D17-8BC6-2747815F6C67}.Release|x64.Build.0 = Release|Any CPU
		{6F475A23-634A-4D17-8BC6-2747815F6C67}.Release|x86.ActiveCfg = Release|Any CPU
		{6F475A23-634A-4D17-8BC6-2747815F6C67}.Release|x86.Build.0 = Release|Any CPU
		{E0471DC7-9B5E-4ACF-B4C6-181D1203CC4A}.Debug|Any CPU.ActiveCfg = Debug|Any CPU
		{E0471DC7-9B5E-4ACF-B4C6-181D1203CC4A}.Debug|Any CPU.Build.0 = Debug|Any CPU
		{E0471DC7-9B5E-4ACF-B4C6-181D1203CC4A}.Debug|ARM.ActiveCfg = Debug|Any CPU
		{E0471DC7-9B5E-4ACF-B4C6-181D1203CC4A}.Debug|ARM.Build.0 = Debug|Any CPU
		{E0471DC7-9B5E-4ACF-B4C6-181D1203CC4A}.Debug|ARM64.ActiveCfg = Debug|Any CPU
		{E0471DC7-9B5E-4ACF-B4C6-181D1203CC4A}.Debug|ARM64.Build.0 = Debug|Any CPU
		{E0471DC7-9B5E-4ACF-B4C6-181D1203CC4A}.Debug|Win32.ActiveCfg = Debug|Any CPU
		{E0471DC7-9B5E-4ACF-B4C6-181D1203CC4A}.Debug|Win32.Build.0 = Debug|Any CPU
		{E0471DC7-9B5E-4ACF-B4C6-181D1203CC4A}.Debug|x64.ActiveCfg = Debug|x64
		{E0471DC7-9B5E-4ACF-B4C6-181D1203CC4A}.Debug|x64.Build.0 = Debug|x64
		{E0471DC7-9B5E-4ACF-B4C6-181D1203CC4A}.Debug|x86.ActiveCfg = Debug|Any CPU
		{E0471DC7-9B5E-4ACF-B4C6-181D1203CC4A}.Debug|x86.Build.0 = Debug|Any CPU
		{E0471DC7-9B5E-4ACF-B4C6-181D1203CC4A}.Release|Any CPU.ActiveCfg = Release|Any CPU
		{E0471DC7-9B5E-4ACF-B4C6-181D1203CC4A}.Release|Any CPU.Build.0 = Release|Any CPU
		{E0471DC7-9B5E-4ACF-B4C6-181D1203CC4A}.Release|ARM.ActiveCfg = Release|Any CPU
		{E0471DC7-9B5E-4ACF-B4C6-181D1203CC4A}.Release|ARM.Build.0 = Release|Any CPU
		{E0471DC7-9B5E-4ACF-B4C6-181D1203CC4A}.Release|ARM64.ActiveCfg = Release|Any CPU
		{E0471DC7-9B5E-4ACF-B4C6-181D1203CC4A}.Release|ARM64.Build.0 = Release|Any CPU
		{E0471DC7-9B5E-4ACF-B4C6-181D1203CC4A}.Release|Win32.ActiveCfg = Release|Any CPU
		{E0471DC7-9B5E-4ACF-B4C6-181D1203CC4A}.Release|Win32.Build.0 = Release|Any CPU
		{E0471DC7-9B5E-4ACF-B4C6-181D1203CC4A}.Release|x64.ActiveCfg = Release|Any CPU
		{E0471DC7-9B5E-4ACF-B4C6-181D1203CC4A}.Release|x64.Build.0 = Release|Any CPU
		{E0471DC7-9B5E-4ACF-B4C6-181D1203CC4A}.Release|x86.ActiveCfg = Release|Any CPU
		{E0471DC7-9B5E-4ACF-B4C6-181D1203CC4A}.Release|x86.Build.0 = Release|Any CPU
		{F92DBF5A-49FC-49C4-B0CC-63764B8E6FC9}.Debug|Any CPU.ActiveCfg = Debug|Any CPU
		{F92DBF5A-49FC-49C4-B0CC-63764B8E6FC9}.Debug|Any CPU.Build.0 = Debug|Any CPU
		{F92DBF5A-49FC-49C4-B0CC-63764B8E6FC9}.Debug|ARM.ActiveCfg = Debug|Any CPU
		{F92DBF5A-49FC-49C4-B0CC-63764B8E6FC9}.Debug|ARM.Build.0 = Debug|Any CPU
		{F92DBF5A-49FC-49C4-B0CC-63764B8E6FC9}.Debug|ARM64.ActiveCfg = Debug|Any CPU
		{F92DBF5A-49FC-49C4-B0CC-63764B8E6FC9}.Debug|ARM64.Build.0 = Debug|Any CPU
		{F92DBF5A-49FC-49C4-B0CC-63764B8E6FC9}.Debug|Win32.ActiveCfg = Debug|Any CPU
		{F92DBF5A-49FC-49C4-B0CC-63764B8E6FC9}.Debug|Win32.Build.0 = Debug|Any CPU
		{F92DBF5A-49FC-49C4-B0CC-63764B8E6FC9}.Debug|x64.ActiveCfg = Debug|x64
		{F92DBF5A-49FC-49C4-B0CC-63764B8E6FC9}.Debug|x64.Build.0 = Debug|x64
		{F92DBF5A-49FC-49C4-B0CC-63764B8E6FC9}.Debug|x86.ActiveCfg = Debug|Any CPU
		{F92DBF5A-49FC-49C4-B0CC-63764B8E6FC9}.Debug|x86.Build.0 = Debug|Any CPU
		{F92DBF5A-49FC-49C4-B0CC-63764B8E6FC9}.Release|Any CPU.ActiveCfg = Release|Any CPU
		{F92DBF5A-49FC-49C4-B0CC-63764B8E6FC9}.Release|Any CPU.Build.0 = Release|Any CPU
		{F92DBF5A-49FC-49C4-B0CC-63764B8E6FC9}.Release|ARM.ActiveCfg = Release|Any CPU
		{F92DBF5A-49FC-49C4-B0CC-63764B8E6FC9}.Release|ARM.Build.0 = Release|Any CPU
		{F92DBF5A-49FC-49C4-B0CC-63764B8E6FC9}.Release|ARM64.ActiveCfg = Release|Any CPU
		{F92DBF5A-49FC-49C4-B0CC-63764B8E6FC9}.Release|ARM64.Build.0 = Release|Any CPU
		{F92DBF5A-49FC-49C4-B0CC-63764B8E6FC9}.Release|Win32.ActiveCfg = Release|Any CPU
		{F92DBF5A-49FC-49C4-B0CC-63764B8E6FC9}.Release|Win32.Build.0 = Release|Any CPU
		{F92DBF5A-49FC-49C4-B0CC-63764B8E6FC9}.Release|x64.ActiveCfg = Release|Any CPU
		{F92DBF5A-49FC-49C4-B0CC-63764B8E6FC9}.Release|x64.Build.0 = Release|Any CPU
		{F92DBF5A-49FC-49C4-B0CC-63764B8E6FC9}.Release|x86.ActiveCfg = Release|Any CPU
		{F92DBF5A-49FC-49C4-B0CC-63764B8E6FC9}.Release|x86.Build.0 = Release|Any CPU
		{67C64BC2-F9E3-40EB-8198-12394E578A15}.Debug|Any CPU.ActiveCfg = Debug|Any CPU
		{67C64BC2-F9E3-40EB-8198-12394E578A15}.Debug|Any CPU.Build.0 = Debug|Any CPU
		{67C64BC2-F9E3-40EB-8198-12394E578A15}.Debug|ARM.ActiveCfg = Debug|Any CPU
		{67C64BC2-F9E3-40EB-8198-12394E578A15}.Debug|ARM.Build.0 = Debug|Any CPU
		{67C64BC2-F9E3-40EB-8198-12394E578A15}.Debug|ARM64.ActiveCfg = Debug|Any CPU
		{67C64BC2-F9E3-40EB-8198-12394E578A15}.Debug|ARM64.Build.0 = Debug|Any CPU
		{67C64BC2-F9E3-40EB-8198-12394E578A15}.Debug|Win32.ActiveCfg = Debug|Any CPU
		{67C64BC2-F9E3-40EB-8198-12394E578A15}.Debug|Win32.Build.0 = Debug|Any CPU
		{67C64BC2-F9E3-40EB-8198-12394E578A15}.Debug|x64.ActiveCfg = Debug|x64
		{67C64BC2-F9E3-40EB-8198-12394E578A15}.Debug|x64.Build.0 = Debug|x64
		{67C64BC2-F9E3-40EB-8198-12394E578A15}.Debug|x86.ActiveCfg = Debug|Any CPU
		{67C64BC2-F9E3-40EB-8198-12394E578A15}.Debug|x86.Build.0 = Debug|Any CPU
		{67C64BC2-F9E3-40EB-8198-12394E578A15}.Release|Any CPU.ActiveCfg = Release|Any CPU
		{67C64BC2-F9E3-40EB-8198-12394E578A15}.Release|Any CPU.Build.0 = Release|Any CPU
		{67C64BC2-F9E3-40EB-8198-12394E578A15}.Release|ARM.ActiveCfg = Release|Any CPU
		{67C64BC2-F9E3-40EB-8198-12394E578A15}.Release|ARM.Build.0 = Release|Any CPU
		{67C64BC2-F9E3-40EB-8198-12394E578A15}.Release|ARM64.ActiveCfg = Release|Any CPU
		{67C64BC2-F9E3-40EB-8198-12394E578A15}.Release|ARM64.Build.0 = Release|Any CPU
		{67C64BC2-F9E3-40EB-8198-12394E578A15}.Release|Win32.ActiveCfg = Release|Any CPU
		{67C64BC2-F9E3-40EB-8198-12394E578A15}.Release|Win32.Build.0 = Release|Any CPU
		{67C64BC2-F9E3-40EB-8198-12394E578A15}.Release|x64.ActiveCfg = Release|Any CPU
		{67C64BC2-F9E3-40EB-8198-12394E578A15}.Release|x64.Build.0 = Release|Any CPU
		{67C64BC2-F9E3-40EB-8198-12394E578A15}.Release|x86.ActiveCfg = Release|Any CPU
		{67C64BC2-F9E3-40EB-8198-12394E578A15}.Release|x86.Build.0 = Release|Any CPU
		{01659D91-B1B5-46EE-AC25-6506AA47747E}.Debug|Any CPU.ActiveCfg = Debug|Any CPU
		{01659D91-B1B5-46EE-AC25-6506AA47747E}.Debug|Any CPU.Build.0 = Debug|Any CPU
		{01659D91-B1B5-46EE-AC25-6506AA47747E}.Debug|ARM.ActiveCfg = Debug|Any CPU
		{01659D91-B1B5-46EE-AC25-6506AA47747E}.Debug|ARM.Build.0 = Debug|Any CPU
		{01659D91-B1B5-46EE-AC25-6506AA47747E}.Debug|ARM64.ActiveCfg = Debug|Any CPU
		{01659D91-B1B5-46EE-AC25-6506AA47747E}.Debug|ARM64.Build.0 = Debug|Any CPU
		{01659D91-B1B5-46EE-AC25-6506AA47747E}.Debug|Win32.ActiveCfg = Debug|Any CPU
		{01659D91-B1B5-46EE-AC25-6506AA47747E}.Debug|Win32.Build.0 = Debug|Any CPU
		{01659D91-B1B5-46EE-AC25-6506AA47747E}.Debug|x64.ActiveCfg = Debug|x64
		{01659D91-B1B5-46EE-AC25-6506AA47747E}.Debug|x64.Build.0 = Debug|x64
		{01659D91-B1B5-46EE-AC25-6506AA47747E}.Debug|x86.ActiveCfg = Debug|Any CPU
		{01659D91-B1B5-46EE-AC25-6506AA47747E}.Debug|x86.Build.0 = Debug|Any CPU
		{01659D91-B1B5-46EE-AC25-6506AA47747E}.Release|Any CPU.ActiveCfg = Release|Any CPU
		{01659D91-B1B5-46EE-AC25-6506AA47747E}.Release|Any CPU.Build.0 = Release|Any CPU
		{01659D91-B1B5-46EE-AC25-6506AA47747E}.Release|ARM.ActiveCfg = Release|Any CPU
		{01659D91-B1B5-46EE-AC25-6506AA47747E}.Release|ARM.Build.0 = Release|Any CPU
		{01659D91-B1B5-46EE-AC25-6506AA47747E}.Release|ARM64.ActiveCfg = Release|Any CPU
		{01659D91-B1B5-46EE-AC25-6506AA47747E}.Release|ARM64.Build.0 = Release|Any CPU
		{01659D91-B1B5-46EE-AC25-6506AA47747E}.Release|Win32.ActiveCfg = Release|Any CPU
		{01659D91-B1B5-46EE-AC25-6506AA47747E}.Release|Win32.Build.0 = Release|Any CPU
		{01659D91-B1B5-46EE-AC25-6506AA47747E}.Release|x64.ActiveCfg = Release|Any CPU
		{01659D91-B1B5-46EE-AC25-6506AA47747E}.Release|x64.Build.0 = Release|Any CPU
		{01659D91-B1B5-46EE-AC25-6506AA47747E}.Release|x86.ActiveCfg = Release|Any CPU
		{01659D91-B1B5-46EE-AC25-6506AA47747E}.Release|x86.Build.0 = Release|Any CPU
		{2077E638-438E-4FFD-B114-6E8B8235B2C9}.Debug|Any CPU.ActiveCfg = Debug|Any CPU
		{2077E638-438E-4FFD-B114-6E8B8235B2C9}.Debug|Any CPU.Build.0 = Debug|Any CPU
		{2077E638-438E-4FFD-B114-6E8B8235B2C9}.Debug|ARM.ActiveCfg = Debug|Any CPU
		{2077E638-438E-4FFD-B114-6E8B8235B2C9}.Debug|ARM.Build.0 = Debug|Any CPU
		{2077E638-438E-4FFD-B114-6E8B8235B2C9}.Debug|ARM64.ActiveCfg = Debug|Any CPU
		{2077E638-438E-4FFD-B114-6E8B8235B2C9}.Debug|ARM64.Build.0 = Debug|Any CPU
		{2077E638-438E-4FFD-B114-6E8B8235B2C9}.Debug|Win32.ActiveCfg = Debug|Any CPU
		{2077E638-438E-4FFD-B114-6E8B8235B2C9}.Debug|Win32.Build.0 = Debug|Any CPU
		{2077E638-438E-4FFD-B114-6E8B8235B2C9}.Debug|x64.ActiveCfg = Debug|x64
		{2077E638-438E-4FFD-B114-6E8B8235B2C9}.Debug|x64.Build.0 = Debug|x64
		{2077E638-438E-4FFD-B114-6E8B8235B2C9}.Debug|x86.ActiveCfg = Debug|Any CPU
		{2077E638-438E-4FFD-B114-6E8B8235B2C9}.Debug|x86.Build.0 = Debug|Any CPU
		{2077E638-438E-4FFD-B114-6E8B8235B2C9}.Release|Any CPU.ActiveCfg = Release|Any CPU
		{2077E638-438E-4FFD-B114-6E8B8235B2C9}.Release|Any CPU.Build.0 = Release|Any CPU
		{2077E638-438E-4FFD-B114-6E8B8235B2C9}.Release|ARM.ActiveCfg = Release|Any CPU
		{2077E638-438E-4FFD-B114-6E8B8235B2C9}.Release|ARM.Build.0 = Release|Any CPU
		{2077E638-438E-4FFD-B114-6E8B8235B2C9}.Release|ARM64.ActiveCfg = Release|Any CPU
		{2077E638-438E-4FFD-B114-6E8B8235B2C9}.Release|ARM64.Build.0 = Release|Any CPU
		{2077E638-438E-4FFD-B114-6E8B8235B2C9}.Release|Win32.ActiveCfg = Release|Any CPU
		{2077E638-438E-4FFD-B114-6E8B8235B2C9}.Release|Win32.Build.0 = Release|Any CPU
		{2077E638-438E-4FFD-B114-6E8B8235B2C9}.Release|x64.ActiveCfg = Release|Any CPU
		{2077E638-438E-4FFD-B114-6E8B8235B2C9}.Release|x64.Build.0 = Release|Any CPU
		{2077E638-438E-4FFD-B114-6E8B8235B2C9}.Release|x86.ActiveCfg = Release|Any CPU
		{2077E638-438E-4FFD-B114-6E8B8235B2C9}.Release|x86.Build.0 = Release|Any CPU
		{BBF430DC-B378-4F9A-95FB-06D4E7DE5864}.Debug|Any CPU.ActiveCfg = Debug|Any CPU
		{BBF430DC-B378-4F9A-95FB-06D4E7DE5864}.Debug|Any CPU.Build.0 = Debug|Any CPU
		{BBF430DC-B378-4F9A-95FB-06D4E7DE5864}.Debug|ARM.ActiveCfg = Debug|Any CPU
		{BBF430DC-B378-4F9A-95FB-06D4E7DE5864}.Debug|ARM.Build.0 = Debug|Any CPU
		{BBF430DC-B378-4F9A-95FB-06D4E7DE5864}.Debug|ARM64.ActiveCfg = Debug|Any CPU
		{BBF430DC-B378-4F9A-95FB-06D4E7DE5864}.Debug|ARM64.Build.0 = Debug|Any CPU
		{BBF430DC-B378-4F9A-95FB-06D4E7DE5864}.Debug|Win32.ActiveCfg = Debug|Any CPU
		{BBF430DC-B378-4F9A-95FB-06D4E7DE5864}.Debug|Win32.Build.0 = Debug|Any CPU
		{BBF430DC-B378-4F9A-95FB-06D4E7DE5864}.Debug|x64.ActiveCfg = Debug|x64
		{BBF430DC-B378-4F9A-95FB-06D4E7DE5864}.Debug|x64.Build.0 = Debug|x64
		{BBF430DC-B378-4F9A-95FB-06D4E7DE5864}.Debug|x86.ActiveCfg = Debug|Any CPU
		{BBF430DC-B378-4F9A-95FB-06D4E7DE5864}.Debug|x86.Build.0 = Debug|Any CPU
		{BBF430DC-B378-4F9A-95FB-06D4E7DE5864}.Release|Any CPU.ActiveCfg = Release|Any CPU
		{BBF430DC-B378-4F9A-95FB-06D4E7DE5864}.Release|Any CPU.Build.0 = Release|Any CPU
		{BBF430DC-B378-4F9A-95FB-06D4E7DE5864}.Release|ARM.ActiveCfg = Release|Any CPU
		{BBF430DC-B378-4F9A-95FB-06D4E7DE5864}.Release|ARM.Build.0 = Release|Any CPU
		{BBF430DC-B378-4F9A-95FB-06D4E7DE5864}.Release|ARM64.ActiveCfg = Release|Any CPU
		{BBF430DC-B378-4F9A-95FB-06D4E7DE5864}.Release|ARM64.Build.0 = Release|Any CPU
		{BBF430DC-B378-4F9A-95FB-06D4E7DE5864}.Release|Win32.ActiveCfg = Release|Any CPU
		{BBF430DC-B378-4F9A-95FB-06D4E7DE5864}.Release|Win32.Build.0 = Release|Any CPU
		{BBF430DC-B378-4F9A-95FB-06D4E7DE5864}.Release|x64.ActiveCfg = Release|Any CPU
		{BBF430DC-B378-4F9A-95FB-06D4E7DE5864}.Release|x64.Build.0 = Release|Any CPU
		{BBF430DC-B378-4F9A-95FB-06D4E7DE5864}.Release|x86.ActiveCfg = Release|Any CPU
		{BBF430DC-B378-4F9A-95FB-06D4E7DE5864}.Release|x86.Build.0 = Release|Any CPU
		{8A51D2F9-AAB3-4943-8283-DE42B44FF0BA}.Debug|Any CPU.ActiveCfg = Debug|x64
		{8A51D2F9-AAB3-4943-8283-DE42B44FF0BA}.Debug|ARM.ActiveCfg = Debug|x64
		{8A51D2F9-AAB3-4943-8283-DE42B44FF0BA}.Debug|ARM64.ActiveCfg = Debug|x64
		{8A51D2F9-AAB3-4943-8283-DE42B44FF0BA}.Debug|Win32.ActiveCfg = Debug|x64
		{8A51D2F9-AAB3-4943-8283-DE42B44FF0BA}.Debug|x64.ActiveCfg = Debug|x64
		{8A51D2F9-AAB3-4943-8283-DE42B44FF0BA}.Debug|x64.Build.0 = Debug|x64
		{8A51D2F9-AAB3-4943-8283-DE42B44FF0BA}.Debug|x86.ActiveCfg = Debug|x64
		{8A51D2F9-AAB3-4943-8283-DE42B44FF0BA}.Release|Any CPU.ActiveCfg = Release|x64
		{8A51D2F9-AAB3-4943-8283-DE42B44FF0BA}.Release|ARM.ActiveCfg = Release|x64
		{8A51D2F9-AAB3-4943-8283-DE42B44FF0BA}.Release|ARM64.ActiveCfg = Release|x64
		{8A51D2F9-AAB3-4943-8283-DE42B44FF0BA}.Release|Win32.ActiveCfg = Release|x64
		{8A51D2F9-AAB3-4943-8283-DE42B44FF0BA}.Release|x64.ActiveCfg = Release|x64
		{8A51D2F9-AAB3-4943-8283-DE42B44FF0BA}.Release|x64.Build.0 = Release|x64
		{8A51D2F9-AAB3-4943-8283-DE42B44FF0BA}.Release|x86.ActiveCfg = Release|x64
		{3CE9A298-771A-486F-A201-E2806E6E36C7}.Debug|Any CPU.ActiveCfg = Debug|Win32
		{3CE9A298-771A-486F-A201-E2806E6E36C7}.Debug|ARM.ActiveCfg = Debug|Win32
		{3CE9A298-771A-486F-A201-E2806E6E36C7}.Debug|ARM64.ActiveCfg = Debug|Win32
		{3CE9A298-771A-486F-A201-E2806E6E36C7}.Debug|Win32.ActiveCfg = Debug|Win32
		{3CE9A298-771A-486F-A201-E2806E6E36C7}.Debug|Win32.Build.0 = Debug|Win32
		{3CE9A298-771A-486F-A201-E2806E6E36C7}.Debug|x64.ActiveCfg = Debug|x64
		{3CE9A298-771A-486F-A201-E2806E6E36C7}.Debug|x64.Build.0 = Debug|x64
		{3CE9A298-771A-486F-A201-E2806E6E36C7}.Debug|x86.ActiveCfg = Debug|Win32
		{3CE9A298-771A-486F-A201-E2806E6E36C7}.Debug|x86.Build.0 = Debug|Win32
		{3CE9A298-771A-486F-A201-E2806E6E36C7}.Release|Any CPU.ActiveCfg = Release|Win32
		{3CE9A298-771A-486F-A201-E2806E6E36C7}.Release|ARM.ActiveCfg = Release|Win32
		{3CE9A298-771A-486F-A201-E2806E6E36C7}.Release|ARM64.ActiveCfg = Release|Win32
		{3CE9A298-771A-486F-A201-E2806E6E36C7}.Release|Win32.ActiveCfg = Release|Win32
		{3CE9A298-771A-486F-A201-E2806E6E36C7}.Release|Win32.Build.0 = Release|Win32
		{3CE9A298-771A-486F-A201-E2806E6E36C7}.Release|x64.ActiveCfg = Release|x64
		{3CE9A298-771A-486F-A201-E2806E6E36C7}.Release|x64.Build.0 = Release|x64
		{3CE9A298-771A-486F-A201-E2806E6E36C7}.Release|x86.ActiveCfg = Release|Win32
		{3CE9A298-771A-486F-A201-E2806E6E36C7}.Release|x86.Build.0 = Release|Win32
		{4009FD30-4ABE-4F93-81E6-A5744E92F097}.Debug|Any CPU.ActiveCfg = Debug|Any CPU
		{4009FD30-4ABE-4F93-81E6-A5744E92F097}.Debug|Any CPU.Build.0 = Debug|Any CPU
		{4009FD30-4ABE-4F93-81E6-A5744E92F097}.Debug|ARM.ActiveCfg = Debug|Any CPU
		{4009FD30-4ABE-4F93-81E6-A5744E92F097}.Debug|ARM.Build.0 = Debug|Any CPU
		{4009FD30-4ABE-4F93-81E6-A5744E92F097}.Debug|ARM64.ActiveCfg = Debug|Any CPU
		{4009FD30-4ABE-4F93-81E6-A5744E92F097}.Debug|ARM64.Build.0 = Debug|Any CPU
		{4009FD30-4ABE-4F93-81E6-A5744E92F097}.Debug|Win32.ActiveCfg = Debug|Any CPU
		{4009FD30-4ABE-4F93-81E6-A5744E92F097}.Debug|Win32.Build.0 = Debug|Any CPU
		{4009FD30-4ABE-4F93-81E6-A5744E92F097}.Debug|x64.ActiveCfg = Debug|x64
		{4009FD30-4ABE-4F93-81E6-A5744E92F097}.Debug|x86.ActiveCfg = Debug|Any CPU
		{4009FD30-4ABE-4F93-81E6-A5744E92F097}.Debug|x86.Build.0 = Debug|Any CPU
		{4009FD30-4ABE-4F93-81E6-A5744E92F097}.Release|Any CPU.ActiveCfg = Release|Any CPU
		{4009FD30-4ABE-4F93-81E6-A5744E92F097}.Release|Any CPU.Build.0 = Release|Any CPU
		{4009FD30-4ABE-4F93-81E6-A5744E92F097}.Release|ARM.ActiveCfg = Release|Any CPU
		{4009FD30-4ABE-4F93-81E6-A5744E92F097}.Release|ARM.Build.0 = Release|Any CPU
		{4009FD30-4ABE-4F93-81E6-A5744E92F097}.Release|ARM64.ActiveCfg = Release|Any CPU
		{4009FD30-4ABE-4F93-81E6-A5744E92F097}.Release|ARM64.Build.0 = Release|Any CPU
		{4009FD30-4ABE-4F93-81E6-A5744E92F097}.Release|Win32.ActiveCfg = Release|Any CPU
		{4009FD30-4ABE-4F93-81E6-A5744E92F097}.Release|Win32.Build.0 = Release|Any CPU
		{4009FD30-4ABE-4F93-81E6-A5744E92F097}.Release|x64.ActiveCfg = Release|Any CPU
		{4009FD30-4ABE-4F93-81E6-A5744E92F097}.Release|x64.Build.0 = Release|Any CPU
		{4009FD30-4ABE-4F93-81E6-A5744E92F097}.Release|x86.ActiveCfg = Release|Any CPU
		{4009FD30-4ABE-4F93-81E6-A5744E92F097}.Release|x86.Build.0 = Release|Any CPU
		{A2C0B5FB-58D4-4031-9700-D09E2D675F7C}.Debug|Any CPU.ActiveCfg = Debug|Any CPU
		{A2C0B5FB-58D4-4031-9700-D09E2D675F7C}.Debug|Any CPU.Build.0 = Debug|Any CPU
		{A2C0B5FB-58D4-4031-9700-D09E2D675F7C}.Debug|ARM.ActiveCfg = Debug|Any CPU
		{A2C0B5FB-58D4-4031-9700-D09E2D675F7C}.Debug|ARM.Build.0 = Debug|Any CPU
		{A2C0B5FB-58D4-4031-9700-D09E2D675F7C}.Debug|ARM64.ActiveCfg = Debug|Any CPU
		{A2C0B5FB-58D4-4031-9700-D09E2D675F7C}.Debug|ARM64.Build.0 = Debug|Any CPU
		{A2C0B5FB-58D4-4031-9700-D09E2D675F7C}.Debug|Win32.ActiveCfg = Debug|Any CPU
		{A2C0B5FB-58D4-4031-9700-D09E2D675F7C}.Debug|Win32.Build.0 = Debug|Any CPU
		{A2C0B5FB-58D4-4031-9700-D09E2D675F7C}.Debug|x64.ActiveCfg = Debug|x64
		{A2C0B5FB-58D4-4031-9700-D09E2D675F7C}.Debug|x86.ActiveCfg = Debug|Any CPU
		{A2C0B5FB-58D4-4031-9700-D09E2D675F7C}.Debug|x86.Build.0 = Debug|Any CPU
		{A2C0B5FB-58D4-4031-9700-D09E2D675F7C}.Release|Any CPU.ActiveCfg = Release|Any CPU
		{A2C0B5FB-58D4-4031-9700-D09E2D675F7C}.Release|Any CPU.Build.0 = Release|Any CPU
		{A2C0B5FB-58D4-4031-9700-D09E2D675F7C}.Release|ARM.ActiveCfg = Release|Any CPU
		{A2C0B5FB-58D4-4031-9700-D09E2D675F7C}.Release|ARM.Build.0 = Release|Any CPU
		{A2C0B5FB-58D4-4031-9700-D09E2D675F7C}.Release|ARM64.ActiveCfg = Release|Any CPU
		{A2C0B5FB-58D4-4031-9700-D09E2D675F7C}.Release|ARM64.Build.0 = Release|Any CPU
		{A2C0B5FB-58D4-4031-9700-D09E2D675F7C}.Release|Win32.ActiveCfg = Release|Any CPU
		{A2C0B5FB-58D4-4031-9700-D09E2D675F7C}.Release|Win32.Build.0 = Release|Any CPU
		{A2C0B5FB-58D4-4031-9700-D09E2D675F7C}.Release|x64.ActiveCfg = Release|x64
		{A2C0B5FB-58D4-4031-9700-D09E2D675F7C}.Release|x64.Build.0 = Release|x64
		{A2C0B5FB-58D4-4031-9700-D09E2D675F7C}.Release|x86.ActiveCfg = Release|Any CPU
		{A2C0B5FB-58D4-4031-9700-D09E2D675F7C}.Release|x86.Build.0 = Release|Any CPU
		{64F8D6F3-D552-4019-B4CC-A9F877EC0103}.Debug|Any CPU.ActiveCfg = Debug|Any CPU
		{64F8D6F3-D552-4019-B4CC-A9F877EC0103}.Debug|Any CPU.Build.0 = Debug|Any CPU
		{64F8D6F3-D552-4019-B4CC-A9F877EC0103}.Debug|ARM.ActiveCfg = Debug|Any CPU
		{64F8D6F3-D552-4019-B4CC-A9F877EC0103}.Debug|ARM.Build.0 = Debug|Any CPU
		{64F8D6F3-D552-4019-B4CC-A9F877EC0103}.Debug|ARM64.ActiveCfg = Debug|Any CPU
		{64F8D6F3-D552-4019-B4CC-A9F877EC0103}.Debug|ARM64.Build.0 = Debug|Any CPU
		{64F8D6F3-D552-4019-B4CC-A9F877EC0103}.Debug|Win32.ActiveCfg = Debug|Any CPU
		{64F8D6F3-D552-4019-B4CC-A9F877EC0103}.Debug|Win32.Build.0 = Debug|Any CPU
		{64F8D6F3-D552-4019-B4CC-A9F877EC0103}.Debug|x64.ActiveCfg = Debug|x64
		{64F8D6F3-D552-4019-B4CC-A9F877EC0103}.Debug|x64.Build.0 = Debug|x64
		{64F8D6F3-D552-4019-B4CC-A9F877EC0103}.Debug|x86.ActiveCfg = Debug|Any CPU
		{64F8D6F3-D552-4019-B4CC-A9F877EC0103}.Debug|x86.Build.0 = Debug|Any CPU
		{64F8D6F3-D552-4019-B4CC-A9F877EC0103}.Release|Any CPU.ActiveCfg = Release|Any CPU
		{64F8D6F3-D552-4019-B4CC-A9F877EC0103}.Release|Any CPU.Build.0 = Release|Any CPU
		{64F8D6F3-D552-4019-B4CC-A9F877EC0103}.Release|ARM.ActiveCfg = Release|Any CPU
		{64F8D6F3-D552-4019-B4CC-A9F877EC0103}.Release|ARM.Build.0 = Release|Any CPU
		{64F8D6F3-D552-4019-B4CC-A9F877EC0103}.Release|ARM64.ActiveCfg = Release|Any CPU
		{64F8D6F3-D552-4019-B4CC-A9F877EC0103}.Release|ARM64.Build.0 = Release|Any CPU
		{64F8D6F3-D552-4019-B4CC-A9F877EC0103}.Release|Win32.ActiveCfg = Release|Any CPU
		{64F8D6F3-D552-4019-B4CC-A9F877EC0103}.Release|Win32.Build.0 = Release|Any CPU
		{64F8D6F3-D552-4019-B4CC-A9F877EC0103}.Release|x64.ActiveCfg = Release|Any CPU
		{64F8D6F3-D552-4019-B4CC-A9F877EC0103}.Release|x64.Build.0 = Release|Any CPU
		{64F8D6F3-D552-4019-B4CC-A9F877EC0103}.Release|x86.ActiveCfg = Release|Any CPU
		{64F8D6F3-D552-4019-B4CC-A9F877EC0103}.Release|x86.Build.0 = Release|Any CPU
		{3CE8F043-3732-491D-87E9-02F31508E6DB}.Debug|Any CPU.ActiveCfg = Debug|x64
		{3CE8F043-3732-491D-87E9-02F31508E6DB}.Debug|ARM.ActiveCfg = Debug|x64
		{3CE8F043-3732-491D-87E9-02F31508E6DB}.Debug|ARM64.ActiveCfg = Debug|x64
		{3CE8F043-3732-491D-87E9-02F31508E6DB}.Debug|Win32.ActiveCfg = Debug|x64
		{3CE8F043-3732-491D-87E9-02F31508E6DB}.Debug|x64.ActiveCfg = Debug|x64
		{3CE8F043-3732-491D-87E9-02F31508E6DB}.Debug|x64.Build.0 = Debug|x64
		{3CE8F043-3732-491D-87E9-02F31508E6DB}.Debug|x86.ActiveCfg = Debug|x64
		{3CE8F043-3732-491D-87E9-02F31508E6DB}.Release|Any CPU.ActiveCfg = Release|x64
		{3CE8F043-3732-491D-87E9-02F31508E6DB}.Release|ARM.ActiveCfg = Release|x64
		{3CE8F043-3732-491D-87E9-02F31508E6DB}.Release|ARM64.ActiveCfg = Release|x64
		{3CE8F043-3732-491D-87E9-02F31508E6DB}.Release|Win32.ActiveCfg = Release|x64
		{3CE8F043-3732-491D-87E9-02F31508E6DB}.Release|x64.ActiveCfg = Release|x64
		{3CE8F043-3732-491D-87E9-02F31508E6DB}.Release|x86.ActiveCfg = Release|x64
		{72B5F4BE-7C70-4F16-94D1-7AB20ADDAA42}.Debug|Any CPU.ActiveCfg = Debug
		{72B5F4BE-7C70-4F16-94D1-7AB20ADDAA42}.Debug|ARM.ActiveCfg = Debug
		{72B5F4BE-7C70-4F16-94D1-7AB20ADDAA42}.Debug|ARM64.ActiveCfg = Debug
		{72B5F4BE-7C70-4F16-94D1-7AB20ADDAA42}.Debug|Win32.ActiveCfg = Debug
		{72B5F4BE-7C70-4F16-94D1-7AB20ADDAA42}.Debug|x64.ActiveCfg = Debug
		{72B5F4BE-7C70-4F16-94D1-7AB20ADDAA42}.Debug|x86.ActiveCfg = Debug
		{72B5F4BE-7C70-4F16-94D1-7AB20ADDAA42}.Release|Any CPU.ActiveCfg = Release
		{72B5F4BE-7C70-4F16-94D1-7AB20ADDAA42}.Release|ARM.ActiveCfg = Release
		{72B5F4BE-7C70-4F16-94D1-7AB20ADDAA42}.Release|ARM64.ActiveCfg = Release
		{72B5F4BE-7C70-4F16-94D1-7AB20ADDAA42}.Release|Win32.ActiveCfg = Release
		{72B5F4BE-7C70-4F16-94D1-7AB20ADDAA42}.Release|x64.ActiveCfg = Release
		{72B5F4BE-7C70-4F16-94D1-7AB20ADDAA42}.Release|x86.ActiveCfg = Release
		{E00419B4-B027-4D60-84B0-1E2A49FB6F3F}.Debug|Any CPU.ActiveCfg = Debug|x64
		{E00419B4-B027-4D60-84B0-1E2A49FB6F3F}.Debug|Any CPU.Build.0 = Debug|x64
		{E00419B4-B027-4D60-84B0-1E2A49FB6F3F}.Debug|ARM.ActiveCfg = Debug|x64
		{E00419B4-B027-4D60-84B0-1E2A49FB6F3F}.Debug|ARM.Build.0 = Debug|x64
		{E00419B4-B027-4D60-84B0-1E2A49FB6F3F}.Debug|ARM64.ActiveCfg = Debug|x64
		{E00419B4-B027-4D60-84B0-1E2A49FB6F3F}.Debug|ARM64.Build.0 = Debug|x64
		{E00419B4-B027-4D60-84B0-1E2A49FB6F3F}.Debug|Win32.ActiveCfg = Debug|Win32
		{E00419B4-B027-4D60-84B0-1E2A49FB6F3F}.Debug|Win32.Build.0 = Debug|Win32
		{E00419B4-B027-4D60-84B0-1E2A49FB6F3F}.Debug|x64.ActiveCfg = Debug|x64
		{E00419B4-B027-4D60-84B0-1E2A49FB6F3F}.Debug|x64.Build.0 = Debug|x64
		{E00419B4-B027-4D60-84B0-1E2A49FB6F3F}.Debug|x86.ActiveCfg = Debug|Win32
		{E00419B4-B027-4D60-84B0-1E2A49FB6F3F}.Debug|x86.Build.0 = Debug|Win32
		{E00419B4-B027-4D60-84B0-1E2A49FB6F3F}.Release|Any CPU.ActiveCfg = Release|x64
		{E00419B4-B027-4D60-84B0-1E2A49FB6F3F}.Release|Any CPU.Build.0 = Release|x64
		{E00419B4-B027-4D60-84B0-1E2A49FB6F3F}.Release|ARM.ActiveCfg = Release|x64
		{E00419B4-B027-4D60-84B0-1E2A49FB6F3F}.Release|ARM.Build.0 = Release|x64
		{E00419B4-B027-4D60-84B0-1E2A49FB6F3F}.Release|ARM64.ActiveCfg = Release|x64
		{E00419B4-B027-4D60-84B0-1E2A49FB6F3F}.Release|ARM64.Build.0 = Release|x64
		{E00419B4-B027-4D60-84B0-1E2A49FB6F3F}.Release|Win32.ActiveCfg = Release|Win32
		{E00419B4-B027-4D60-84B0-1E2A49FB6F3F}.Release|Win32.Build.0 = Release|Win32
		{E00419B4-B027-4D60-84B0-1E2A49FB6F3F}.Release|x64.ActiveCfg = Release|x64
		{E00419B4-B027-4D60-84B0-1E2A49FB6F3F}.Release|x64.Build.0 = Release|x64
		{E00419B4-B027-4D60-84B0-1E2A49FB6F3F}.Release|x86.ActiveCfg = Release|Win32
		{E00419B4-B027-4D60-84B0-1E2A49FB6F3F}.Release|x86.Build.0 = Release|Win32
		{AA8D55B8-523E-4419-A503-2DAE5BFE7357}.Debug|Any CPU.ActiveCfg = Debug|x64
		{AA8D55B8-523E-4419-A503-2DAE5BFE7357}.Debug|Any CPU.Build.0 = Debug|x64
		{AA8D55B8-523E-4419-A503-2DAE5BFE7357}.Debug|ARM.ActiveCfg = Debug|x64
		{AA8D55B8-523E-4419-A503-2DAE5BFE7357}.Debug|ARM.Build.0 = Debug|x64
		{AA8D55B8-523E-4419-A503-2DAE5BFE7357}.Debug|ARM64.ActiveCfg = Debug|x64
		{AA8D55B8-523E-4419-A503-2DAE5BFE7357}.Debug|ARM64.Build.0 = Debug|x64
		{AA8D55B8-523E-4419-A503-2DAE5BFE7357}.Debug|Win32.ActiveCfg = Debug|Win32
		{AA8D55B8-523E-4419-A503-2DAE5BFE7357}.Debug|Win32.Build.0 = Debug|Win32
		{AA8D55B8-523E-4419-A503-2DAE5BFE7357}.Debug|x64.ActiveCfg = Debug|x64
		{AA8D55B8-523E-4419-A503-2DAE5BFE7357}.Debug|x64.Build.0 = Debug|x64
		{AA8D55B8-523E-4419-A503-2DAE5BFE7357}.Debug|x86.ActiveCfg = Debug|Win32
		{AA8D55B8-523E-4419-A503-2DAE5BFE7357}.Debug|x86.Build.0 = Debug|Win32
		{AA8D55B8-523E-4419-A503-2DAE5BFE7357}.Release|Any CPU.ActiveCfg = Release|x64
		{AA8D55B8-523E-4419-A503-2DAE5BFE7357}.Release|Any CPU.Build.0 = Release|x64
		{AA8D55B8-523E-4419-A503-2DAE5BFE7357}.Release|ARM.ActiveCfg = Release|x64
		{AA8D55B8-523E-4419-A503-2DAE5BFE7357}.Release|ARM.Build.0 = Release|x64
		{AA8D55B8-523E-4419-A503-2DAE5BFE7357}.Release|ARM64.ActiveCfg = Release|x64
		{AA8D55B8-523E-4419-A503-2DAE5BFE7357}.Release|ARM64.Build.0 = Release|x64
		{AA8D55B8-523E-4419-A503-2DAE5BFE7357}.Release|Win32.ActiveCfg = Release|Win32
		{AA8D55B8-523E-4419-A503-2DAE5BFE7357}.Release|Win32.Build.0 = Release|Win32
		{AA8D55B8-523E-4419-A503-2DAE5BFE7357}.Release|x64.ActiveCfg = Release|x64
		{AA8D55B8-523E-4419-A503-2DAE5BFE7357}.Release|x64.Build.0 = Release|x64
		{AA8D55B8-523E-4419-A503-2DAE5BFE7357}.Release|x86.ActiveCfg = Release|Win32
		{AA8D55B8-523E-4419-A503-2DAE5BFE7357}.Release|x86.Build.0 = Release|Win32
		{6C6AC197-E194-481D-97E0-77FFB8D00479}.Debug|Any CPU.ActiveCfg = Debug|Any CPU
		{6C6AC197-E194-481D-97E0-77FFB8D00479}.Debug|Any CPU.Build.0 = Debug|Any CPU
		{6C6AC197-E194-481D-97E0-77FFB8D00479}.Debug|ARM.ActiveCfg = Debug|Any CPU
		{6C6AC197-E194-481D-97E0-77FFB8D00479}.Debug|ARM.Build.0 = Debug|Any CPU
		{6C6AC197-E194-481D-97E0-77FFB8D00479}.Debug|ARM64.ActiveCfg = Debug|Any CPU
		{6C6AC197-E194-481D-97E0-77FFB8D00479}.Debug|ARM64.Build.0 = Debug|Any CPU
		{6C6AC197-E194-481D-97E0-77FFB8D00479}.Debug|Win32.ActiveCfg = Debug|Any CPU
		{6C6AC197-E194-481D-97E0-77FFB8D00479}.Debug|Win32.Build.0 = Debug|Any CPU
		{6C6AC197-E194-481D-97E0-77FFB8D00479}.Debug|x64.ActiveCfg = Debug|Any CPU
		{6C6AC197-E194-481D-97E0-77FFB8D00479}.Debug|x64.Build.0 = Debug|Any CPU
		{6C6AC197-E194-481D-97E0-77FFB8D00479}.Debug|x86.ActiveCfg = Debug|Any CPU
		{6C6AC197-E194-481D-97E0-77FFB8D00479}.Debug|x86.Build.0 = Debug|Any CPU
		{6C6AC197-E194-481D-97E0-77FFB8D00479}.Release|Any CPU.ActiveCfg = Release|Any CPU
		{6C6AC197-E194-481D-97E0-77FFB8D00479}.Release|Any CPU.Build.0 = Release|Any CPU
		{6C6AC197-E194-481D-97E0-77FFB8D00479}.Release|ARM.ActiveCfg = Release|Any CPU
		{6C6AC197-E194-481D-97E0-77FFB8D00479}.Release|ARM.Build.0 = Release|Any CPU
		{6C6AC197-E194-481D-97E0-77FFB8D00479}.Release|ARM64.ActiveCfg = Release|Any CPU
		{6C6AC197-E194-481D-97E0-77FFB8D00479}.Release|ARM64.Build.0 = Release|Any CPU
		{6C6AC197-E194-481D-97E0-77FFB8D00479}.Release|Win32.ActiveCfg = Release|Any CPU
		{6C6AC197-E194-481D-97E0-77FFB8D00479}.Release|Win32.Build.0 = Release|Any CPU
		{6C6AC197-E194-481D-97E0-77FFB8D00479}.Release|x64.ActiveCfg = Release|Any CPU
		{6C6AC197-E194-481D-97E0-77FFB8D00479}.Release|x64.Build.0 = Release|Any CPU
		{6C6AC197-E194-481D-97E0-77FFB8D00479}.Release|x86.ActiveCfg = Release|Any CPU
		{6C6AC197-E194-481D-97E0-77FFB8D00479}.Release|x86.Build.0 = Release|Any CPU
	EndGlobalSection
	GlobalSection(SolutionProperties) = preSolution
		HideSolutionNode = FALSE
	EndGlobalSection
	GlobalSection(NestedProjects) = preSolution
		{225B45CC-6FDA-4E3F-A24F-8DF96A5F88A9} = {44BD5DF0-6B8D-4FA3-9121-6128814A615F}
		{EF27CFCF-67AA-4702-803C-DE8CAB11A8E3} = {25AAF06D-CFD2-43E6-97BE-9E709AE7BD23}
		{6F475A23-634A-4D17-8BC6-2747815F6C67} = {9A63B212-42AC-42D5-B718-05A1B31F1A2F}
		{E0471DC7-9B5E-4ACF-B4C6-181D1203CC4A} = {9A63B212-42AC-42D5-B718-05A1B31F1A2F}
		{F92DBF5A-49FC-49C4-B0CC-63764B8E6FC9} = {25AAF06D-CFD2-43E6-97BE-9E709AE7BD23}
		{67C64BC2-F9E3-40EB-8198-12394E578A15} = {9A63B212-42AC-42D5-B718-05A1B31F1A2F}
		{01659D91-B1B5-46EE-AC25-6506AA47747E} = {A1748F28-0C2D-45BC-8E8B-85D5411A8B56}
		{BBF430DC-B378-4F9A-95FB-06D4E7DE5864} = {A1748F28-0C2D-45BC-8E8B-85D5411A8B56}
		{8A51D2F9-AAB3-4943-8283-DE42B44FF0BA} = {550DC87E-C118-4FB5-9894-F7C81CF4C949}
		{3CE9A298-771A-486F-A201-E2806E6E36C7} = {550DC87E-C118-4FB5-9894-F7C81CF4C949}
		{4009FD30-4ABE-4F93-81E6-A5744E92F097} = {E5EDA829-4FCE-4943-8E6E-A03880B38EF6}
		{A2C0B5FB-58D4-4031-9700-D09E2D675F7C} = {E5EDA829-4FCE-4943-8E6E-A03880B38EF6}
		{64F8D6F3-D552-4019-B4CC-A9F877EC0103} = {44BD5DF0-6B8D-4FA3-9121-6128814A615F}
		{3CE8F043-3732-491D-87E9-02F31508E6DB} = {550DC87E-C118-4FB5-9894-F7C81CF4C949}
		{72B5F4BE-7C70-4F16-94D1-7AB20ADDAA42} = {6B2678EB-D152-46D8-81D1-26139573E1D4}
		{E00419B4-B027-4D60-84B0-1E2A49FB6F3F} = {550DC87E-C118-4FB5-9894-F7C81CF4C949}
		{6C6AC197-E194-481D-97E0-77FFB8D00479} = {01839B2E-E4B4-4EBC-BF4D-D462CA8061CC}
	EndGlobalSection
	GlobalSection(ExtensibilityGlobals) = postSolution
		SolutionGuid = {8BB6230C-DBE6-49A4-ADE9-D56E664344D0}
	EndGlobalSection
EndGlobal
