
Microsoft Visual Studio Solution File, Format Version 12.00
# Visual Studio Version 17
VisualStudioVersion = 17.3.32901.215
MinimumVisualStudioVersion = 10.0.40219.1
Project("{9A19103F-16F7-4668-BE54-9A1E7A4F7556}") = "MSS.Common", "src\MSS.Common\MSS.Common.csproj", "{B179F620-6EF7-4669-B449-9C89DC93157D}"
EndProject
Project("{9A19103F-16F7-4668-BE54-9A1E7A4F7556}") = "PngImageLib", "src\PngImageLib\PngImageLib.csproj", "{03EEA40F-4E91-421E-8581-AA3FD1C065BB}"
EndProject
Project("{9A19103F-16F7-4668-BE54-9A1E7A4F7556}") = "MEngineDataContracts", "src\MEngineDataContracts\MEngineDataContracts.csproj", "{C161E523-0729-4159-A342-E18448F88E1E}"
EndProject
Project("{9A19103F-16F7-4668-BE54-9A1E7A4F7556}") = "MSetGeneratorPrototype", "src\MSetGeneratorPrototype\MSetGeneratorPrototype.csproj", "{92AFC663-5829-4E9B-9160-B6E9AF9F1C91}"
EndProject
Project("{9A19103F-16F7-4668-BE54-9A1E7A4F7556}") = "ProjectRepo", "src\ProjectRepo\ProjectRepo.csproj", "{02A38D58-4DD0-4703-900D-A0537BB3F3AC}"
EndProject
Project("{9A19103F-16F7-4668-BE54-9A1E7A4F7556}") = "MSetRepo", "src\MSetRepo\MSetRepo.csproj", "{D43FAA82-BDC8-4C7F-B920-B9E36B5D6516}"
EndProject
Project("{9A19103F-16F7-4668-BE54-9A1E7A4F7556}") = "MapSectionProviderLib", "src\MapSectionProviderLib\MapSectionProviderLib.csproj", "{45856F00-6B24-40E3-BDBB-2E0743445E55}"
EndProject
Project("{9A19103F-16F7-4668-BE54-9A1E7A4F7556}") = "MEngineClient", "src\MEngineClient\MEngineClient.csproj", "{22B8DAB7-1233-4F9C-8D34-0363871C85FB}"
EndProject
Project("{9A19103F-16F7-4668-BE54-9A1E7A4F7556}") = "ImageBuilder", "src\ImageBuilder\ImageBuilder.csproj", "{00E625B3-B29C-4273-9042-FDD525BCEFE1}"
EndProject
Project("{9A19103F-16F7-4668-BE54-9A1E7A4F7556}") = "VecMathTest", "src\VecMathTest\VecMathTest.csproj", "{44603A3D-8939-4F0B-96EF-CBDF7653932C}"
EndProject
Project("{9A19103F-16F7-4668-BE54-9A1E7A4F7556}") = "MSetGeneratorPrototypeTest", "src\MSetGeneratorPrototypeTest\MSetGeneratorPrototypeTest.csproj", "{4DB1B6F2-7109-476E-B1CD-3220A06E0B6A}"
EndProject
Project("{9A19103F-16F7-4668-BE54-9A1E7A4F7556}") = "MClientTest", "src\MClientTest\MClientTest.csproj", "{C8B60C2B-F46A-4777-9373-715A0F7A36F0}"
EndProject
Project("{9A19103F-16F7-4668-BE54-9A1E7A4F7556}") = "MEngineService", "src\MEngineService\MEngineService.csproj", "{197959A9-5ED3-444B-B854-82A2A64AF6D9}"
EndProject
Project("{9A19103F-16F7-4668-BE54-9A1E7A4F7556}") = "MSS.Types", "src\MSS.Types\MSS.Types.csproj", "{6F713520-959C-4052-B780-EE684F84FBE9}"
EndProject
Project("{9A19103F-16F7-4668-BE54-9A1E7A4F7556}") = "MSetExplorer", "src\MSetExplorer\MSetExplorer.csproj", "{390B329B-B62B-4CE9-AEDD-B5292CA80726}"
EndProject
Project("{2150E333-8FDC-42A3-9474-1A3956D46DE8}") = "Notes", "Notes", "{D3C5A726-EA62-4032-99F8-F059422CEC86}"
	ProjectSection(SolutionItems) = preProject
		Notes\768_Debug_output.txt = Notes\768_Debug_output.txt
		Notes\AppNavNotes.txt = Notes\AppNavNotes.txt
		Notes\Avx2_Latenency_ThroughPut.txt = Notes\Avx2_Latenency_ThroughPut.txt
		Notes\BlockOffsetsForInitialSet.txt = Notes\BlockOffsetsForInitialSet.txt
		Notes\BuildMapSectionsFrom2x2or4x4set.txt = Notes\BuildMapSectionsFrom2x2or4x4set.txt
		Notes\Canvas_Coords_Finding_Center.png = Notes\Canvas_Coords_Finding_Center.png
		Notes\ColorMapFromHistogramData.txt = Notes\ColorMapFromHistogramData.txt
		Notes\EscapeVelocityLogic.txt = Notes\EscapeVelocityLogic.txt
		Notes\FixedPoint_8.120_Format.txt = Notes\FixedPoint_8.120_Format.txt
		Notes\ForceExponent_WorkingNotes.docx = Notes\ForceExponent_WorkingNotes.docx
		Notes\Formula.txt = Notes\Formula.txt
		Notes\FP31VecMath Logic.docx = Notes\FP31VecMath Logic.docx
		Notes\FractionMath_Misc.txt = Notes\FractionMath_Misc.txt
		Notes\HDPhoto_v10.doc = Notes\HDPhoto_v10.doc
		Notes\Image_Ram_Resource_Requirements.txt = Notes\Image_Ram_Resource_Requirements.txt
		Notes\Invert_The_Y_Axis_Logic.txt = Notes\Invert_The_Y_Axis_Logic.txt
		Notes\Jbarrallo.PDF = Notes\Jbarrallo.PDF
		Notes\JobNavigationWithShiftKey.txt = Notes\JobNavigationWithShiftKey.txt
		Notes\JobWithDiagonalLines.txt = Notes\JobWithDiagonalLines.txt
		Notes\LatticeMultiplication.docx = Notes\LatticeMultiplication.docx
		Notes\LatticeMultiplication2.docx = Notes\LatticeMultiplication2.docx
		Notes\LatticeMultiplication3.docx = Notes\LatticeMultiplication3.docx
		Notes\LatticeMultiplicationIndexGuide.txt = Notes\LatticeMultiplicationIndexGuide.txt
		Notes\MapDisplayPzControl layout details.docx = Notes\MapDisplayPzControl layout details.docx
		Notes\MapSectionVectors_LifeCycle.txt = Notes\MapSectionVectors_LifeCycle.txt
		Notes\MapViewerMapInfoDivisionStrategy.txt = Notes\MapViewerMapInfoDivisionStrategy.txt
		Notes\MongoDbQuerySyntaxForAndClause.txt = Notes\MongoDbQuerySyntaxForAndClause.txt
		Notes\MongoDb_Schemas.txt = Notes\MongoDb_Schemas.txt
		Notes\MultiplicationAlgorythms.txt = Notes\MultiplicationAlgorythms.txt
		Notes\NaturalLog_Of_Arbitray_Precision_Integer.txt = Notes\NaturalLog_Of_Arbitray_Precision_Integer.txt
		Notes\Nav_Diag_Feb_15_2022.txt = Notes\Nav_Diag_Feb_15_2022.txt
		Notes\Normalize_Sample_Math.txt = Notes\Normalize_Sample_Math.txt
		Notes\PanAndZoomImplementationDetails.txt = Notes\PanAndZoomImplementationDetails.txt
		Notes\ParseStringToRValue.txt = Notes\ParseStringToRValue.txt
		Notes\PosterSizeEditor-Diagnostics.txt = Notes\PosterSizeEditor-Diagnostics.txt
		Notes\PosterSizeScaling_work.txt = Notes\PosterSizeScaling_work.txt
		Notes\Printing Resolution and Sizes.txt = Notes\Printing Resolution and Sizes.txt
		Notes\PunchList.txt = Notes\PunchList.txt
		Notes\RValue Division With Limited Percision.txt = Notes\RValue Division With Limited Percision.txt
		Notes\RValueToStringLogic.txt = Notes\RValueToStringLogic.txt
		Notes\SampleCoordValues.txt = Notes\SampleCoordValues.txt
		Notes\SamplePointDeltaValues-Standardization.txt = Notes\SamplePointDeltaValues-Standardization.txt
		Notes\ScreenSection Indexing Logic.txt = Notes\ScreenSection Indexing Logic.txt
		Notes\SelectionRectangleKeyInput.txt = Notes\SelectionRectangleKeyInput.txt
		Notes\SelectionRectangle_Scaling_Logic.txt = Notes\SelectionRectangle_Scaling_Logic.txt
		Notes\SIMD Info.txt = Notes\SIMD Info.txt
		Notes\SingleBlockTestCoords.txt = Notes\SingleBlockTestCoords.txt
		Notes\SpatialCoordsAndHashes.txt = Notes\SpatialCoordsAndHashes.txt
		Notes\SpatialDivisionsIn8x8sections.txt = Notes\SpatialDivisionsIn8x8sections.txt
		Notes\Startup_Timings.txt = Notes\Startup_Timings.txt
		Notes\SubdivTestCoords.txt = Notes\SubdivTestCoords.txt
		Notes\TestTree_ScreenShot.png = Notes\TestTree_ScreenShot.png
		Notes\Top-level regions.txt = Notes\Top-level regions.txt
		Notes\Two'sComplimentLogic.txt = Notes\Two'sComplimentLogic.txt
		Notes\Two'sComplimentLogic_MultipleLimbs.txt = Notes\Two'sComplimentLogic_MultipleLimbs.txt
		Notes\Two'sComplimentLogic_MultipleLimbs2.docx = Notes\Two'sComplimentLogic_MultipleLimbs2.docx
		Notes\ZoomAndBlockConsiderations.txt = Notes\ZoomAndBlockConsiderations.txt
		Notes\ZValue_Sizing.txt = Notes\ZValue_Sizing.txt
	EndProjectSection
EndProject
Project("{2150E333-8FDC-42A3-9474-1A3956D46DE8}") = "Tests", "Tests", "{95F11707-310C-4D65-BD86-176B1947C1A3}"
EndProject
Project("{2150E333-8FDC-42A3-9474-1A3956D46DE8}") = "Common", "Common", "{EC1C3ED3-C17F-4843-A515-00FE4074FF63}"
EndProject
Project("{2150E333-8FDC-42A3-9474-1A3956D46DE8}") = "Repositories", "Repositories", "{B376B1E9-3F05-424C-AB2B-2A3A84262838}"
EndProject
Project("{2150E333-8FDC-42A3-9474-1A3956D46DE8}") = "Engine", "Engine", "{CA286A7B-8A63-4672-86F3-B7A4C3D38F25}"
EndProject
Project("{2150E333-8FDC-42A3-9474-1A3956D46DE8}") = "EngineClient", "EngineClient", "{B430A70A-3465-45E3-9222-66DCD30F86F7}"
EndProject
Project("{2150E333-8FDC-42A3-9474-1A3956D46DE8}") = "ImageManagement", "ImageManagement", "{3E411EA9-E9C0-4554-93B4-FD1A32F9F595}"
EndProject
Project("{9A19103F-16F7-4668-BE54-9A1E7A4F7556}") = "ImageBuilderWPF", "src\ImageBuilderWPF\ImageBuilderWPF.csproj", "{0D0DBB6C-94EC-43CD-81C8-B5A3082169DF}"
EndProject
Project("{9A19103F-16F7-4668-BE54-9A1E7A4F7556}") = "ImageBuilderWPFTest", "src\ImageBuilderWPFTest\ImageBuilderWPFTest.csproj", "{5192B522-7DEE-45A4-8B1B-92A1FC91C75F}"
EndProject
Global
	GlobalSection(SolutionConfigurationPlatforms) = preSolution
		Debug|Any CPU = Debug|Any CPU
		Debug|x64 = Debug|x64
		Release|Any CPU = Release|Any CPU
		Release|x64 = Release|x64
	EndGlobalSection
	GlobalSection(ProjectConfigurationPlatforms) = postSolution
		{B179F620-6EF7-4669-B449-9C89DC93157D}.Debug|Any CPU.ActiveCfg = Debug|x64
		{B179F620-6EF7-4669-B449-9C89DC93157D}.Debug|Any CPU.Build.0 = Debug|x64
		{B179F620-6EF7-4669-B449-9C89DC93157D}.Debug|x64.ActiveCfg = Debug|x64
		{B179F620-6EF7-4669-B449-9C89DC93157D}.Debug|x64.Build.0 = Debug|x64
		{B179F620-6EF7-4669-B449-9C89DC93157D}.Release|Any CPU.ActiveCfg = Release|x64
		{B179F620-6EF7-4669-B449-9C89DC93157D}.Release|Any CPU.Build.0 = Release|x64
		{B179F620-6EF7-4669-B449-9C89DC93157D}.Release|x64.ActiveCfg = Release|x64
		{B179F620-6EF7-4669-B449-9C89DC93157D}.Release|x64.Build.0 = Release|x64
		{03EEA40F-4E91-421E-8581-AA3FD1C065BB}.Debug|Any CPU.ActiveCfg = Debug|Any CPU
		{03EEA40F-4E91-421E-8581-AA3FD1C065BB}.Debug|Any CPU.Build.0 = Debug|Any CPU
		{03EEA40F-4E91-421E-8581-AA3FD1C065BB}.Debug|x64.ActiveCfg = Debug|x64
		{03EEA40F-4E91-421E-8581-AA3FD1C065BB}.Debug|x64.Build.0 = Debug|x64
		{03EEA40F-4E91-421E-8581-AA3FD1C065BB}.Release|Any CPU.ActiveCfg = Release|Any CPU
		{03EEA40F-4E91-421E-8581-AA3FD1C065BB}.Release|Any CPU.Build.0 = Release|Any CPU
		{03EEA40F-4E91-421E-8581-AA3FD1C065BB}.Release|x64.ActiveCfg = Release|x64
		{03EEA40F-4E91-421E-8581-AA3FD1C065BB}.Release|x64.Build.0 = Release|x64
		{C161E523-0729-4159-A342-E18448F88E1E}.Debug|Any CPU.ActiveCfg = Debug|x64
		{C161E523-0729-4159-A342-E18448F88E1E}.Debug|Any CPU.Build.0 = Debug|x64
		{C161E523-0729-4159-A342-E18448F88E1E}.Debug|x64.ActiveCfg = Debug|x64
		{C161E523-0729-4159-A342-E18448F88E1E}.Debug|x64.Build.0 = Debug|x64
		{C161E523-0729-4159-A342-E18448F88E1E}.Release|Any CPU.ActiveCfg = Release|x64
		{C161E523-0729-4159-A342-E18448F88E1E}.Release|Any CPU.Build.0 = Release|x64
		{C161E523-0729-4159-A342-E18448F88E1E}.Release|x64.ActiveCfg = Release|x64
		{C161E523-0729-4159-A342-E18448F88E1E}.Release|x64.Build.0 = Release|x64
		{92AFC663-5829-4E9B-9160-B6E9AF9F1C91}.Debug|Any CPU.ActiveCfg = Debug|x64
		{92AFC663-5829-4E9B-9160-B6E9AF9F1C91}.Debug|Any CPU.Build.0 = Debug|x64
		{92AFC663-5829-4E9B-9160-B6E9AF9F1C91}.Debug|x64.ActiveCfg = Debug|x64
		{92AFC663-5829-4E9B-9160-B6E9AF9F1C91}.Debug|x64.Build.0 = Debug|x64
		{92AFC663-5829-4E9B-9160-B6E9AF9F1C91}.Release|Any CPU.ActiveCfg = Release|x64
		{92AFC663-5829-4E9B-9160-B6E9AF9F1C91}.Release|Any CPU.Build.0 = Release|x64
		{92AFC663-5829-4E9B-9160-B6E9AF9F1C91}.Release|x64.ActiveCfg = Release|x64
		{92AFC663-5829-4E9B-9160-B6E9AF9F1C91}.Release|x64.Build.0 = Release|x64
		{02A38D58-4DD0-4703-900D-A0537BB3F3AC}.Debug|Any CPU.ActiveCfg = Debug|x64
		{02A38D58-4DD0-4703-900D-A0537BB3F3AC}.Debug|Any CPU.Build.0 = Debug|x64
		{02A38D58-4DD0-4703-900D-A0537BB3F3AC}.Debug|x64.ActiveCfg = Debug|x64
		{02A38D58-4DD0-4703-900D-A0537BB3F3AC}.Debug|x64.Build.0 = Debug|x64
		{02A38D58-4DD0-4703-900D-A0537BB3F3AC}.Release|Any CPU.ActiveCfg = Release|x64
		{02A38D58-4DD0-4703-900D-A0537BB3F3AC}.Release|Any CPU.Build.0 = Release|x64
		{02A38D58-4DD0-4703-900D-A0537BB3F3AC}.Release|x64.ActiveCfg = Release|x64
		{02A38D58-4DD0-4703-900D-A0537BB3F3AC}.Release|x64.Build.0 = Release|x64
		{D43FAA82-BDC8-4C7F-B920-B9E36B5D6516}.Debug|Any CPU.ActiveCfg = Debug|x64
		{D43FAA82-BDC8-4C7F-B920-B9E36B5D6516}.Debug|Any CPU.Build.0 = Debug|x64
		{D43FAA82-BDC8-4C7F-B920-B9E36B5D6516}.Debug|x64.ActiveCfg = Debug|x64
		{D43FAA82-BDC8-4C7F-B920-B9E36B5D6516}.Debug|x64.Build.0 = Debug|x64
		{D43FAA82-BDC8-4C7F-B920-B9E36B5D6516}.Release|Any CPU.ActiveCfg = Release|x64
		{D43FAA82-BDC8-4C7F-B920-B9E36B5D6516}.Release|Any CPU.Build.0 = Release|x64
		{D43FAA82-BDC8-4C7F-B920-B9E36B5D6516}.Release|x64.ActiveCfg = Release|x64
		{D43FAA82-BDC8-4C7F-B920-B9E36B5D6516}.Release|x64.Build.0 = Release|x64
		{45856F00-6B24-40E3-BDBB-2E0743445E55}.Debug|Any CPU.ActiveCfg = Debug|x64
		{45856F00-6B24-40E3-BDBB-2E0743445E55}.Debug|Any CPU.Build.0 = Debug|x64
		{45856F00-6B24-40E3-BDBB-2E0743445E55}.Debug|x64.ActiveCfg = Debug|x64
		{45856F00-6B24-40E3-BDBB-2E0743445E55}.Debug|x64.Build.0 = Debug|x64
		{45856F00-6B24-40E3-BDBB-2E0743445E55}.Release|Any CPU.ActiveCfg = Release|x64
		{45856F00-6B24-40E3-BDBB-2E0743445E55}.Release|Any CPU.Build.0 = Release|x64
		{45856F00-6B24-40E3-BDBB-2E0743445E55}.Release|x64.ActiveCfg = Release|x64
		{45856F00-6B24-40E3-BDBB-2E0743445E55}.Release|x64.Build.0 = Release|x64
		{22B8DAB7-1233-4F9C-8D34-0363871C85FB}.Debug|Any CPU.ActiveCfg = Debug|x64
		{22B8DAB7-1233-4F9C-8D34-0363871C85FB}.Debug|Any CPU.Build.0 = Debug|x64
		{22B8DAB7-1233-4F9C-8D34-0363871C85FB}.Debug|x64.ActiveCfg = Debug|x64
		{22B8DAB7-1233-4F9C-8D34-0363871C85FB}.Debug|x64.Build.0 = Debug|x64
		{22B8DAB7-1233-4F9C-8D34-0363871C85FB}.Release|Any CPU.ActiveCfg = Release|x64
		{22B8DAB7-1233-4F9C-8D34-0363871C85FB}.Release|Any CPU.Build.0 = Release|x64
		{22B8DAB7-1233-4F9C-8D34-0363871C85FB}.Release|x64.ActiveCfg = Release|x64
		{22B8DAB7-1233-4F9C-8D34-0363871C85FB}.Release|x64.Build.0 = Release|x64
		{00E625B3-B29C-4273-9042-FDD525BCEFE1}.Debug|Any CPU.ActiveCfg = Debug|x64
		{00E625B3-B29C-4273-9042-FDD525BCEFE1}.Debug|Any CPU.Build.0 = Debug|x64
		{00E625B3-B29C-4273-9042-FDD525BCEFE1}.Debug|x64.ActiveCfg = Debug|x64
		{00E625B3-B29C-4273-9042-FDD525BCEFE1}.Debug|x64.Build.0 = Debug|x64
		{00E625B3-B29C-4273-9042-FDD525BCEFE1}.Release|Any CPU.ActiveCfg = Release|x64
		{00E625B3-B29C-4273-9042-FDD525BCEFE1}.Release|Any CPU.Build.0 = Release|x64
		{00E625B3-B29C-4273-9042-FDD525BCEFE1}.Release|x64.ActiveCfg = Release|x64
		{00E625B3-B29C-4273-9042-FDD525BCEFE1}.Release|x64.Build.0 = Release|x64
		{44603A3D-8939-4F0B-96EF-CBDF7653932C}.Debug|Any CPU.ActiveCfg = Debug|x64
		{44603A3D-8939-4F0B-96EF-CBDF7653932C}.Debug|Any CPU.Build.0 = Debug|x64
		{44603A3D-8939-4F0B-96EF-CBDF7653932C}.Debug|x64.ActiveCfg = Debug|x64
		{44603A3D-8939-4F0B-96EF-CBDF7653932C}.Debug|x64.Build.0 = Debug|x64
		{44603A3D-8939-4F0B-96EF-CBDF7653932C}.Release|Any CPU.ActiveCfg = Release|x64
		{44603A3D-8939-4F0B-96EF-CBDF7653932C}.Release|Any CPU.Build.0 = Release|x64
		{44603A3D-8939-4F0B-96EF-CBDF7653932C}.Release|x64.ActiveCfg = Release|x64
		{44603A3D-8939-4F0B-96EF-CBDF7653932C}.Release|x64.Build.0 = Release|x64
		{4DB1B6F2-7109-476E-B1CD-3220A06E0B6A}.Debug|Any CPU.ActiveCfg = Debug|x64
		{4DB1B6F2-7109-476E-B1CD-3220A06E0B6A}.Debug|Any CPU.Build.0 = Debug|x64
		{4DB1B6F2-7109-476E-B1CD-3220A06E0B6A}.Debug|x64.ActiveCfg = Debug|x64
		{4DB1B6F2-7109-476E-B1CD-3220A06E0B6A}.Debug|x64.Build.0 = Debug|x64
		{4DB1B6F2-7109-476E-B1CD-3220A06E0B6A}.Release|Any CPU.ActiveCfg = Release|x64
		{4DB1B6F2-7109-476E-B1CD-3220A06E0B6A}.Release|Any CPU.Build.0 = Release|x64
		{4DB1B6F2-7109-476E-B1CD-3220A06E0B6A}.Release|x64.ActiveCfg = Release|x64
		{4DB1B6F2-7109-476E-B1CD-3220A06E0B6A}.Release|x64.Build.0 = Release|x64
		{C8B60C2B-F46A-4777-9373-715A0F7A36F0}.Debug|Any CPU.ActiveCfg = Debug|x64
		{C8B60C2B-F46A-4777-9373-715A0F7A36F0}.Debug|Any CPU.Build.0 = Debug|x64
		{C8B60C2B-F46A-4777-9373-715A0F7A36F0}.Debug|x64.ActiveCfg = Debug|x64
		{C8B60C2B-F46A-4777-9373-715A0F7A36F0}.Debug|x64.Build.0 = Debug|x64
		{C8B60C2B-F46A-4777-9373-715A0F7A36F0}.Release|Any CPU.ActiveCfg = Release|x64
		{C8B60C2B-F46A-4777-9373-715A0F7A36F0}.Release|Any CPU.Build.0 = Release|x64
		{C8B60C2B-F46A-4777-9373-715A0F7A36F0}.Release|x64.ActiveCfg = Release|x64
		{C8B60C2B-F46A-4777-9373-715A0F7A36F0}.Release|x64.Build.0 = Release|x64
		{197959A9-5ED3-444B-B854-82A2A64AF6D9}.Debug|Any CPU.ActiveCfg = Debug|x64
		{197959A9-5ED3-444B-B854-82A2A64AF6D9}.Debug|Any CPU.Build.0 = Debug|x64
		{197959A9-5ED3-444B-B854-82A2A64AF6D9}.Debug|x64.ActiveCfg = Debug|x64
		{197959A9-5ED3-444B-B854-82A2A64AF6D9}.Debug|x64.Build.0 = Debug|x64
		{197959A9-5ED3-444B-B854-82A2A64AF6D9}.Release|Any CPU.ActiveCfg = Release|x64
		{197959A9-5ED3-444B-B854-82A2A64AF6D9}.Release|Any CPU.Build.0 = Release|x64
		{197959A9-5ED3-444B-B854-82A2A64AF6D9}.Release|x64.ActiveCfg = Release|x64
		{197959A9-5ED3-444B-B854-82A2A64AF6D9}.Release|x64.Build.0 = Release|x64
		{6F713520-959C-4052-B780-EE684F84FBE9}.Debug|Any CPU.ActiveCfg = Debug|x64
		{6F713520-959C-4052-B780-EE684F84FBE9}.Debug|Any CPU.Build.0 = Debug|x64
		{6F713520-959C-4052-B780-EE684F84FBE9}.Debug|x64.ActiveCfg = Debug|x64
		{6F713520-959C-4052-B780-EE684F84FBE9}.Debug|x64.Build.0 = Debug|x64
		{6F713520-959C-4052-B780-EE684F84FBE9}.Release|Any CPU.ActiveCfg = Release|x64
		{6F713520-959C-4052-B780-EE684F84FBE9}.Release|Any CPU.Build.0 = Release|x64
		{6F713520-959C-4052-B780-EE684F84FBE9}.Release|x64.ActiveCfg = Release|x64
		{6F713520-959C-4052-B780-EE684F84FBE9}.Release|x64.Build.0 = Release|x64
		{390B329B-B62B-4CE9-AEDD-B5292CA80726}.Debug|Any CPU.ActiveCfg = Debug|x64
		{390B329B-B62B-4CE9-AEDD-B5292CA80726}.Debug|Any CPU.Build.0 = Debug|x64
		{390B329B-B62B-4CE9-AEDD-B5292CA80726}.Debug|x64.ActiveCfg = Debug|x64
		{390B329B-B62B-4CE9-AEDD-B5292CA80726}.Debug|x64.Build.0 = Debug|x64
		{390B329B-B62B-4CE9-AEDD-B5292CA80726}.Release|Any CPU.ActiveCfg = Release|x64
		{390B329B-B62B-4CE9-AEDD-B5292CA80726}.Release|Any CPU.Build.0 = Release|x64
		{390B329B-B62B-4CE9-AEDD-B5292CA80726}.Release|x64.ActiveCfg = Release|x64
		{390B329B-B62B-4CE9-AEDD-B5292CA80726}.Release|x64.Build.0 = Release|x64
		{0D0DBB6C-94EC-43CD-81C8-B5A3082169DF}.Debug|Any CPU.ActiveCfg = Debug|Any CPU
		{0D0DBB6C-94EC-43CD-81C8-B5A3082169DF}.Debug|Any CPU.Build.0 = Debug|Any CPU
		{0D0DBB6C-94EC-43CD-81C8-B5A3082169DF}.Debug|x64.ActiveCfg = Debug|x64
		{0D0DBB6C-94EC-43CD-81C8-B5A3082169DF}.Debug|x64.Build.0 = Debug|x64
		{0D0DBB6C-94EC-43CD-81C8-B5A3082169DF}.Release|Any CPU.ActiveCfg = Release|Any CPU
		{0D0DBB6C-94EC-43CD-81C8-B5A3082169DF}.Release|Any CPU.Build.0 = Release|Any CPU
		{0D0DBB6C-94EC-43CD-81C8-B5A3082169DF}.Release|x64.ActiveCfg = Release|Any CPU
		{0D0DBB6C-94EC-43CD-81C8-B5A3082169DF}.Release|x64.Build.0 = Release|Any CPU
		{5192B522-7DEE-45A4-8B1B-92A1FC91C75F}.Debug|Any CPU.ActiveCfg = Debug|Any CPU
		{5192B522-7DEE-45A4-8B1B-92A1FC91C75F}.Debug|Any CPU.Build.0 = Debug|Any CPU
		{5192B522-7DEE-45A4-8B1B-92A1FC91C75F}.Debug|x64.ActiveCfg = Debug|x64
		{5192B522-7DEE-45A4-8B1B-92A1FC91C75F}.Debug|x64.Build.0 = Debug|x64
		{5192B522-7DEE-45A4-8B1B-92A1FC91C75F}.Release|Any CPU.ActiveCfg = Release|Any CPU
		{5192B522-7DEE-45A4-8B1B-92A1FC91C75F}.Release|Any CPU.Build.0 = Release|Any CPU
		{5192B522-7DEE-45A4-8B1B-92A1FC91C75F}.Release|x64.ActiveCfg = Release|Any CPU
		{5192B522-7DEE-45A4-8B1B-92A1FC91C75F}.Release|x64.Build.0 = Release|Any CPU
	EndGlobalSection
	GlobalSection(SolutionProperties) = preSolution
		HideSolutionNode = FALSE
	EndGlobalSection
	GlobalSection(NestedProjects) = preSolution
		{B179F620-6EF7-4669-B449-9C89DC93157D} = {EC1C3ED3-C17F-4843-A515-00FE4074FF63}
		{03EEA40F-4E91-421E-8581-AA3FD1C065BB} = {3E411EA9-E9C0-4554-93B4-FD1A32F9F595}
		{C161E523-0729-4159-A342-E18448F88E1E} = {EC1C3ED3-C17F-4843-A515-00FE4074FF63}
		{92AFC663-5829-4E9B-9160-B6E9AF9F1C91} = {CA286A7B-8A63-4672-86F3-B7A4C3D38F25}
		{02A38D58-4DD0-4703-900D-A0537BB3F3AC} = {B376B1E9-3F05-424C-AB2B-2A3A84262838}
		{D43FAA82-BDC8-4C7F-B920-B9E36B5D6516} = {B376B1E9-3F05-424C-AB2B-2A3A84262838}
		{45856F00-6B24-40E3-BDBB-2E0743445E55} = {B430A70A-3465-45E3-9222-66DCD30F86F7}
		{22B8DAB7-1233-4F9C-8D34-0363871C85FB} = {B430A70A-3465-45E3-9222-66DCD30F86F7}
		{00E625B3-B29C-4273-9042-FDD525BCEFE1} = {3E411EA9-E9C0-4554-93B4-FD1A32F9F595}
		{44603A3D-8939-4F0B-96EF-CBDF7653932C} = {95F11707-310C-4D65-BD86-176B1947C1A3}
		{4DB1B6F2-7109-476E-B1CD-3220A06E0B6A} = {95F11707-310C-4D65-BD86-176B1947C1A3}
		{C8B60C2B-F46A-4777-9373-715A0F7A36F0} = {95F11707-310C-4D65-BD86-176B1947C1A3}
		{197959A9-5ED3-444B-B854-82A2A64AF6D9} = {CA286A7B-8A63-4672-86F3-B7A4C3D38F25}
		{6F713520-959C-4052-B780-EE684F84FBE9} = {EC1C3ED3-C17F-4843-A515-00FE4074FF63}
		{0D0DBB6C-94EC-43CD-81C8-B5A3082169DF} = {3E411EA9-E9C0-4554-93B4-FD1A32F9F595}
		{5192B522-7DEE-45A4-8B1B-92A1FC91C75F} = {95F11707-310C-4D65-BD86-176B1947C1A3}
	EndGlobalSection
	GlobalSection(ExtensibilityGlobals) = postSolution
		SolutionGuid = {A336D9A7-F676-4FFC-8C33-6D2676C4C37D}
	EndGlobalSection
EndGlobal
