
Microsoft Visual Studio Solution File, Format Version 12.00
# Visual Studio Version 16
VisualStudioVersion = 16.0.31727.386
MinimumVisualStudioVersion = 10.0.40219.1
Project("{8BC9CEB8-8B4A-11D0-8D11-00A0C91BC942}") = "qd", "src_FGEN\qd\qd.vcxproj", "{06D738A5-A774-4E1C-9A11-2BC39B55BFAC}"
EndProject
Project("{8BC9CEB8-8B4A-11D0-8D11-00A0C91BC942}") = "TestQD", "src_FGEN\TestQD\TestQD.vcxproj", "{8C8A5CAB-EF9D-4086-82A2-F6069564A951}"
	ProjectSection(ProjectDependencies) = postProject
		{06D738A5-A774-4E1C-9A11-2BC39B55BFAC} = {06D738A5-A774-4E1C-9A11-2BC39B55BFAC}
	EndProjectSection
EndProject
Project("{8BC9CEB8-8B4A-11D0-8D11-00A0C91BC942}") = "qdDotNet", "src_FGEN\qdDotNet\qdDotNet.vcxproj", "{0EB126E0-D177-4958-A788-906CA5EAB1A3}"
EndProject
Project("{FAE04EC0-301F-11D3-BF4B-00C04F79EFBC}") = "qdDotNetTests", "src_FGEN\qdDotNetTests\qdDotNetTests.csproj", "{09B8F13C-5AEF-4A9F-BB61-94E4F6234FE5}"
EndProject
Project("{FAE04EC0-301F-11D3-BF4B-00C04F79EFBC}") = "TestQdDotNet", "src_FGEN\TestQdDotNet\TestQdDotNet.csproj", "{20100B8E-AC22-4FB8-9785-F66C1C41433A}"
EndProject
Project("{9A19103F-16F7-4668-BE54-9A1E7A4F7556}") = "MqMessages", "src\MqMessages\MqMessages.csproj", "{DFF159F0-E16C-4B14-8338-0C761A1405B2}"
EndProject
Project("{9A19103F-16F7-4668-BE54-9A1E7A4F7556}") = "FGenConsole", "src_FGEN\FGenConsole\FGenConsole.csproj", "{CF69C8E8-1CB5-4D31-BD6D-554DD3EF6F07}"
EndProject
Project("{9A19103F-16F7-4668-BE54-9A1E7A4F7556}") = "MSS.Types", "src\MSS.Types\MSS.Types.csproj", "{BB3142A4-2510-4AA4-901B-0D8FE004F9C5}"
EndProject
Project("{8BC9CEB8-8B4A-11D0-8D11-00A0C91BC942}") = "FGen", "src_FGEN\FGen\FGen.vcxproj", "{EBE5C7E0-18E0-4DB8-A61C-966E3DEF7379}"
EndProject
Project("{8BC9CEB8-8B4A-11D0-8D11-00A0C91BC942}") = "QPVec", "src_FGEN\QPVec\QPVec.vcxproj", "{E8CDE1FD-8FA4-4D8C-BCAD-31328CA56C7E}"
EndProject
Project("{9A19103F-16F7-4668-BE54-9A1E7A4F7556}") = "MEngineService", "src_FGEN\MEngineService\MEngineService.csproj", "{B2575435-5361-4CAA-BCE7-C3F4E0667CB2}"
EndProject
Project("{9A19103F-16F7-4668-BE54-9A1E7A4F7556}") = "MEngineDataContracts", "src\MEngineDataContracts\MEngineDataContracts.csproj", "{B72A3A8B-DE05-4676-9CDA-B2BEF1282927}"
EndProject
Project("{9A19103F-16F7-4668-BE54-9A1E7A4F7556}") = "MSS.Common", "src\MSS.Common\MSS.Common.csproj", "{7B468704-373F-42E2-95B2-98E94AA26881}"
EndProject
Project("{9A19103F-16F7-4668-BE54-9A1E7A4F7556}") = "QdDotNetConsoleTest", "src_FGEN\QdDotNetConsoleTest\QdDotNetConsoleTest.csproj", "{DF8D9693-BFA8-4DC6-8DD7-ACE04DE92249}"
EndProject
Project("{8BC9CEB8-8B4A-11D0-8D11-00A0C91BC942}") = "MSetGeneratorClr", "src_FGEN\MSetGeneratorClr\MSetGeneratorClr.vcxproj", "{A70F3314-503C-4AD9-8C82-1E0E1323E42F}"
EndProject
Global
	GlobalSection(SolutionConfigurationPlatforms) = preSolution
		Debug|Any CPU = Debug|Any CPU
		Debug|Win32 = Debug|Win32
		Debug|x64 = Debug|x64
		Debug|x86 = Debug|x86
		Release|Any CPU = Release|Any CPU
		Release|Win32 = Release|Win32
		Release|x64 = Release|x64
		Release|x86 = Release|x86
	EndGlobalSection
	GlobalSection(ProjectConfigurationPlatforms) = postSolution
		{06D738A5-A774-4E1C-9A11-2BC39B55BFAC}.Debug|Any CPU.ActiveCfg = Debug|Win32
		{06D738A5-A774-4E1C-9A11-2BC39B55BFAC}.Debug|Any CPU.Build.0 = Debug|Win32
		{06D738A5-A774-4E1C-9A11-2BC39B55BFAC}.Debug|Win32.ActiveCfg = Debug|Win32
		{06D738A5-A774-4E1C-9A11-2BC39B55BFAC}.Debug|Win32.Build.0 = Debug|Win32
		{06D738A5-A774-4E1C-9A11-2BC39B55BFAC}.Debug|x64.ActiveCfg = Debug|x64
		{06D738A5-A774-4E1C-9A11-2BC39B55BFAC}.Debug|x86.ActiveCfg = Debug|Win32
		{06D738A5-A774-4E1C-9A11-2BC39B55BFAC}.Debug|x86.Build.0 = Debug|Win32
		{06D738A5-A774-4E1C-9A11-2BC39B55BFAC}.Release|Any CPU.ActiveCfg = Release|Win32
		{06D738A5-A774-4E1C-9A11-2BC39B55BFAC}.Release|Win32.ActiveCfg = Release|Win32
		{06D738A5-A774-4E1C-9A11-2BC39B55BFAC}.Release|Win32.Build.0 = Release|Win32
		{06D738A5-A774-4E1C-9A11-2BC39B55BFAC}.Release|x64.ActiveCfg = Release|Win32
		{06D738A5-A774-4E1C-9A11-2BC39B55BFAC}.Release|x86.ActiveCfg = Release|Win32
		{06D738A5-A774-4E1C-9A11-2BC39B55BFAC}.Release|x86.Build.0 = Release|Win32
		{8C8A5CAB-EF9D-4086-82A2-F6069564A951}.Debug|Any CPU.ActiveCfg = Debug|Win32
		{8C8A5CAB-EF9D-4086-82A2-F6069564A951}.Debug|Any CPU.Build.0 = Debug|Win32
		{8C8A5CAB-EF9D-4086-82A2-F6069564A951}.Debug|Win32.ActiveCfg = Debug|Win32
		{8C8A5CAB-EF9D-4086-82A2-F6069564A951}.Debug|x64.ActiveCfg = Debug|x64
		{8C8A5CAB-EF9D-4086-82A2-F6069564A951}.Debug|x86.ActiveCfg = Debug|Win32
		{8C8A5CAB-EF9D-4086-82A2-F6069564A951}.Release|Any CPU.ActiveCfg = Release|Win32
		{8C8A5CAB-EF9D-4086-82A2-F6069564A951}.Release|Win32.ActiveCfg = Release|Win32
		{8C8A5CAB-EF9D-4086-82A2-F6069564A951}.Release|Win32.Build.0 = Release|Win32
		{8C8A5CAB-EF9D-4086-82A2-F6069564A951}.Release|x64.ActiveCfg = Release|Win32
		{8C8A5CAB-EF9D-4086-82A2-F6069564A951}.Release|x86.ActiveCfg = Release|Win32
		{8C8A5CAB-EF9D-4086-82A2-F6069564A951}.Release|x86.Build.0 = Release|Win32
		{0EB126E0-D177-4958-A788-906CA5EAB1A3}.Debug|Any CPU.ActiveCfg = Debug|Win32
		{0EB126E0-D177-4958-A788-906CA5EAB1A3}.Debug|Any CPU.Build.0 = Debug|Win32
		{0EB126E0-D177-4958-A788-906CA5EAB1A3}.Debug|Win32.ActiveCfg = Debug|Win32
		{0EB126E0-D177-4958-A788-906CA5EAB1A3}.Debug|Win32.Build.0 = Debug|Win32
		{0EB126E0-D177-4958-A788-906CA5EAB1A3}.Debug|x64.ActiveCfg = Debug|x64
		{0EB126E0-D177-4958-A788-906CA5EAB1A3}.Debug|x64.Build.0 = Debug|x64
		{0EB126E0-D177-4958-A788-906CA5EAB1A3}.Debug|x86.ActiveCfg = Debug|Win32
		{0EB126E0-D177-4958-A788-906CA5EAB1A3}.Debug|x86.Build.0 = Debug|Win32
		{0EB126E0-D177-4958-A788-906CA5EAB1A3}.Release|Any CPU.ActiveCfg = Release|Win32
		{0EB126E0-D177-4958-A788-906CA5EAB1A3}.Release|Win32.ActiveCfg = Release|Win32
		{0EB126E0-D177-4958-A788-906CA5EAB1A3}.Release|Win32.Build.0 = Release|Win32
		{0EB126E0-D177-4958-A788-906CA5EAB1A3}.Release|x64.ActiveCfg = Release|x64
		{0EB126E0-D177-4958-A788-906CA5EAB1A3}.Release|x64.Build.0 = Release|x64
		{0EB126E0-D177-4958-A788-906CA5EAB1A3}.Release|x86.ActiveCfg = Release|Win32
		{0EB126E0-D177-4958-A788-906CA5EAB1A3}.Release|x86.Build.0 = Release|Win32
		{09B8F13C-5AEF-4A9F-BB61-94E4F6234FE5}.Debug|Any CPU.ActiveCfg = Debug|x86
		{09B8F13C-5AEF-4A9F-BB61-94E4F6234FE5}.Debug|Any CPU.Build.0 = Debug|x86
		{09B8F13C-5AEF-4A9F-BB61-94E4F6234FE5}.Debug|Win32.ActiveCfg = Debug|x86
		{09B8F13C-5AEF-4A9F-BB61-94E4F6234FE5}.Debug|Win32.Build.0 = Debug|x86
		{09B8F13C-5AEF-4A9F-BB61-94E4F6234FE5}.Debug|x64.ActiveCfg = Debug|x64
		{09B8F13C-5AEF-4A9F-BB61-94E4F6234FE5}.Debug|x86.ActiveCfg = Debug|x86
		{09B8F13C-5AEF-4A9F-BB61-94E4F6234FE5}.Debug|x86.Build.0 = Debug|x86
		{09B8F13C-5AEF-4A9F-BB61-94E4F6234FE5}.Release|Any CPU.ActiveCfg = Release|Any CPU
		{09B8F13C-5AEF-4A9F-BB61-94E4F6234FE5}.Release|Any CPU.Build.0 = Release|Any CPU
		{09B8F13C-5AEF-4A9F-BB61-94E4F6234FE5}.Release|Win32.ActiveCfg = Release|Any CPU
		{09B8F13C-5AEF-4A9F-BB61-94E4F6234FE5}.Release|Win32.Build.0 = Release|Any CPU
		{09B8F13C-5AEF-4A9F-BB61-94E4F6234FE5}.Release|x64.ActiveCfg = Release|Any CPU
		{09B8F13C-5AEF-4A9F-BB61-94E4F6234FE5}.Release|x64.Build.0 = Release|Any CPU
		{09B8F13C-5AEF-4A9F-BB61-94E4F6234FE5}.Release|x86.ActiveCfg = Release|x86
		{09B8F13C-5AEF-4A9F-BB61-94E4F6234FE5}.Release|x86.Build.0 = Release|x86
		{20100B8E-AC22-4FB8-9785-F66C1C41433A}.Debug|Any CPU.ActiveCfg = Debug|x86
		{20100B8E-AC22-4FB8-9785-F66C1C41433A}.Debug|Any CPU.Build.0 = Debug|x86
		{20100B8E-AC22-4FB8-9785-F66C1C41433A}.Debug|Win32.ActiveCfg = Debug|Any CPU
		{20100B8E-AC22-4FB8-9785-F66C1C41433A}.Debug|x64.ActiveCfg = Debug|x64
		{20100B8E-AC22-4FB8-9785-F66C1C41433A}.Debug|x86.ActiveCfg = Debug|x86
		{20100B8E-AC22-4FB8-9785-F66C1C41433A}.Release|Any CPU.ActiveCfg = Release|Any CPU
		{20100B8E-AC22-4FB8-9785-F66C1C41433A}.Release|Any CPU.Build.0 = Release|Any CPU
		{20100B8E-AC22-4FB8-9785-F66C1C41433A}.Release|Win32.ActiveCfg = Release|Any CPU
		{20100B8E-AC22-4FB8-9785-F66C1C41433A}.Release|Win32.Build.0 = Release|Any CPU
		{20100B8E-AC22-4FB8-9785-F66C1C41433A}.Release|x64.ActiveCfg = Release|Any CPU
		{20100B8E-AC22-4FB8-9785-F66C1C41433A}.Release|x64.Build.0 = Release|Any CPU
		{20100B8E-AC22-4FB8-9785-F66C1C41433A}.Release|x86.ActiveCfg = Release|Any CPU
		{20100B8E-AC22-4FB8-9785-F66C1C41433A}.Release|x86.Build.0 = Release|Any CPU
		{DFF159F0-E16C-4B14-8338-0C761A1405B2}.Debug|Any CPU.ActiveCfg = Debug|Any CPU
		{DFF159F0-E16C-4B14-8338-0C761A1405B2}.Debug|Any CPU.Build.0 = Debug|Any CPU
		{DFF159F0-E16C-4B14-8338-0C761A1405B2}.Debug|Win32.ActiveCfg = Debug|Any CPU
		{DFF159F0-E16C-4B14-8338-0C761A1405B2}.Debug|Win32.Build.0 = Debug|Any CPU
		{DFF159F0-E16C-4B14-8338-0C761A1405B2}.Debug|x64.ActiveCfg = Debug|Any CPU
		{DFF159F0-E16C-4B14-8338-0C761A1405B2}.Debug|x64.Build.0 = Debug|Any CPU
		{DFF159F0-E16C-4B14-8338-0C761A1405B2}.Debug|x86.ActiveCfg = Debug|Any CPU
		{DFF159F0-E16C-4B14-8338-0C761A1405B2}.Debug|x86.Build.0 = Debug|Any CPU
		{DFF159F0-E16C-4B14-8338-0C761A1405B2}.Release|Any CPU.ActiveCfg = Release|Any CPU
		{DFF159F0-E16C-4B14-8338-0C761A1405B2}.Release|Any CPU.Build.0 = Release|Any CPU
		{DFF159F0-E16C-4B14-8338-0C761A1405B2}.Release|Win32.ActiveCfg = Release|Any CPU
		{DFF159F0-E16C-4B14-8338-0C761A1405B2}.Release|Win32.Build.0 = Release|Any CPU
		{DFF159F0-E16C-4B14-8338-0C761A1405B2}.Release|x64.ActiveCfg = Release|Any CPU
		{DFF159F0-E16C-4B14-8338-0C761A1405B2}.Release|x64.Build.0 = Release|Any CPU
		{DFF159F0-E16C-4B14-8338-0C761A1405B2}.Release|x86.ActiveCfg = Release|Any CPU
		{DFF159F0-E16C-4B14-8338-0C761A1405B2}.Release|x86.Build.0 = Release|Any CPU
		{CF69C8E8-1CB5-4D31-BD6D-554DD3EF6F07}.Debug|Any CPU.ActiveCfg = Debug|Any CPU
		{CF69C8E8-1CB5-4D31-BD6D-554DD3EF6F07}.Debug|Win32.ActiveCfg = Debug|Any CPU
		{CF69C8E8-1CB5-4D31-BD6D-554DD3EF6F07}.Debug|Win32.Build.0 = Debug|Any CPU
		{CF69C8E8-1CB5-4D31-BD6D-554DD3EF6F07}.Debug|x64.ActiveCfg = Release|x64
		{CF69C8E8-1CB5-4D31-BD6D-554DD3EF6F07}.Debug|x86.ActiveCfg = Debug|Any CPU
		{CF69C8E8-1CB5-4D31-BD6D-554DD3EF6F07}.Debug|x86.Build.0 = Debug|Any CPU
		{CF69C8E8-1CB5-4D31-BD6D-554DD3EF6F07}.Release|Any CPU.ActiveCfg = Release|Any CPU
		{CF69C8E8-1CB5-4D31-BD6D-554DD3EF6F07}.Release|Any CPU.Build.0 = Release|Any CPU
		{CF69C8E8-1CB5-4D31-BD6D-554DD3EF6F07}.Release|Win32.ActiveCfg = Release|Any CPU
		{CF69C8E8-1CB5-4D31-BD6D-554DD3EF6F07}.Release|Win32.Build.0 = Release|Any CPU
		{CF69C8E8-1CB5-4D31-BD6D-554DD3EF6F07}.Release|x64.ActiveCfg = Release|Any CPU
		{CF69C8E8-1CB5-4D31-BD6D-554DD3EF6F07}.Release|x64.Build.0 = Release|Any CPU
		{CF69C8E8-1CB5-4D31-BD6D-554DD3EF6F07}.Release|x86.ActiveCfg = Release|Any CPU
		{CF69C8E8-1CB5-4D31-BD6D-554DD3EF6F07}.Release|x86.Build.0 = Release|Any CPU
		{BB3142A4-2510-4AA4-901B-0D8FE004F9C5}.Debug|Any CPU.ActiveCfg = Debug|Any CPU
		{BB3142A4-2510-4AA4-901B-0D8FE004F9C5}.Debug|Any CPU.Build.0 = Debug|Any CPU
		{BB3142A4-2510-4AA4-901B-0D8FE004F9C5}.Debug|Win32.ActiveCfg = Debug|Any CPU
		{BB3142A4-2510-4AA4-901B-0D8FE004F9C5}.Debug|Win32.Build.0 = Debug|Any CPU
		{BB3142A4-2510-4AA4-901B-0D8FE004F9C5}.Debug|x64.ActiveCfg = Debug|Any CPU
		{BB3142A4-2510-4AA4-901B-0D8FE004F9C5}.Debug|x64.Build.0 = Debug|Any CPU
		{BB3142A4-2510-4AA4-901B-0D8FE004F9C5}.Debug|x86.ActiveCfg = Debug|Any CPU
		{BB3142A4-2510-4AA4-901B-0D8FE004F9C5}.Debug|x86.Build.0 = Debug|Any CPU
		{BB3142A4-2510-4AA4-901B-0D8FE004F9C5}.Release|Any CPU.ActiveCfg = Release|Any CPU
		{BB3142A4-2510-4AA4-901B-0D8FE004F9C5}.Release|Any CPU.Build.0 = Release|Any CPU
		{BB3142A4-2510-4AA4-901B-0D8FE004F9C5}.Release|Win32.ActiveCfg = Release|Any CPU
		{BB3142A4-2510-4AA4-901B-0D8FE004F9C5}.Release|Win32.Build.0 = Release|Any CPU
		{BB3142A4-2510-4AA4-901B-0D8FE004F9C5}.Release|x64.ActiveCfg = Release|Any CPU
		{BB3142A4-2510-4AA4-901B-0D8FE004F9C5}.Release|x64.Build.0 = Release|Any CPU
		{BB3142A4-2510-4AA4-901B-0D8FE004F9C5}.Release|x86.ActiveCfg = Release|Any CPU
		{BB3142A4-2510-4AA4-901B-0D8FE004F9C5}.Release|x86.Build.0 = Release|Any CPU
		{EBE5C7E0-18E0-4DB8-A61C-966E3DEF7379}.Debug|Any CPU.ActiveCfg = Debug|Win32
		{EBE5C7E0-18E0-4DB8-A61C-966E3DEF7379}.Debug|Win32.ActiveCfg = Debug|Win32
		{EBE5C7E0-18E0-4DB8-A61C-966E3DEF7379}.Debug|Win32.Build.0 = Debug|Win32
		{EBE5C7E0-18E0-4DB8-A61C-966E3DEF7379}.Debug|x64.ActiveCfg = Debug|x64
		{EBE5C7E0-18E0-4DB8-A61C-966E3DEF7379}.Debug|x64.Build.0 = Debug|x64
		{EBE5C7E0-18E0-4DB8-A61C-966E3DEF7379}.Debug|x86.ActiveCfg = Debug|Win32
		{EBE5C7E0-18E0-4DB8-A61C-966E3DEF7379}.Debug|x86.Build.0 = Debug|Win32
		{EBE5C7E0-18E0-4DB8-A61C-966E3DEF7379}.Release|Any CPU.ActiveCfg = Release|Win32
		{EBE5C7E0-18E0-4DB8-A61C-966E3DEF7379}.Release|Win32.ActiveCfg = Release|Win32
		{EBE5C7E0-18E0-4DB8-A61C-966E3DEF7379}.Release|Win32.Build.0 = Release|Win32
		{EBE5C7E0-18E0-4DB8-A61C-966E3DEF7379}.Release|x64.ActiveCfg = Release|x64
		{EBE5C7E0-18E0-4DB8-A61C-966E3DEF7379}.Release|x64.Build.0 = Release|x64
		{EBE5C7E0-18E0-4DB8-A61C-966E3DEF7379}.Release|x86.ActiveCfg = Release|Win32
		{EBE5C7E0-18E0-4DB8-A61C-966E3DEF7379}.Release|x86.Build.0 = Release|Win32
		{E8CDE1FD-8FA4-4D8C-BCAD-31328CA56C7E}.Debug|Any CPU.ActiveCfg = Debug|Win32
		{E8CDE1FD-8FA4-4D8C-BCAD-31328CA56C7E}.Debug|Win32.ActiveCfg = Debug|Win32
		{E8CDE1FD-8FA4-4D8C-BCAD-31328CA56C7E}.Debug|Win32.Build.0 = Debug|Win32
		{E8CDE1FD-8FA4-4D8C-BCAD-31328CA56C7E}.Debug|x64.ActiveCfg = Debug|x64
		{E8CDE1FD-8FA4-4D8C-BCAD-31328CA56C7E}.Debug|x64.Build.0 = Debug|x64
		{E8CDE1FD-8FA4-4D8C-BCAD-31328CA56C7E}.Debug|x86.ActiveCfg = Debug|Win32
		{E8CDE1FD-8FA4-4D8C-BCAD-31328CA56C7E}.Debug|x86.Build.0 = Debug|Win32
		{E8CDE1FD-8FA4-4D8C-BCAD-31328CA56C7E}.Release|Any CPU.ActiveCfg = Release|Win32
		{E8CDE1FD-8FA4-4D8C-BCAD-31328CA56C7E}.Release|Win32.ActiveCfg = Release|Win32
		{E8CDE1FD-8FA4-4D8C-BCAD-31328CA56C7E}.Release|Win32.Build.0 = Release|Win32
		{E8CDE1FD-8FA4-4D8C-BCAD-31328CA56C7E}.Release|x64.ActiveCfg = Release|x64
		{E8CDE1FD-8FA4-4D8C-BCAD-31328CA56C7E}.Release|x64.Build.0 = Release|x64
		{E8CDE1FD-8FA4-4D8C-BCAD-31328CA56C7E}.Release|x86.ActiveCfg = Release|Win32
		{E8CDE1FD-8FA4-4D8C-BCAD-31328CA56C7E}.Release|x86.Build.0 = Release|Win32
		{B2575435-5361-4CAA-BCE7-C3F4E0667CB2}.Debug|Any CPU.ActiveCfg = Debug|Any CPU
		{B2575435-5361-4CAA-BCE7-C3F4E0667CB2}.Debug|Any CPU.Build.0 = Debug|Any CPU
		{B2575435-5361-4CAA-BCE7-C3F4E0667CB2}.Debug|Win32.ActiveCfg = Debug|Any CPU
		{B2575435-5361-4CAA-BCE7-C3F4E0667CB2}.Debug|Win32.Build.0 = Debug|Any CPU
		{B2575435-5361-4CAA-BCE7-C3F4E0667CB2}.Debug|x64.ActiveCfg = Debug|x64
		{B2575435-5361-4CAA-BCE7-C3F4E0667CB2}.Debug|x64.Build.0 = Debug|x64
		{B2575435-5361-4CAA-BCE7-C3F4E0667CB2}.Debug|x86.ActiveCfg = Debug|Any CPU
		{B2575435-5361-4CAA-BCE7-C3F4E0667CB2}.Debug|x86.Build.0 = Debug|Any CPU
		{B2575435-5361-4CAA-BCE7-C3F4E0667CB2}.Release|Any CPU.ActiveCfg = Release|Any CPU
		{B2575435-5361-4CAA-BCE7-C3F4E0667CB2}.Release|Any CPU.Build.0 = Release|Any CPU
		{B2575435-5361-4CAA-BCE7-C3F4E0667CB2}.Release|Win32.ActiveCfg = Release|Any CPU
		{B2575435-5361-4CAA-BCE7-C3F4E0667CB2}.Release|Win32.Build.0 = Release|Any CPU
		{B2575435-5361-4CAA-BCE7-C3F4E0667CB2}.Release|x64.ActiveCfg = Release|Any CPU
		{B2575435-5361-4CAA-BCE7-C3F4E0667CB2}.Release|x64.Build.0 = Release|Any CPU
		{B2575435-5361-4CAA-BCE7-C3F4E0667CB2}.Release|x86.ActiveCfg = Release|Any CPU
		{B2575435-5361-4CAA-BCE7-C3F4E0667CB2}.Release|x86.Build.0 = Release|Any CPU
		{B72A3A8B-DE05-4676-9CDA-B2BEF1282927}.Debug|Any CPU.ActiveCfg = Debug|Any CPU
		{B72A3A8B-DE05-4676-9CDA-B2BEF1282927}.Debug|Any CPU.Build.0 = Debug|Any CPU
		{B72A3A8B-DE05-4676-9CDA-B2BEF1282927}.Debug|Win32.ActiveCfg = Debug|Any CPU
		{B72A3A8B-DE05-4676-9CDA-B2BEF1282927}.Debug|Win32.Build.0 = Debug|Any CPU
		{B72A3A8B-DE05-4676-9CDA-B2BEF1282927}.Debug|x64.ActiveCfg = Debug|x64
		{B72A3A8B-DE05-4676-9CDA-B2BEF1282927}.Debug|x64.Build.0 = Debug|x64
		{B72A3A8B-DE05-4676-9CDA-B2BEF1282927}.Debug|x86.ActiveCfg = Debug|Any CPU
		{B72A3A8B-DE05-4676-9CDA-B2BEF1282927}.Debug|x86.Build.0 = Debug|Any CPU
		{B72A3A8B-DE05-4676-9CDA-B2BEF1282927}.Release|Any CPU.ActiveCfg = Release|Any CPU
		{B72A3A8B-DE05-4676-9CDA-B2BEF1282927}.Release|Any CPU.Build.0 = Release|Any CPU
		{B72A3A8B-DE05-4676-9CDA-B2BEF1282927}.Release|Win32.ActiveCfg = Release|Any CPU
		{B72A3A8B-DE05-4676-9CDA-B2BEF1282927}.Release|Win32.Build.0 = Release|Any CPU
		{B72A3A8B-DE05-4676-9CDA-B2BEF1282927}.Release|x64.ActiveCfg = Release|Any CPU
		{B72A3A8B-DE05-4676-9CDA-B2BEF1282927}.Release|x64.Build.0 = Release|Any CPU
		{B72A3A8B-DE05-4676-9CDA-B2BEF1282927}.Release|x86.ActiveCfg = Release|Any CPU
		{B72A3A8B-DE05-4676-9CDA-B2BEF1282927}.Release|x86.Build.0 = Release|Any CPU
		{7B468704-373F-42E2-95B2-98E94AA26881}.Debug|Any CPU.ActiveCfg = Debug|Any CPU
		{7B468704-373F-42E2-95B2-98E94AA26881}.Debug|Any CPU.Build.0 = Debug|Any CPU
		{7B468704-373F-42E2-95B2-98E94AA26881}.Debug|Win32.ActiveCfg = Debug|Any CPU
		{7B468704-373F-42E2-95B2-98E94AA26881}.Debug|Win32.Build.0 = Debug|Any CPU
		{7B468704-373F-42E2-95B2-98E94AA26881}.Debug|x64.ActiveCfg = Debug|Any CPU
		{7B468704-373F-42E2-95B2-98E94AA26881}.Debug|x64.Build.0 = Debug|Any CPU
		{7B468704-373F-42E2-95B2-98E94AA26881}.Debug|x86.ActiveCfg = Debug|Any CPU
		{7B468704-373F-42E2-95B2-98E94AA26881}.Debug|x86.Build.0 = Debug|Any CPU
		{7B468704-373F-42E2-95B2-98E94AA26881}.Release|Any CPU.ActiveCfg = Release|Any CPU
		{7B468704-373F-42E2-95B2-98E94AA26881}.Release|Any CPU.Build.0 = Release|Any CPU
		{7B468704-373F-42E2-95B2-98E94AA26881}.Release|Win32.ActiveCfg = Release|Any CPU
		{7B468704-373F-42E2-95B2-98E94AA26881}.Release|Win32.Build.0 = Release|Any CPU
		{7B468704-373F-42E2-95B2-98E94AA26881}.Release|x64.ActiveCfg = Release|Any CPU
		{7B468704-373F-42E2-95B2-98E94AA26881}.Release|x64.Build.0 = Release|Any CPU
		{7B468704-373F-42E2-95B2-98E94AA26881}.Release|x86.ActiveCfg = Release|Any CPU
		{7B468704-373F-42E2-95B2-98E94AA26881}.Release|x86.Build.0 = Release|Any CPU
		{DF8D9693-BFA8-4DC6-8DD7-ACE04DE92249}.Debug|Any CPU.ActiveCfg = Debug|Any CPU
		{DF8D9693-BFA8-4DC6-8DD7-ACE04DE92249}.Debug|Any CPU.Build.0 = Debug|Any CPU
		{DF8D9693-BFA8-4DC6-8DD7-ACE04DE92249}.Debug|Win32.ActiveCfg = Debug|Any CPU
		{DF8D9693-BFA8-4DC6-8DD7-ACE04DE92249}.Debug|Win32.Build.0 = Debug|Any CPU
		{DF8D9693-BFA8-4DC6-8DD7-ACE04DE92249}.Debug|x64.ActiveCfg = Debug|x64
		{DF8D9693-BFA8-4DC6-8DD7-ACE04DE92249}.Debug|x64.Build.0 = Debug|x64
		{DF8D9693-BFA8-4DC6-8DD7-ACE04DE92249}.Debug|x86.ActiveCfg = Debug|Any CPU
		{DF8D9693-BFA8-4DC6-8DD7-ACE04DE92249}.Debug|x86.Build.0 = Debug|Any CPU
		{DF8D9693-BFA8-4DC6-8DD7-ACE04DE92249}.Release|Any CPU.ActiveCfg = Release|Any CPU
		{DF8D9693-BFA8-4DC6-8DD7-ACE04DE92249}.Release|Any CPU.Build.0 = Release|Any CPU
		{DF8D9693-BFA8-4DC6-8DD7-ACE04DE92249}.Release|Win32.ActiveCfg = Release|Any CPU
		{DF8D9693-BFA8-4DC6-8DD7-ACE04DE92249}.Release|Win32.Build.0 = Release|Any CPU
		{DF8D9693-BFA8-4DC6-8DD7-ACE04DE92249}.Release|x64.ActiveCfg = Release|Any CPU
		{DF8D9693-BFA8-4DC6-8DD7-ACE04DE92249}.Release|x64.Build.0 = Release|Any CPU
		{DF8D9693-BFA8-4DC6-8DD7-ACE04DE92249}.Release|x86.ActiveCfg = Release|Any CPU
		{DF8D9693-BFA8-4DC6-8DD7-ACE04DE92249}.Release|x86.Build.0 = Release|Any CPU
		{A70F3314-503C-4AD9-8C82-1E0E1323E42F}.Debug|Any CPU.ActiveCfg = Debug|Win32
		{A70F3314-503C-4AD9-8C82-1E0E1323E42F}.Debug|Win32.ActiveCfg = Debug|Win32
		{A70F3314-503C-4AD9-8C82-1E0E1323E42F}.Debug|Win32.Build.0 = Debug|Win32
		{A70F3314-503C-4AD9-8C82-1E0E1323E42F}.Debug|x64.ActiveCfg = Debug|x64
		{A70F3314-503C-4AD9-8C82-1E0E1323E42F}.Debug|x64.Build.0 = Debug|x64
		{A70F3314-503C-4AD9-8C82-1E0E1323E42F}.Debug|x86.ActiveCfg = Debug|Win32
		{A70F3314-503C-4AD9-8C82-1E0E1323E42F}.Debug|x86.Build.0 = Debug|Win32
		{A70F3314-503C-4AD9-8C82-1E0E1323E42F}.Release|Any CPU.ActiveCfg = Release|Win32
		{A70F3314-503C-4AD9-8C82-1E0E1323E42F}.Release|Win32.ActiveCfg = Release|Win32
		{A70F3314-503C-4AD9-8C82-1E0E1323E42F}.Release|Win32.Build.0 = Release|Win32
		{A70F3314-503C-4AD9-8C82-1E0E1323E42F}.Release|x64.ActiveCfg = Release|x64
		{A70F3314-503C-4AD9-8C82-1E0E1323E42F}.Release|x64.Build.0 = Release|x64
		{A70F3314-503C-4AD9-8C82-1E0E1323E42F}.Release|x86.ActiveCfg = Release|Win32
		{A70F3314-503C-4AD9-8C82-1E0E1323E42F}.Release|x86.Build.0 = Release|Win32
	EndGlobalSection
	GlobalSection(SolutionProperties) = preSolution
		HideSolutionNode = FALSE
	EndGlobalSection
	GlobalSection(ExtensibilityGlobals) = postSolution
		SolutionGuid = {B89DB54E-40A0-4E96-AF47-2A070F678AEE}
	EndGlobalSection
EndGlobal
