
Microsoft Visual Studio Solution File, Format Version 12.00
# Visual Studio Version 17
VisualStudioVersion = 17.3.32901.215
MinimumVisualStudioVersion = 10.0.40219.1
Project("{2150E333-8FDC-42A3-9474-1A3956D46DE8}") = "Notes", "Notes", "{787FD6F3-B992-4962-B264-7FC38ACBD8EB}"
	ProjectSection(SolutionItems) = preProject
		Notes\768_Debug_output.txt = Notes\768_Debug_output.txt
		Notes\AppNavNotes.txt = Notes\AppNavNotes.txt
		Notes\Avx2_Latenency_ThroughPut.txt = Notes\Avx2_Latenency_ThroughPut.txt
		Notes\BlockOffsetsForInitialSet.txt = Notes\BlockOffsetsForInitialSet.txt
		Notes\BuildMapSectionsFrom2x2or4x4set.txt = Notes\BuildMapSectionsFrom2x2or4x4set.txt
		Notes\ColorMapFromHistogramData.txt = Notes\ColorMapFromHistogramData.txt
		Notes\FixedPoint_8.120_Format.txt = Notes\FixedPoint_8.120_Format.txt
		Notes\Formula.txt = Notes\Formula.txt
		Notes\FractionMath_Misc.txt = Notes\FractionMath_Misc.txt
		Notes\Image_Ram_Resource_Requirements.txt = Notes\Image_Ram_Resource_Requirements.txt
		Notes\JobNavigationWithShiftKey.txt = Notes\JobNavigationWithShiftKey.txt
		Notes\JobWithDiagonalLines.txt = Notes\JobWithDiagonalLines.txt
		Notes\LatticeMultiplicationIndexGuide.txt = Notes\LatticeMultiplicationIndexGuide.txt
		Notes\MapSectionVectors_LifeCycle.txt = Notes\MapSectionVectors_LifeCycle.txt
		Notes\MapViewerMapInfoDivisionStrategy.txt = Notes\MapViewerMapInfoDivisionStrategy.txt
		MongoDb_Schemas.txt = MongoDb_Schemas.txt
		Notes\MultiplicationAlgorythms.txt = Notes\MultiplicationAlgorythms.txt
		Notes\NaturalLog_Of_Arbitray_Precision_Integer.txt = Notes\NaturalLog_Of_Arbitray_Precision_Integer.txt
		Notes\Nav_Diag_Feb_15_2022.txt = Notes\Nav_Diag_Feb_15_2022.txt
		Notes\Normalize_Sample_Math.txt = Notes\Normalize_Sample_Math.txt
		ParseStringToRValue.txt = ParseStringToRValue.txt
		Notes\PosterSizeEditor-Diagnostics.txt = Notes\PosterSizeEditor-Diagnostics.txt
		Notes\PosterSizeScaling_work.txt = Notes\PosterSizeScaling_work.txt
		Notes\Printing Resolution and Sizes.txt = Notes\Printing Resolution and Sizes.txt
		PunchList.txt = PunchList.txt
		Notes\RValueToStringLogic.txt = Notes\RValueToStringLogic.txt
		Notes\SampleCoordValues.txt = Notes\SampleCoordValues.txt
		SelectionRectangleKeyInput.txt = SelectionRectangleKeyInput.txt
		Notes\SIMD Info.txt = Notes\SIMD Info.txt
		Notes\SpatialCoordsAndHashes.txt = Notes\SpatialCoordsAndHashes.txt
		Notes\SpatialDivisionsIn8x8sections.txt = Notes\SpatialDivisionsIn8x8sections.txt
		Notes\Top-level regions.txt = Notes\Top-level regions.txt
		Notes\Two'sComplimentLogic.txt = Notes\Two'sComplimentLogic.txt
		Notes\Two'sComplimentLogic_MultipleLimbs.txt = Notes\Two'sComplimentLogic_MultipleLimbs.txt
		Notes\Two'sComplimentLogic_MultipleLimbs2.docx = Notes\Two'sComplimentLogic_MultipleLimbs2.docx
		Notes\ZoomAndBlockConsiderations.txt = Notes\ZoomAndBlockConsiderations.txt
	EndProjectSection
EndProject
Project("{2150E333-8FDC-42A3-9474-1A3956D46DE8}") = "Solution Items", "Solution Items", "{8D960C02-80E3-48F0-9A6A-241B384D90B0}"
	ProjectSection(SolutionItems) = preProject
		.editorconfig = .editorconfig
		Directory.Build.props = Directory.Build.props
	EndProjectSection
EndProject
Project("{9A19103F-16F7-4668-BE54-9A1E7A4F7556}") = "PngImageLib", "src\PngImageLib\PngImageLib.csproj", "{225B45CC-6FDA-4E3F-A24F-8DF96A5F88A9}"
EndProject
Project("{9A19103F-16F7-4668-BE54-9A1E7A4F7556}") = "ProjectRepo", "src\ProjectRepo\ProjectRepo.csproj", "{EF27CFCF-67AA-4702-803C-DE8CAB11A8E3}"
EndProject
Project("{9A19103F-16F7-4668-BE54-9A1E7A4F7556}") = "MSS.Common", "src\MSS.Common\MSS.Common.csproj", "{6F475A23-634A-4D17-8BC6-2747815F6C67}"
EndProject
Project("{2150E333-8FDC-42A3-9474-1A3956D46DE8}") = "ImageManagement", "ImageManagement", "{44BD5DF0-6B8D-4FA3-9121-6128814A615F}"
EndProject
Project("{2150E333-8FDC-42A3-9474-1A3956D46DE8}") = "Repositories", "Repositories", "{25AAF06D-CFD2-43E6-97BE-9E709AE7BD23}"
EndProject
Project("{2150E333-8FDC-42A3-9474-1A3956D46DE8}") = "Common", "Common", "{9A63B212-42AC-42D5-B718-05A1B31F1A2F}"
EndProject
Project("{9A19103F-16F7-4668-BE54-9A1E7A4F7556}") = "MSetRepo", "src\MSetRepo\MSetRepo.csproj", "{F92DBF5A-49FC-49C4-B0CC-63764B8E6FC9}"
EndProject
Project("{2150E333-8FDC-42A3-9474-1A3956D46DE8}") = "EngineClient", "EngineClient", "{A1748F28-0C2D-45BC-8E8B-85D5411A8B56}"
EndProject
Project("{9A19103F-16F7-4668-BE54-9A1E7A4F7556}") = "MEngineDataContracts", "src\MEngineDataContracts\MEngineDataContracts.csproj", "{67C64BC2-F9E3-40EB-8198-12394E578A15}"
EndProject
Project("{9A19103F-16F7-4668-BE54-9A1E7A4F7556}") = "MEngineClient", "src\MEngineClient\MEngineClient.csproj", "{01659D91-B1B5-46EE-AC25-6506AA47747E}"
EndProject
Project("{9A19103F-16F7-4668-BE54-9A1E7A4F7556}") = "MSetExplorer", "src\MSetExplorer\MSetExplorer.csproj", "{2077E638-438E-4FFD-B114-6E8B8235B2C9}"
EndProject
Project("{9A19103F-16F7-4668-BE54-9A1E7A4F7556}") = "MapSectionProviderLib", "src\MapSectionProviderLib\MapSectionProviderLib.csproj", "{BBF430DC-B378-4F9A-95FB-06D4E7DE5864}"
EndProject
Project("{2150E333-8FDC-42A3-9474-1A3956D46DE8}") = "Engine", "Engine", "{550DC87E-C118-4FB5-9894-F7C81CF4C949}"
EndProject
Project("{9A19103F-16F7-4668-BE54-9A1E7A4F7556}") = "ImageBuilder", "src\ImageBuilder\ImageBuilder.csproj", "{64F8D6F3-D552-4019-B4CC-A9F877EC0103}"
EndProject
Project("{2150E333-8FDC-42A3-9474-1A3956D46DE8}") = "Tests", "Tests", "{01839B2E-E4B4-4EBC-BF4D-D462CA8061CC}"
EndProject
Project("{9A19103F-16F7-4668-BE54-9A1E7A4F7556}") = "MSS.Types", "src\MSS.Types\MSS.Types.csproj", "{0BA094A2-282F-4591-9551-3233F24F0F4D}"
EndProject
Project("{9A19103F-16F7-4668-BE54-9A1E7A4F7556}") = "MSetGeneratorPrototype", "src\MSetGeneratorPrototype\MSetGeneratorPrototype.csproj", "{CB37EF81-1854-4503-A048-F53A986E3BCB}"
EndProject
Project("{9A19103F-16F7-4668-BE54-9A1E7A4F7556}") = "MSetGeneratorPrototypeTest", "src\MSetGeneratorPrototypeTest\MSetGeneratorPrototypeTest.csproj", "{BB2B0722-DD91-440F-A492-A6357054B3F2}"
EndProject
Project("{8BC9CEB8-8B4A-11D0-8D11-00A0C91BC942}") = "HpMSetGenerator", "cpp_src\HpMSetGenerator\HpMSetGenerator.vcxproj", "{ED3527C9-FE2A-4BAE-A64C-3A4DB100C917}"
EndProject
Project("{9A19103F-16F7-4668-BE54-9A1E7A4F7556}") = "MSetRowGeneratorClient", "src\MSetRowGeneratorClient\MSetRowGeneratorClient.csproj", "{7808D154-179F-4381-8966-C0D96341FBCC}"
EndProject
Project("{9A19103F-16F7-4668-BE54-9A1E7A4F7556}") = "MSetRowGeneratorClientTest", "src\MSetRowGeneratorClientTest\MSetRowGeneratorClientTest.csproj", "{6E5CE63A-7DBE-4157-8FA3-3903136DB470}"
EndProject
Project("{9A19103F-16F7-4668-BE54-9A1E7A4F7556}") = "VecMathTest", "src\VecMathTest\VecMathTest.csproj", "{5071A2A6-A1DA-418B-AA9A-6826FC72D039}"
EndProject
Global
	GlobalSection(SolutionConfigurationPlatforms) = preSolution
		Debug|Any CPU = Debug|Any CPU
		Debug|ARM = Debug|ARM
		Debug|ARM64 = Debug|ARM64
		Debug|Win32 = Debug|Win32
		Debug|x64 = Debug|x64
		Debug|x86 = Debug|x86
		Release|Any CPU = Release|Any CPU
		Release|ARM = Release|ARM
		Release|ARM64 = Release|ARM64
		Release|Win32 = Release|Win32
		Release|x64 = Release|x64
		Release|x86 = Release|x86
	EndGlobalSection
	GlobalSection(ProjectConfigurationPlatforms) = postSolution
		{225B45CC-6FDA-4E3F-A24F-8DF96A5F88A9}.Debug|Any CPU.ActiveCfg = Debug|Any CPU
		{225B45CC-6FDA-4E3F-A24F-8DF96A5F88A9}.Debug|Any CPU.Build.0 = Debug|Any CPU
		{225B45CC-6FDA-4E3F-A24F-8DF96A5F88A9}.Debug|ARM.ActiveCfg = Debug|Any CPU
		{225B45CC-6FDA-4E3F-A24F-8DF96A5F88A9}.Debug|ARM.Build.0 = Debug|Any CPU
		{225B45CC-6FDA-4E3F-A24F-8DF96A5F88A9}.Debug|ARM64.ActiveCfg = Debug|Any CPU
		{225B45CC-6FDA-4E3F-A24F-8DF96A5F88A9}.Debug|ARM64.Build.0 = Debug|Any CPU
		{225B45CC-6FDA-4E3F-A24F-8DF96A5F88A9}.Debug|Win32.ActiveCfg = Debug|Any CPU
		{225B45CC-6FDA-4E3F-A24F-8DF96A5F88A9}.Debug|Win32.Build.0 = Debug|Any CPU
		{225B45CC-6FDA-4E3F-A24F-8DF96A5F88A9}.Debug|x64.ActiveCfg = Debug|x64
		{225B45CC-6FDA-4E3F-A24F-8DF96A5F88A9}.Debug|x64.Build.0 = Debug|x64
		{225B45CC-6FDA-4E3F-A24F-8DF96A5F88A9}.Debug|x86.ActiveCfg = Debug|Any CPU
		{225B45CC-6FDA-4E3F-A24F-8DF96A5F88A9}.Debug|x86.Build.0 = Debug|Any CPU
		{225B45CC-6FDA-4E3F-A24F-8DF96A5F88A9}.Release|Any CPU.ActiveCfg = Release|Any CPU
		{225B45CC-6FDA-4E3F-A24F-8DF96A5F88A9}.Release|Any CPU.Build.0 = Release|Any CPU
		{225B45CC-6FDA-4E3F-A24F-8DF96A5F88A9}.Release|ARM.ActiveCfg = Release|Any CPU
		{225B45CC-6FDA-4E3F-A24F-8DF96A5F88A9}.Release|ARM.Build.0 = Release|Any CPU
		{225B45CC-6FDA-4E3F-A24F-8DF96A5F88A9}.Release|ARM64.ActiveCfg = Release|Any CPU
		{225B45CC-6FDA-4E3F-A24F-8DF96A5F88A9}.Release|ARM64.Build.0 = Release|Any CPU
		{225B45CC-6FDA-4E3F-A24F-8DF96A5F88A9}.Release|Win32.ActiveCfg = Release|Any CPU
		{225B45CC-6FDA-4E3F-A24F-8DF96A5F88A9}.Release|Win32.Build.0 = Release|Any CPU
		{225B45CC-6FDA-4E3F-A24F-8DF96A5F88A9}.Release|x64.ActiveCfg = Release|x64
		{225B45CC-6FDA-4E3F-A24F-8DF96A5F88A9}.Release|x64.Build.0 = Release|x64
		{225B45CC-6FDA-4E3F-A24F-8DF96A5F88A9}.Release|x86.ActiveCfg = Release|Any CPU
		{225B45CC-6FDA-4E3F-A24F-8DF96A5F88A9}.Release|x86.Build.0 = Release|Any CPU
		{EF27CFCF-67AA-4702-803C-DE8CAB11A8E3}.Debug|Any CPU.ActiveCfg = Debug|Any CPU
		{EF27CFCF-67AA-4702-803C-DE8CAB11A8E3}.Debug|Any CPU.Build.0 = Debug|Any CPU
		{EF27CFCF-67AA-4702-803C-DE8CAB11A8E3}.Debug|ARM.ActiveCfg = Debug|Any CPU
		{EF27CFCF-67AA-4702-803C-DE8CAB11A8E3}.Debug|ARM.Build.0 = Debug|Any CPU
		{EF27CFCF-67AA-4702-803C-DE8CAB11A8E3}.Debug|ARM64.ActiveCfg = Debug|Any CPU
		{EF27CFCF-67AA-4702-803C-DE8CAB11A8E3}.Debug|ARM64.Build.0 = Debug|Any CPU
		{EF27CFCF-67AA-4702-803C-DE8CAB11A8E3}.Debug|Win32.ActiveCfg = Debug|Any CPU
		{EF27CFCF-67AA-4702-803C-DE8CAB11A8E3}.Debug|Win32.Build.0 = Debug|Any CPU
		{EF27CFCF-67AA-4702-803C-DE8CAB11A8E3}.Debug|x64.ActiveCfg = Debug|x64
		{EF27CFCF-67AA-4702-803C-DE8CAB11A8E3}.Debug|x64.Build.0 = Debug|x64
		{EF27CFCF-67AA-4702-803C-DE8CAB11A8E3}.Debug|x86.ActiveCfg = Debug|Any CPU
		{EF27CFCF-67AA-4702-803C-DE8CAB11A8E3}.Debug|x86.Build.0 = Debug|Any CPU
		{EF27CFCF-67AA-4702-803C-DE8CAB11A8E3}.Release|Any CPU.ActiveCfg = Release|Any CPU
		{EF27CFCF-67AA-4702-803C-DE8CAB11A8E3}.Release|Any CPU.Build.0 = Release|Any CPU
		{EF27CFCF-67AA-4702-803C-DE8CAB11A8E3}.Release|ARM.ActiveCfg = Release|Any CPU
		{EF27CFCF-67AA-4702-803C-DE8CAB11A8E3}.Release|ARM.Build.0 = Release|Any CPU
		{EF27CFCF-67AA-4702-803C-DE8CAB11A8E3}.Release|ARM64.ActiveCfg = Release|Any CPU
		{EF27CFCF-67AA-4702-803C-DE8CAB11A8E3}.Release|ARM64.Build.0 = Release|Any CPU
		{EF27CFCF-67AA-4702-803C-DE8CAB11A8E3}.Release|Win32.ActiveCfg = Release|Any CPU
		{EF27CFCF-67AA-4702-803C-DE8CAB11A8E3}.Release|Win32.Build.0 = Release|Any CPU
		{EF27CFCF-67AA-4702-803C-DE8CAB11A8E3}.Release|x64.ActiveCfg = Release|x64
		{EF27CFCF-67AA-4702-803C-DE8CAB11A8E3}.Release|x64.Build.0 = Release|x64
		{EF27CFCF-67AA-4702-803C-DE8CAB11A8E3}.Release|x86.ActiveCfg = Release|Any CPU
		{EF27CFCF-67AA-4702-803C-DE8CAB11A8E3}.Release|x86.Build.0 = Release|Any CPU
		{6F475A23-634A-4D17-8BC6-2747815F6C67}.Debug|Any CPU.ActiveCfg = Debug|Any CPU
		{6F475A23-634A-4D17-8BC6-2747815F6C67}.Debug|Any CPU.Build.0 = Debug|Any CPU
		{6F475A23-634A-4D17-8BC6-2747815F6C67}.Debug|ARM.ActiveCfg = Debug|Any CPU
		{6F475A23-634A-4D17-8BC6-2747815F6C67}.Debug|ARM.Build.0 = Debug|Any CPU
		{6F475A23-634A-4D17-8BC6-2747815F6C67}.Debug|ARM64.ActiveCfg = Debug|Any CPU
		{6F475A23-634A-4D17-8BC6-2747815F6C67}.Debug|ARM64.Build.0 = Debug|Any CPU
		{6F475A23-634A-4D17-8BC6-2747815F6C67}.Debug|Win32.ActiveCfg = Debug|Any CPU
		{6F475A23-634A-4D17-8BC6-2747815F6C67}.Debug|Win32.Build.0 = Debug|Any CPU
		{6F475A23-634A-4D17-8BC6-2747815F6C67}.Debug|x64.ActiveCfg = Debug|x64
		{6F475A23-634A-4D17-8BC6-2747815F6C67}.Debug|x64.Build.0 = Debug|x64
		{6F475A23-634A-4D17-8BC6-2747815F6C67}.Debug|x86.ActiveCfg = Debug|Any CPU
		{6F475A23-634A-4D17-8BC6-2747815F6C67}.Debug|x86.Build.0 = Debug|Any CPU
		{6F475A23-634A-4D17-8BC6-2747815F6C67}.Release|Any CPU.ActiveCfg = Release|Any CPU
		{6F475A23-634A-4D17-8BC6-2747815F6C67}.Release|Any CPU.Build.0 = Release|Any CPU
		{6F475A23-634A-4D17-8BC6-2747815F6C67}.Release|ARM.ActiveCfg = Release|Any CPU
		{6F475A23-634A-4D17-8BC6-2747815F6C67}.Release|ARM.Build.0 = Release|Any CPU
		{6F475A23-634A-4D17-8BC6-2747815F6C67}.Release|ARM64.ActiveCfg = Release|Any CPU
		{6F475A23-634A-4D17-8BC6-2747815F6C67}.Release|ARM64.Build.0 = Release|Any CPU
		{6F475A23-634A-4D17-8BC6-2747815F6C67}.Release|Win32.ActiveCfg = Release|Any CPU
		{6F475A23-634A-4D17-8BC6-2747815F6C67}.Release|Win32.Build.0 = Release|Any CPU
		{6F475A23-634A-4D17-8BC6-2747815F6C67}.Release|x64.ActiveCfg = Release|x64
		{6F475A23-634A-4D17-8BC6-2747815F6C67}.Release|x64.Build.0 = Release|x64
		{6F475A23-634A-4D17-8BC6-2747815F6C67}.Release|x86.ActiveCfg = Release|Any CPU
		{6F475A23-634A-4D17-8BC6-2747815F6C67}.Release|x86.Build.0 = Release|Any CPU
		{F92DBF5A-49FC-49C4-B0CC-63764B8E6FC9}.Debug|Any CPU.ActiveCfg = Debug|Any CPU
		{F92DBF5A-49FC-49C4-B0CC-63764B8E6FC9}.Debug|Any CPU.Build.0 = Debug|Any CPU
		{F92DBF5A-49FC-49C4-B0CC-63764B8E6FC9}.Debug|ARM.ActiveCfg = Debug|Any CPU
		{F92DBF5A-49FC-49C4-B0CC-63764B8E6FC9}.Debug|ARM.Build.0 = Debug|Any CPU
		{F92DBF5A-49FC-49C4-B0CC-63764B8E6FC9}.Debug|ARM64.ActiveCfg = Debug|Any CPU
		{F92DBF5A-49FC-49C4-B0CC-63764B8E6FC9}.Debug|ARM64.Build.0 = Debug|Any CPU
		{F92DBF5A-49FC-49C4-B0CC-63764B8E6FC9}.Debug|Win32.ActiveCfg = Debug|Any CPU
		{F92DBF5A-49FC-49C4-B0CC-63764B8E6FC9}.Debug|Win32.Build.0 = Debug|Any CPU
		{F92DBF5A-49FC-49C4-B0CC-63764B8E6FC9}.Debug|x64.ActiveCfg = Debug|x64
		{F92DBF5A-49FC-49C4-B0CC-63764B8E6FC9}.Debug|x64.Build.0 = Debug|x64
		{F92DBF5A-49FC-49C4-B0CC-63764B8E6FC9}.Debug|x86.ActiveCfg = Debug|Any CPU
		{F92DBF5A-49FC-49C4-B0CC-63764B8E6FC9}.Debug|x86.Build.0 = Debug|Any CPU
		{F92DBF5A-49FC-49C4-B0CC-63764B8E6FC9}.Release|Any CPU.ActiveCfg = Release|Any CPU
		{F92DBF5A-49FC-49C4-B0CC-63764B8E6FC9}.Release|Any CPU.Build.0 = Release|Any CPU
		{F92DBF5A-49FC-49C4-B0CC-63764B8E6FC9}.Release|ARM.ActiveCfg = Release|Any CPU
		{F92DBF5A-49FC-49C4-B0CC-63764B8E6FC9}.Release|ARM.Build.0 = Release|Any CPU
		{F92DBF5A-49FC-49C4-B0CC-63764B8E6FC9}.Release|ARM64.ActiveCfg = Release|Any CPU
		{F92DBF5A-49FC-49C4-B0CC-63764B8E6FC9}.Release|ARM64.Build.0 = Release|Any CPU
		{F92DBF5A-49FC-49C4-B0CC-63764B8E6FC9}.Release|Win32.ActiveCfg = Release|Any CPU
		{F92DBF5A-49FC-49C4-B0CC-63764B8E6FC9}.Release|Win32.Build.0 = Release|Any CPU
		{F92DBF5A-49FC-49C4-B0CC-63764B8E6FC9}.Release|x64.ActiveCfg = Release|x64
		{F92DBF5A-49FC-49C4-B0CC-63764B8E6FC9}.Release|x64.Build.0 = Release|x64
		{F92DBF5A-49FC-49C4-B0CC-63764B8E6FC9}.Release|x86.ActiveCfg = Release|Any CPU
		{F92DBF5A-49FC-49C4-B0CC-63764B8E6FC9}.Release|x86.Build.0 = Release|Any CPU
		{67C64BC2-F9E3-40EB-8198-12394E578A15}.Debug|Any CPU.ActiveCfg = Debug|x64
		{67C64BC2-F9E3-40EB-8198-12394E578A15}.Debug|Any CPU.Build.0 = Debug|x64
		{67C64BC2-F9E3-40EB-8198-12394E578A15}.Debug|ARM.ActiveCfg = Debug|Any CPU
		{67C64BC2-F9E3-40EB-8198-12394E578A15}.Debug|ARM.Build.0 = Debug|Any CPU
		{67C64BC2-F9E3-40EB-8198-12394E578A15}.Debug|ARM64.ActiveCfg = Debug|Any CPU
		{67C64BC2-F9E3-40EB-8198-12394E578A15}.Debug|ARM64.Build.0 = Debug|Any CPU
		{67C64BC2-F9E3-40EB-8198-12394E578A15}.Debug|Win32.ActiveCfg = Debug|Any CPU
		{67C64BC2-F9E3-40EB-8198-12394E578A15}.Debug|Win32.Build.0 = Debug|Any CPU
		{67C64BC2-F9E3-40EB-8198-12394E578A15}.Debug|x64.ActiveCfg = Debug|x64
		{67C64BC2-F9E3-40EB-8198-12394E578A15}.Debug|x64.Build.0 = Debug|x64
		{67C64BC2-F9E3-40EB-8198-12394E578A15}.Debug|x86.ActiveCfg = Debug|Any CPU
		{67C64BC2-F9E3-40EB-8198-12394E578A15}.Debug|x86.Build.0 = Debug|Any CPU
		{67C64BC2-F9E3-40EB-8198-12394E578A15}.Release|Any CPU.ActiveCfg = Release|Any CPU
		{67C64BC2-F9E3-40EB-8198-12394E578A15}.Release|Any CPU.Build.0 = Release|Any CPU
		{67C64BC2-F9E3-40EB-8198-12394E578A15}.Release|ARM.ActiveCfg = Release|Any CPU
		{67C64BC2-F9E3-40EB-8198-12394E578A15}.Release|ARM.Build.0 = Release|Any CPU
		{67C64BC2-F9E3-40EB-8198-12394E578A15}.Release|ARM64.ActiveCfg = Release|Any CPU
		{67C64BC2-F9E3-40EB-8198-12394E578A15}.Release|ARM64.Build.0 = Release|Any CPU
		{67C64BC2-F9E3-40EB-8198-12394E578A15}.Release|Win32.ActiveCfg = Release|Any CPU
		{67C64BC2-F9E3-40EB-8198-12394E578A15}.Release|Win32.Build.0 = Release|Any CPU
		{67C64BC2-F9E3-40EB-8198-12394E578A15}.Release|x64.ActiveCfg = Release|x64
		{67C64BC2-F9E3-40EB-8198-12394E578A15}.Release|x64.Build.0 = Release|x64
		{67C64BC2-F9E3-40EB-8198-12394E578A15}.Release|x86.ActiveCfg = Release|Any CPU
		{67C64BC2-F9E3-40EB-8198-12394E578A15}.Release|x86.Build.0 = Release|Any CPU
		{01659D91-B1B5-46EE-AC25-6506AA47747E}.Debug|Any CPU.ActiveCfg = Debug|Any CPU
		{01659D91-B1B5-46EE-AC25-6506AA47747E}.Debug|Any CPU.Build.0 = Debug|Any CPU
		{01659D91-B1B5-46EE-AC25-6506AA47747E}.Debug|ARM.ActiveCfg = Debug|Any CPU
		{01659D91-B1B5-46EE-AC25-6506AA47747E}.Debug|ARM.Build.0 = Debug|Any CPU
		{01659D91-B1B5-46EE-AC25-6506AA47747E}.Debug|ARM64.ActiveCfg = Debug|Any CPU
		{01659D91-B1B5-46EE-AC25-6506AA47747E}.Debug|ARM64.Build.0 = Debug|Any CPU
		{01659D91-B1B5-46EE-AC25-6506AA47747E}.Debug|Win32.ActiveCfg = Debug|Any CPU
		{01659D91-B1B5-46EE-AC25-6506AA47747E}.Debug|Win32.Build.0 = Debug|Any CPU
		{01659D91-B1B5-46EE-AC25-6506AA47747E}.Debug|x64.ActiveCfg = Debug|x64
		{01659D91-B1B5-46EE-AC25-6506AA47747E}.Debug|x64.Build.0 = Debug|x64
		{01659D91-B1B5-46EE-AC25-6506AA47747E}.Debug|x86.ActiveCfg = Debug|Any CPU
		{01659D91-B1B5-46EE-AC25-6506AA47747E}.Debug|x86.Build.0 = Debug|Any CPU
		{01659D91-B1B5-46EE-AC25-6506AA47747E}.Release|Any CPU.ActiveCfg = Release|Any CPU
		{01659D91-B1B5-46EE-AC25-6506AA47747E}.Release|Any CPU.Build.0 = Release|Any CPU
		{01659D91-B1B5-46EE-AC25-6506AA47747E}.Release|ARM.ActiveCfg = Release|Any CPU
		{01659D91-B1B5-46EE-AC25-6506AA47747E}.Release|ARM.Build.0 = Release|Any CPU
		{01659D91-B1B5-46EE-AC25-6506AA47747E}.Release|ARM64.ActiveCfg = Release|Any CPU
		{01659D91-B1B5-46EE-AC25-6506AA47747E}.Release|ARM64.Build.0 = Release|Any CPU
		{01659D91-B1B5-46EE-AC25-6506AA47747E}.Release|Win32.ActiveCfg = Release|Any CPU
		{01659D91-B1B5-46EE-AC25-6506AA47747E}.Release|Win32.Build.0 = Release|Any CPU
		{01659D91-B1B5-46EE-AC25-6506AA47747E}.Release|x64.ActiveCfg = Release|x64
		{01659D91-B1B5-46EE-AC25-6506AA47747E}.Release|x64.Build.0 = Release|x64
		{01659D91-B1B5-46EE-AC25-6506AA47747E}.Release|x86.ActiveCfg = Release|Any CPU
		{01659D91-B1B5-46EE-AC25-6506AA47747E}.Release|x86.Build.0 = Release|Any CPU
		{2077E638-438E-4FFD-B114-6E8B8235B2C9}.Debug|Any CPU.ActiveCfg = Debug|x64
		{2077E638-438E-4FFD-B114-6E8B8235B2C9}.Debug|Any CPU.Build.0 = Debug|x64
		{2077E638-438E-4FFD-B114-6E8B8235B2C9}.Debug|ARM.ActiveCfg = Debug|Any CPU
		{2077E638-438E-4FFD-B114-6E8B8235B2C9}.Debug|ARM.Build.0 = Debug|Any CPU
		{2077E638-438E-4FFD-B114-6E8B8235B2C9}.Debug|ARM64.ActiveCfg = Debug|Any CPU
		{2077E638-438E-4FFD-B114-6E8B8235B2C9}.Debug|ARM64.Build.0 = Debug|Any CPU
		{2077E638-438E-4FFD-B114-6E8B8235B2C9}.Debug|Win32.ActiveCfg = Debug|Any CPU
		{2077E638-438E-4FFD-B114-6E8B8235B2C9}.Debug|Win32.Build.0 = Debug|Any CPU
		{2077E638-438E-4FFD-B114-6E8B8235B2C9}.Debug|x64.ActiveCfg = Debug|x64
		{2077E638-438E-4FFD-B114-6E8B8235B2C9}.Debug|x64.Build.0 = Debug|x64
		{2077E638-438E-4FFD-B114-6E8B8235B2C9}.Debug|x86.ActiveCfg = Debug|Any CPU
		{2077E638-438E-4FFD-B114-6E8B8235B2C9}.Debug|x86.Build.0 = Debug|Any CPU
		{2077E638-438E-4FFD-B114-6E8B8235B2C9}.Release|Any CPU.ActiveCfg = Release|Any CPU
		{2077E638-438E-4FFD-B114-6E8B8235B2C9}.Release|Any CPU.Build.0 = Release|Any CPU
		{2077E638-438E-4FFD-B114-6E8B8235B2C9}.Release|ARM.ActiveCfg = Release|Any CPU
		{2077E638-438E-4FFD-B114-6E8B8235B2C9}.Release|ARM.Build.0 = Release|Any CPU
		{2077E638-438E-4FFD-B114-6E8B8235B2C9}.Release|ARM64.ActiveCfg = Release|Any CPU
		{2077E638-438E-4FFD-B114-6E8B8235B2C9}.Release|ARM64.Build.0 = Release|Any CPU
		{2077E638-438E-4FFD-B114-6E8B8235B2C9}.Release|Win32.ActiveCfg = Release|Any CPU
		{2077E638-438E-4FFD-B114-6E8B8235B2C9}.Release|Win32.Build.0 = Release|Any CPU
		{2077E638-438E-4FFD-B114-6E8B8235B2C9}.Release|x64.ActiveCfg = Release|x64
		{2077E638-438E-4FFD-B114-6E8B8235B2C9}.Release|x64.Build.0 = Release|x64
		{2077E638-438E-4FFD-B114-6E8B8235B2C9}.Release|x86.ActiveCfg = Release|Any CPU
		{2077E638-438E-4FFD-B114-6E8B8235B2C9}.Release|x86.Build.0 = Release|Any CPU
		{BBF430DC-B378-4F9A-95FB-06D4E7DE5864}.Debug|Any CPU.ActiveCfg = Debug|x64
		{BBF430DC-B378-4F9A-95FB-06D4E7DE5864}.Debug|Any CPU.Build.0 = Debug|x64
		{BBF430DC-B378-4F9A-95FB-06D4E7DE5864}.Debug|ARM.ActiveCfg = Debug|Any CPU
		{BBF430DC-B378-4F9A-95FB-06D4E7DE5864}.Debug|ARM.Build.0 = Debug|Any CPU
		{BBF430DC-B378-4F9A-95FB-06D4E7DE5864}.Debug|ARM64.ActiveCfg = Debug|Any CPU
		{BBF430DC-B378-4F9A-95FB-06D4E7DE5864}.Debug|ARM64.Build.0 = Debug|Any CPU
		{BBF430DC-B378-4F9A-95FB-06D4E7DE5864}.Debug|Win32.ActiveCfg = Debug|Any CPU
		{BBF430DC-B378-4F9A-95FB-06D4E7DE5864}.Debug|Win32.Build.0 = Debug|Any CPU
		{BBF430DC-B378-4F9A-95FB-06D4E7DE5864}.Debug|x64.ActiveCfg = Debug|x64
		{BBF430DC-B378-4F9A-95FB-06D4E7DE5864}.Debug|x64.Build.0 = Debug|x64
		{BBF430DC-B378-4F9A-95FB-06D4E7DE5864}.Debug|x86.ActiveCfg = Debug|Any CPU
		{BBF430DC-B378-4F9A-95FB-06D4E7DE5864}.Debug|x86.Build.0 = Debug|Any CPU
		{BBF430DC-B378-4F9A-95FB-06D4E7DE5864}.Release|Any CPU.ActiveCfg = Release|Any CPU
		{BBF430DC-B378-4F9A-95FB-06D4E7DE5864}.Release|Any CPU.Build.0 = Release|Any CPU
		{BBF430DC-B378-4F9A-95FB-06D4E7DE5864}.Release|ARM.ActiveCfg = Release|Any CPU
		{BBF430DC-B378-4F9A-95FB-06D4E7DE5864}.Release|ARM.Build.0 = Release|Any CPU
		{BBF430DC-B378-4F9A-95FB-06D4E7DE5864}.Release|ARM64.ActiveCfg = Release|Any CPU
		{BBF430DC-B378-4F9A-95FB-06D4E7DE5864}.Release|ARM64.Build.0 = Release|Any CPU
		{BBF430DC-B378-4F9A-95FB-06D4E7DE5864}.Release|Win32.ActiveCfg = Release|Any CPU
		{BBF430DC-B378-4F9A-95FB-06D4E7DE5864}.Release|Win32.Build.0 = Release|Any CPU
		{BBF430DC-B378-4F9A-95FB-06D4E7DE5864}.Release|x64.ActiveCfg = Release|x64
		{BBF430DC-B378-4F9A-95FB-06D4E7DE5864}.Release|x64.Build.0 = Release|x64
		{BBF430DC-B378-4F9A-95FB-06D4E7DE5864}.Release|x86.ActiveCfg = Release|Any CPU
		{BBF430DC-B378-4F9A-95FB-06D4E7DE5864}.Release|x86.Build.0 = Release|Any CPU
		{64F8D6F3-D552-4019-B4CC-A9F877EC0103}.Debug|Any CPU.ActiveCfg = Debug|x64
		{64F8D6F3-D552-4019-B4CC-A9F877EC0103}.Debug|Any CPU.Build.0 = Debug|x64
		{64F8D6F3-D552-4019-B4CC-A9F877EC0103}.Debug|ARM.ActiveCfg = Debug|Any CPU
		{64F8D6F3-D552-4019-B4CC-A9F877EC0103}.Debug|ARM.Build.0 = Debug|Any CPU
		{64F8D6F3-D552-4019-B4CC-A9F877EC0103}.Debug|ARM64.ActiveCfg = Debug|Any CPU
		{64F8D6F3-D552-4019-B4CC-A9F877EC0103}.Debug|ARM64.Build.0 = Debug|Any CPU
		{64F8D6F3-D552-4019-B4CC-A9F877EC0103}.Debug|Win32.ActiveCfg = Debug|Any CPU
		{64F8D6F3-D552-4019-B4CC-A9F877EC0103}.Debug|Win32.Build.0 = Debug|Any CPU
		{64F8D6F3-D552-4019-B4CC-A9F877EC0103}.Debug|x64.ActiveCfg = Debug|x64
		{64F8D6F3-D552-4019-B4CC-A9F877EC0103}.Debug|x64.Build.0 = Debug|x64
		{64F8D6F3-D552-4019-B4CC-A9F877EC0103}.Debug|x86.ActiveCfg = Debug|Any CPU
		{64F8D6F3-D552-4019-B4CC-A9F877EC0103}.Debug|x86.Build.0 = Debug|Any CPU
		{64F8D6F3-D552-4019-B4CC-A9F877EC0103}.Release|Any CPU.ActiveCfg = Release|Any CPU
		{64F8D6F3-D552-4019-B4CC-A9F877EC0103}.Release|Any CPU.Build.0 = Release|Any CPU
		{64F8D6F3-D552-4019-B4CC-A9F877EC0103}.Release|ARM.ActiveCfg = Release|Any CPU
		{64F8D6F3-D552-4019-B4CC-A9F877EC0103}.Release|ARM.Build.0 = Release|Any CPU
		{64F8D6F3-D552-4019-B4CC-A9F877EC0103}.Release|ARM64.ActiveCfg = Release|Any CPU
		{64F8D6F3-D552-4019-B4CC-A9F877EC0103}.Release|ARM64.Build.0 = Release|Any CPU
		{64F8D6F3-D552-4019-B4CC-A9F877EC0103}.Release|Win32.ActiveCfg = Release|Any CPU
		{64F8D6F3-D552-4019-B4CC-A9F877EC0103}.Release|Win32.Build.0 = Release|Any CPU
		{64F8D6F3-D552-4019-B4CC-A9F877EC0103}.Release|x64.ActiveCfg = Release|x64
		{64F8D6F3-D552-4019-B4CC-A9F877EC0103}.Release|x64.Build.0 = Release|x64
		{64F8D6F3-D552-4019-B4CC-A9F877EC0103}.Release|x86.ActiveCfg = Release|Any CPU
		{64F8D6F3-D552-4019-B4CC-A9F877EC0103}.Release|x86.Build.0 = Release|Any CPU
		{0BA094A2-282F-4591-9551-3233F24F0F4D}.Debug|Any CPU.ActiveCfg = Debug|x64
		{0BA094A2-282F-4591-9551-3233F24F0F4D}.Debug|Any CPU.Build.0 = Debug|x64
		{0BA094A2-282F-4591-9551-3233F24F0F4D}.Debug|ARM.ActiveCfg = Debug|x64
		{0BA094A2-282F-4591-9551-3233F24F0F4D}.Debug|ARM.Build.0 = Debug|x64
		{0BA094A2-282F-4591-9551-3233F24F0F4D}.Debug|ARM64.ActiveCfg = Debug|x64
		{0BA094A2-282F-4591-9551-3233F24F0F4D}.Debug|ARM64.Build.0 = Debug|x64
		{0BA094A2-282F-4591-9551-3233F24F0F4D}.Debug|Win32.ActiveCfg = Debug|x64
		{0BA094A2-282F-4591-9551-3233F24F0F4D}.Debug|Win32.Build.0 = Debug|x64
		{0BA094A2-282F-4591-9551-3233F24F0F4D}.Debug|x64.ActiveCfg = Debug|x64
		{0BA094A2-282F-4591-9551-3233F24F0F4D}.Debug|x64.Build.0 = Debug|x64
		{0BA094A2-282F-4591-9551-3233F24F0F4D}.Debug|x86.ActiveCfg = Debug|x64
		{0BA094A2-282F-4591-9551-3233F24F0F4D}.Debug|x86.Build.0 = Debug|x64
		{0BA094A2-282F-4591-9551-3233F24F0F4D}.Release|Any CPU.ActiveCfg = Release|x64
		{0BA094A2-282F-4591-9551-3233F24F0F4D}.Release|Any CPU.Build.0 = Release|x64
		{0BA094A2-282F-4591-9551-3233F24F0F4D}.Release|ARM.ActiveCfg = Release|x64
		{0BA094A2-282F-4591-9551-3233F24F0F4D}.Release|ARM.Build.0 = Release|x64
		{0BA094A2-282F-4591-9551-3233F24F0F4D}.Release|ARM64.ActiveCfg = Release|x64
		{0BA094A2-282F-4591-9551-3233F24F0F4D}.Release|ARM64.Build.0 = Release|x64
		{0BA094A2-282F-4591-9551-3233F24F0F4D}.Release|Win32.ActiveCfg = Release|x64
		{0BA094A2-282F-4591-9551-3233F24F0F4D}.Release|Win32.Build.0 = Release|x64
		{0BA094A2-282F-4591-9551-3233F24F0F4D}.Release|x64.ActiveCfg = Release|x64
		{0BA094A2-282F-4591-9551-3233F24F0F4D}.Release|x64.Build.0 = Release|x64
		{0BA094A2-282F-4591-9551-3233F24F0F4D}.Release|x86.ActiveCfg = Release|x64
		{0BA094A2-282F-4591-9551-3233F24F0F4D}.Release|x86.Build.0 = Release|x64
		{CB37EF81-1854-4503-A048-F53A986E3BCB}.Debug|Any CPU.ActiveCfg = Debug|Any CPU
		{CB37EF81-1854-4503-A048-F53A986E3BCB}.Debug|Any CPU.Build.0 = Debug|Any CPU
		{CB37EF81-1854-4503-A048-F53A986E3BCB}.Debug|ARM.ActiveCfg = Debug|Any CPU
		{CB37EF81-1854-4503-A048-F53A986E3BCB}.Debug|ARM.Build.0 = Debug|Any CPU
		{CB37EF81-1854-4503-A048-F53A986E3BCB}.Debug|ARM64.ActiveCfg = Debug|Any CPU
		{CB37EF81-1854-4503-A048-F53A986E3BCB}.Debug|ARM64.Build.0 = Debug|Any CPU
		{CB37EF81-1854-4503-A048-F53A986E3BCB}.Debug|Win32.ActiveCfg = Debug|Any CPU
		{CB37EF81-1854-4503-A048-F53A986E3BCB}.Debug|Win32.Build.0 = Debug|Any CPU
		{CB37EF81-1854-4503-A048-F53A986E3BCB}.Debug|x64.ActiveCfg = Debug|x64
		{CB37EF81-1854-4503-A048-F53A986E3BCB}.Debug|x64.Build.0 = Debug|x64
		{CB37EF81-1854-4503-A048-F53A986E3BCB}.Debug|x86.ActiveCfg = Debug|Any CPU
		{CB37EF81-1854-4503-A048-F53A986E3BCB}.Debug|x86.Build.0 = Debug|Any CPU
		{CB37EF81-1854-4503-A048-F53A986E3BCB}.Release|Any CPU.ActiveCfg = Release|Any CPU
		{CB37EF81-1854-4503-A048-F53A986E3BCB}.Release|Any CPU.Build.0 = Release|Any CPU
		{CB37EF81-1854-4503-A048-F53A986E3BCB}.Release|ARM.ActiveCfg = Release|Any CPU
		{CB37EF81-1854-4503-A048-F53A986E3BCB}.Release|ARM.Build.0 = Release|Any CPU
		{CB37EF81-1854-4503-A048-F53A986E3BCB}.Release|ARM64.ActiveCfg = Release|Any CPU
		{CB37EF81-1854-4503-A048-F53A986E3BCB}.Release|ARM64.Build.0 = Release|Any CPU
		{CB37EF81-1854-4503-A048-F53A986E3BCB}.Release|Win32.ActiveCfg = Release|Any CPU
		{CB37EF81-1854-4503-A048-F53A986E3BCB}.Release|Win32.Build.0 = Release|Any CPU
		{CB37EF81-1854-4503-A048-F53A986E3BCB}.Release|x64.ActiveCfg = Release|x64
		{CB37EF81-1854-4503-A048-F53A986E3BCB}.Release|x64.Build.0 = Release|x64
		{CB37EF81-1854-4503-A048-F53A986E3BCB}.Release|x86.ActiveCfg = Release|Any CPU
		{CB37EF81-1854-4503-A048-F53A986E3BCB}.Release|x86.Build.0 = Release|Any CPU
		{BB2B0722-DD91-440F-A492-A6357054B3F2}.Debug|Any CPU.ActiveCfg = Debug|Any CPU
		{BB2B0722-DD91-440F-A492-A6357054B3F2}.Debug|Any CPU.Build.0 = Debug|Any CPU
		{BB2B0722-DD91-440F-A492-A6357054B3F2}.Debug|ARM.ActiveCfg = Debug|Any CPU
		{BB2B0722-DD91-440F-A492-A6357054B3F2}.Debug|ARM.Build.0 = Debug|Any CPU
		{BB2B0722-DD91-440F-A492-A6357054B3F2}.Debug|ARM64.ActiveCfg = Debug|Any CPU
		{BB2B0722-DD91-440F-A492-A6357054B3F2}.Debug|ARM64.Build.0 = Debug|Any CPU
		{BB2B0722-DD91-440F-A492-A6357054B3F2}.Debug|Win32.ActiveCfg = Debug|Any CPU
		{BB2B0722-DD91-440F-A492-A6357054B3F2}.Debug|Win32.Build.0 = Debug|Any CPU
		{BB2B0722-DD91-440F-A492-A6357054B3F2}.Debug|x64.ActiveCfg = Debug|x64
		{BB2B0722-DD91-440F-A492-A6357054B3F2}.Debug|x64.Build.0 = Debug|x64
		{BB2B0722-DD91-440F-A492-A6357054B3F2}.Debug|x86.ActiveCfg = Debug|Any CPU
		{BB2B0722-DD91-440F-A492-A6357054B3F2}.Debug|x86.Build.0 = Debug|Any CPU
		{BB2B0722-DD91-440F-A492-A6357054B3F2}.Release|Any CPU.ActiveCfg = Release|Any CPU
		{BB2B0722-DD91-440F-A492-A6357054B3F2}.Release|Any CPU.Build.0 = Release|Any CPU
		{BB2B0722-DD91-440F-A492-A6357054B3F2}.Release|ARM.ActiveCfg = Release|Any CPU
		{BB2B0722-DD91-440F-A492-A6357054B3F2}.Release|ARM.Build.0 = Release|Any CPU
		{BB2B0722-DD91-440F-A492-A6357054B3F2}.Release|ARM64.ActiveCfg = Release|Any CPU
		{BB2B0722-DD91-440F-A492-A6357054B3F2}.Release|ARM64.Build.0 = Release|Any CPU
		{BB2B0722-DD91-440F-A492-A6357054B3F2}.Release|Win32.ActiveCfg = Release|Any CPU
		{BB2B0722-DD91-440F-A492-A6357054B3F2}.Release|Win32.Build.0 = Release|Any CPU
		{BB2B0722-DD91-440F-A492-A6357054B3F2}.Release|x64.ActiveCfg = Release|x64
		{BB2B0722-DD91-440F-A492-A6357054B3F2}.Release|x64.Build.0 = Release|x64
		{BB2B0722-DD91-440F-A492-A6357054B3F2}.Release|x86.ActiveCfg = Release|Any CPU
		{BB2B0722-DD91-440F-A492-A6357054B3F2}.Release|x86.Build.0 = Release|Any CPU
		{ED3527C9-FE2A-4BAE-A64C-3A4DB100C917}.Debug|Any CPU.ActiveCfg = Debug|x64
		{ED3527C9-FE2A-4BAE-A64C-3A4DB100C917}.Debug|Any CPU.Build.0 = Debug|x64
		{ED3527C9-FE2A-4BAE-A64C-3A4DB100C917}.Debug|ARM.ActiveCfg = Debug|x64
		{ED3527C9-FE2A-4BAE-A64C-3A4DB100C917}.Debug|ARM.Build.0 = Debug|x64
		{ED3527C9-FE2A-4BAE-A64C-3A4DB100C917}.Debug|ARM64.ActiveCfg = Debug|x64
		{ED3527C9-FE2A-4BAE-A64C-3A4DB100C917}.Debug|ARM64.Build.0 = Debug|x64
		{ED3527C9-FE2A-4BAE-A64C-3A4DB100C917}.Debug|Win32.ActiveCfg = Debug|Win32
		{ED3527C9-FE2A-4BAE-A64C-3A4DB100C917}.Debug|Win32.Build.0 = Debug|Win32
		{ED3527C9-FE2A-4BAE-A64C-3A4DB100C917}.Debug|x64.ActiveCfg = Debug|x64
		{ED3527C9-FE2A-4BAE-A64C-3A4DB100C917}.Debug|x64.Build.0 = Debug|x64
		{ED3527C9-FE2A-4BAE-A64C-3A4DB100C917}.Debug|x86.ActiveCfg = Debug|Win32
		{ED3527C9-FE2A-4BAE-A64C-3A4DB100C917}.Debug|x86.Build.0 = Debug|Win32
		{ED3527C9-FE2A-4BAE-A64C-3A4DB100C917}.Release|Any CPU.ActiveCfg = Release|x64
		{ED3527C9-FE2A-4BAE-A64C-3A4DB100C917}.Release|Any CPU.Build.0 = Release|x64
		{ED3527C9-FE2A-4BAE-A64C-3A4DB100C917}.Release|ARM.ActiveCfg = Release|x64
		{ED3527C9-FE2A-4BAE-A64C-3A4DB100C917}.Release|ARM.Build.0 = Release|x64
		{ED3527C9-FE2A-4BAE-A64C-3A4DB100C917}.Release|ARM64.ActiveCfg = Release|x64
		{ED3527C9-FE2A-4BAE-A64C-3A4DB100C917}.Release|ARM64.Build.0 = Release|x64
		{ED3527C9-FE2A-4BAE-A64C-3A4DB100C917}.Release|Win32.ActiveCfg = Release|Win32
		{ED3527C9-FE2A-4BAE-A64C-3A4DB100C917}.Release|Win32.Build.0 = Release|Win32
		{ED3527C9-FE2A-4BAE-A64C-3A4DB100C917}.Release|x64.ActiveCfg = Release|x64
		{ED3527C9-FE2A-4BAE-A64C-3A4DB100C917}.Release|x64.Build.0 = Release|x64
		{ED3527C9-FE2A-4BAE-A64C-3A4DB100C917}.Release|x86.ActiveCfg = Release|Win32
		{ED3527C9-FE2A-4BAE-A64C-3A4DB100C917}.Release|x86.Build.0 = Release|Win32
		{7808D154-179F-4381-8966-C0D96341FBCC}.Debug|Any CPU.ActiveCfg = Debug|Any CPU
		{7808D154-179F-4381-8966-C0D96341FBCC}.Debug|Any CPU.Build.0 = Debug|Any CPU
		{7808D154-179F-4381-8966-C0D96341FBCC}.Debug|ARM.ActiveCfg = Debug|Any CPU
		{7808D154-179F-4381-8966-C0D96341FBCC}.Debug|ARM.Build.0 = Debug|Any CPU
		{7808D154-179F-4381-8966-C0D96341FBCC}.Debug|ARM64.ActiveCfg = Debug|Any CPU
		{7808D154-179F-4381-8966-C0D96341FBCC}.Debug|ARM64.Build.0 = Debug|Any CPU
		{7808D154-179F-4381-8966-C0D96341FBCC}.Debug|Win32.ActiveCfg = Debug|Any CPU
		{7808D154-179F-4381-8966-C0D96341FBCC}.Debug|Win32.Build.0 = Debug|Any CPU
		{7808D154-179F-4381-8966-C0D96341FBCC}.Debug|x64.ActiveCfg = Debug|x64
		{7808D154-179F-4381-8966-C0D96341FBCC}.Debug|x64.Build.0 = Debug|x64
		{7808D154-179F-4381-8966-C0D96341FBCC}.Debug|x86.ActiveCfg = Debug|Any CPU
		{7808D154-179F-4381-8966-C0D96341FBCC}.Debug|x86.Build.0 = Debug|Any CPU
		{7808D154-179F-4381-8966-C0D96341FBCC}.Release|Any CPU.ActiveCfg = Release|Any CPU
		{7808D154-179F-4381-8966-C0D96341FBCC}.Release|Any CPU.Build.0 = Release|Any CPU
		{7808D154-179F-4381-8966-C0D96341FBCC}.Release|ARM.ActiveCfg = Release|Any CPU
		{7808D154-179F-4381-8966-C0D96341FBCC}.Release|ARM.Build.0 = Release|Any CPU
		{7808D154-179F-4381-8966-C0D96341FBCC}.Release|ARM64.ActiveCfg = Release|Any CPU
		{7808D154-179F-4381-8966-C0D96341FBCC}.Release|ARM64.Build.0 = Release|Any CPU
		{7808D154-179F-4381-8966-C0D96341FBCC}.Release|Win32.ActiveCfg = Release|Any CPU
		{7808D154-179F-4381-8966-C0D96341FBCC}.Release|Win32.Build.0 = Release|Any CPU
		{7808D154-179F-4381-8966-C0D96341FBCC}.Release|x64.ActiveCfg = Release|x64
		{7808D154-179F-4381-8966-C0D96341FBCC}.Release|x64.Build.0 = Release|x64
		{7808D154-179F-4381-8966-C0D96341FBCC}.Release|x86.ActiveCfg = Release|Any CPU
		{7808D154-179F-4381-8966-C0D96341FBCC}.Release|x86.Build.0 = Release|Any CPU
		{6E5CE63A-7DBE-4157-8FA3-3903136DB470}.Debug|Any CPU.ActiveCfg = Debug|Any CPU
		{6E5CE63A-7DBE-4157-8FA3-3903136DB470}.Debug|Any CPU.Build.0 = Debug|Any CPU
		{6E5CE63A-7DBE-4157-8FA3-3903136DB470}.Debug|ARM.ActiveCfg = Debug|Any CPU
		{6E5CE63A-7DBE-4157-8FA3-3903136DB470}.Debug|ARM.Build.0 = Debug|Any CPU
		{6E5CE63A-7DBE-4157-8FA3-3903136DB470}.Debug|ARM64.ActiveCfg = Debug|Any CPU
		{6E5CE63A-7DBE-4157-8FA3-3903136DB470}.Debug|ARM64.Build.0 = Debug|Any CPU
		{6E5CE63A-7DBE-4157-8FA3-3903136DB470}.Debug|Win32.ActiveCfg = Debug|Any CPU
		{6E5CE63A-7DBE-4157-8FA3-3903136DB470}.Debug|Win32.Build.0 = Debug|Any CPU
		{6E5CE63A-7DBE-4157-8FA3-3903136DB470}.Debug|x64.ActiveCfg = Debug|x64
		{6E5CE63A-7DBE-4157-8FA3-3903136DB470}.Debug|x64.Build.0 = Debug|x64
		{6E5CE63A-7DBE-4157-8FA3-3903136DB470}.Debug|x86.ActiveCfg = Debug|Any CPU
		{6E5CE63A-7DBE-4157-8FA3-3903136DB470}.Debug|x86.Build.0 = Debug|Any CPU
		{6E5CE63A-7DBE-4157-8FA3-3903136DB470}.Release|Any CPU.ActiveCfg = Release|Any CPU
		{6E5CE63A-7DBE-4157-8FA3-3903136DB470}.Release|Any CPU.Build.0 = Release|Any CPU
		{6E5CE63A-7DBE-4157-8FA3-3903136DB470}.Release|ARM.ActiveCfg = Release|Any CPU
		{6E5CE63A-7DBE-4157-8FA3-3903136DB470}.Release|ARM.Build.0 = Release|Any CPU
		{6E5CE63A-7DBE-4157-8FA3-3903136DB470}.Release|ARM64.ActiveCfg = Release|Any CPU
		{6E5CE63A-7DBE-4157-8FA3-3903136DB470}.Release|ARM64.Build.0 = Release|Any CPU
		{6E5CE63A-7DBE-4157-8FA3-3903136DB470}.Release|Win32.ActiveCfg = Release|Any CPU
		{6E5CE63A-7DBE-4157-8FA3-3903136DB470}.Release|Win32.Build.0 = Release|Any CPU
		{6E5CE63A-7DBE-4157-8FA3-3903136DB470}.Release|x64.ActiveCfg = Release|x64
		{6E5CE63A-7DBE-4157-8FA3-3903136DB470}.Release|x64.Build.0 = Release|x64
		{6E5CE63A-7DBE-4157-8FA3-3903136DB470}.Release|x86.ActiveCfg = Release|Any CPU
		{6E5CE63A-7DBE-4157-8FA3-3903136DB470}.Release|x86.Build.0 = Release|Any CPU
		{5071A2A6-A1DA-418B-AA9A-6826FC72D039}.Debug|Any CPU.ActiveCfg = Debug|x64
		{5071A2A6-A1DA-418B-AA9A-6826FC72D039}.Debug|Any CPU.Build.0 = Debug|x64
		{5071A2A6-A1DA-418B-AA9A-6826FC72D039}.Debug|ARM.ActiveCfg = Debug|x64
		{5071A2A6-A1DA-418B-AA9A-6826FC72D039}.Debug|ARM.Build.0 = Debug|x64
		{5071A2A6-A1DA-418B-AA9A-6826FC72D039}.Debug|ARM64.ActiveCfg = Debug|x64
		{5071A2A6-A1DA-418B-AA9A-6826FC72D039}.Debug|ARM64.Build.0 = Debug|x64
		{5071A2A6-A1DA-418B-AA9A-6826FC72D039}.Debug|Win32.ActiveCfg = Debug|x64
		{5071A2A6-A1DA-418B-AA9A-6826FC72D039}.Debug|Win32.Build.0 = Debug|x64
		{5071A2A6-A1DA-418B-AA9A-6826FC72D039}.Debug|x64.ActiveCfg = Debug|x64
		{5071A2A6-A1DA-418B-AA9A-6826FC72D039}.Debug|x64.Build.0 = Debug|x64
		{5071A2A6-A1DA-418B-AA9A-6826FC72D039}.Debug|x86.ActiveCfg = Debug|x64
		{5071A2A6-A1DA-418B-AA9A-6826FC72D039}.Debug|x86.Build.0 = Debug|x64
		{5071A2A6-A1DA-418B-AA9A-6826FC72D039}.Release|Any CPU.ActiveCfg = Release|x64
		{5071A2A6-A1DA-418B-AA9A-6826FC72D039}.Release|Any CPU.Build.0 = Release|x64
		{5071A2A6-A1DA-418B-AA9A-6826FC72D039}.Release|ARM.ActiveCfg = Release|x64
		{5071A2A6-A1DA-418B-AA9A-6826FC72D039}.Release|ARM.Build.0 = Release|x64
		{5071A2A6-A1DA-418B-AA9A-6826FC72D039}.Release|ARM64.ActiveCfg = Release|x64
		{5071A2A6-A1DA-418B-AA9A-6826FC72D039}.Release|ARM64.Build.0 = Release|x64
		{5071A2A6-A1DA-418B-AA9A-6826FC72D039}.Release|Win32.ActiveCfg = Release|x64
		{5071A2A6-A1DA-418B-AA9A-6826FC72D039}.Release|Win32.Build.0 = Release|x64
		{5071A2A6-A1DA-418B-AA9A-6826FC72D039}.Release|x64.ActiveCfg = Release|x64
		{5071A2A6-A1DA-418B-AA9A-6826FC72D039}.Release|x64.Build.0 = Release|x64
		{5071A2A6-A1DA-418B-AA9A-6826FC72D039}.Release|x86.ActiveCfg = Release|x64
		{5071A2A6-A1DA-418B-AA9A-6826FC72D039}.Release|x86.Build.0 = Release|x64
	EndGlobalSection
	GlobalSection(SolutionProperties) = preSolution
		HideSolutionNode = FALSE
	EndGlobalSection
	GlobalSection(NestedProjects) = preSolution
		{225B45CC-6FDA-4E3F-A24F-8DF96A5F88A9} = {44BD5DF0-6B8D-4FA3-9121-6128814A615F}
		{EF27CFCF-67AA-4702-803C-DE8CAB11A8E3} = {25AAF06D-CFD2-43E6-97BE-9E709AE7BD23}
		{6F475A23-634A-4D17-8BC6-2747815F6C67} = {9A63B212-42AC-42D5-B718-05A1B31F1A2F}
		{F92DBF5A-49FC-49C4-B0CC-63764B8E6FC9} = {25AAF06D-CFD2-43E6-97BE-9E709AE7BD23}
		{67C64BC2-F9E3-40EB-8198-12394E578A15} = {9A63B212-42AC-42D5-B718-05A1B31F1A2F}
		{01659D91-B1B5-46EE-AC25-6506AA47747E} = {A1748F28-0C2D-45BC-8E8B-85D5411A8B56}
		{BBF430DC-B378-4F9A-95FB-06D4E7DE5864} = {A1748F28-0C2D-45BC-8E8B-85D5411A8B56}
		{64F8D6F3-D552-4019-B4CC-A9F877EC0103} = {44BD5DF0-6B8D-4FA3-9121-6128814A615F}
		{0BA094A2-282F-4591-9551-3233F24F0F4D} = {9A63B212-42AC-42D5-B718-05A1B31F1A2F}
		{CB37EF81-1854-4503-A048-F53A986E3BCB} = {550DC87E-C118-4FB5-9894-F7C81CF4C949}
		{BB2B0722-DD91-440F-A492-A6357054B3F2} = {01839B2E-E4B4-4EBC-BF4D-D462CA8061CC}
		{ED3527C9-FE2A-4BAE-A64C-3A4DB100C917} = {550DC87E-C118-4FB5-9894-F7C81CF4C949}
		{7808D154-179F-4381-8966-C0D96341FBCC} = {A1748F28-0C2D-45BC-8E8B-85D5411A8B56}
		{6E5CE63A-7DBE-4157-8FA3-3903136DB470} = {01839B2E-E4B4-4EBC-BF4D-D462CA8061CC}
		{5071A2A6-A1DA-418B-AA9A-6826FC72D039} = {01839B2E-E4B4-4EBC-BF4D-D462CA8061CC}
	EndGlobalSection
	GlobalSection(ExtensibilityGlobals) = postSolution
		SolutionGuid = {8BB6230C-DBE6-49A4-ADE9-D56E664344D0}
	EndGlobalSection
EndGlobal
