
Microsoft Visual Studio Solution File, Format Version 12.00
# Visual Studio Version 17
VisualStudioVersion = 17.3.32901.215
MinimumVisualStudioVersion = 10.0.40219.1
Project("{9A19103F-16F7-4668-BE54-9A1E7A4F7556}") = "MEngineService", "src_FGEN\MEngineService\MEngineService.csproj", "{B2575435-5361-4CAA-BCE7-C3F4E0667CB2}"
EndProject
Project("{9A19103F-16F7-4668-BE54-9A1E7A4F7556}") = "QdDotNetConsoleTest", "src_FGEN\QdDotNetConsoleTest\QdDotNetConsoleTest.csproj", "{DF8D9693-BFA8-4DC6-8DD7-ACE04DE92249}"
EndProject
Project("{8BC9CEB8-8B4A-11D0-8D11-00A0C91BC942}") = "MSetGenerator", "src_FGEN\MSetGenerator\MSetGenerator.vcxproj", "{3CE9A298-771A-486F-A201-E2806E6E36C7}"
EndProject
Project("{54435603-DBB4-11D2-8724-00A0C9A8B90C}") = "ServerSetup", "ServerSetup\ServerSetup.vdproj", "{B5534D7E-0D2D-40A6-8DCD-6E76462CD9D9}"
EndProject
Global
	GlobalSection(SolutionConfigurationPlatforms) = preSolution
		Debug|Any CPU = Debug|Any CPU
		Debug|ARM = Debug|ARM
		Debug|ARM64 = Debug|ARM64
		Debug|Win32 = Debug|Win32
		Debug|x64 = Debug|x64
		Debug|x86 = Debug|x86
		Release|Any CPU = Release|Any CPU
		Release|ARM = Release|ARM
		Release|ARM64 = Release|ARM64
		Release|Win32 = Release|Win32
		Release|x64 = Release|x64
		Release|x86 = Release|x86
	EndGlobalSection
	GlobalSection(ProjectConfigurationPlatforms) = postSolution
		{B2575435-5361-4CAA-BCE7-C3F4E0667CB2}.Debug|Any CPU.ActiveCfg = Debug|Any CPU
		{B2575435-5361-4CAA-BCE7-C3F4E0667CB2}.Debug|Any CPU.Build.0 = Debug|Any CPU
		{B2575435-5361-4CAA-BCE7-C3F4E0667CB2}.Debug|ARM.ActiveCfg = Debug|Any CPU
		{B2575435-5361-4CAA-BCE7-C3F4E0667CB2}.Debug|ARM.Build.0 = Debug|Any CPU
		{B2575435-5361-4CAA-BCE7-C3F4E0667CB2}.Debug|ARM64.ActiveCfg = Debug|Any CPU
		{B2575435-5361-4CAA-BCE7-C3F4E0667CB2}.Debug|ARM64.Build.0 = Debug|Any CPU
		{B2575435-5361-4CAA-BCE7-C3F4E0667CB2}.Debug|Win32.ActiveCfg = Debug|Any CPU
		{B2575435-5361-4CAA-BCE7-C3F4E0667CB2}.Debug|Win32.Build.0 = Debug|Any CPU
		{B2575435-5361-4CAA-BCE7-C3F4E0667CB2}.Debug|x64.ActiveCfg = Debug|x64
		{B2575435-5361-4CAA-BCE7-C3F4E0667CB2}.Debug|x64.Build.0 = Debug|x64
		{B2575435-5361-4CAA-BCE7-C3F4E0667CB2}.Debug|x86.ActiveCfg = Debug|Any CPU
		{B2575435-5361-4CAA-BCE7-C3F4E0667CB2}.Debug|x86.Build.0 = Debug|Any CPU
		{B2575435-5361-4CAA-BCE7-C3F4E0667CB2}.Release|Any CPU.ActiveCfg = Release|Any CPU
		{B2575435-5361-4CAA-BCE7-C3F4E0667CB2}.Release|Any CPU.Build.0 = Release|Any CPU
		{B2575435-5361-4CAA-BCE7-C3F4E0667CB2}.Release|ARM.ActiveCfg = Release|Any CPU
		{B2575435-5361-4CAA-BCE7-C3F4E0667CB2}.Release|ARM.Build.0 = Release|Any CPU
		{B2575435-5361-4CAA-BCE7-C3F4E0667CB2}.Release|ARM64.ActiveCfg = Release|Any CPU
		{B2575435-5361-4CAA-BCE7-C3F4E0667CB2}.Release|ARM64.Build.0 = Release|Any CPU
		{B2575435-5361-4CAA-BCE7-C3F4E0667CB2}.Release|Win32.ActiveCfg = Release|Any CPU
		{B2575435-5361-4CAA-BCE7-C3F4E0667CB2}.Release|Win32.Build.0 = Release|Any CPU
		{B2575435-5361-4CAA-BCE7-C3F4E0667CB2}.Release|x64.ActiveCfg = Release|Any CPU
		{B2575435-5361-4CAA-BCE7-C3F4E0667CB2}.Release|x64.Build.0 = Release|Any CPU
		{B2575435-5361-4CAA-BCE7-C3F4E0667CB2}.Release|x86.ActiveCfg = Release|Any CPU
		{B2575435-5361-4CAA-BCE7-C3F4E0667CB2}.Release|x86.Build.0 = Release|Any CPU
		{DF8D9693-BFA8-4DC6-8DD7-ACE04DE92249}.Debug|Any CPU.ActiveCfg = Debug|Any CPU
		{DF8D9693-BFA8-4DC6-8DD7-ACE04DE92249}.Debug|Any CPU.Build.0 = Debug|Any CPU
		{DF8D9693-BFA8-4DC6-8DD7-ACE04DE92249}.Debug|ARM.ActiveCfg = Debug|Any CPU
		{DF8D9693-BFA8-4DC6-8DD7-ACE04DE92249}.Debug|ARM.Build.0 = Debug|Any CPU
		{DF8D9693-BFA8-4DC6-8DD7-ACE04DE92249}.Debug|ARM64.ActiveCfg = Debug|Any CPU
		{DF8D9693-BFA8-4DC6-8DD7-ACE04DE92249}.Debug|ARM64.Build.0 = Debug|Any CPU
		{DF8D9693-BFA8-4DC6-8DD7-ACE04DE92249}.Debug|Win32.ActiveCfg = Debug|Any CPU
		{DF8D9693-BFA8-4DC6-8DD7-ACE04DE92249}.Debug|Win32.Build.0 = Debug|Any CPU
		{DF8D9693-BFA8-4DC6-8DD7-ACE04DE92249}.Debug|x64.ActiveCfg = Debug|x64
		{DF8D9693-BFA8-4DC6-8DD7-ACE04DE92249}.Debug|x86.ActiveCfg = Debug|Any CPU
		{DF8D9693-BFA8-4DC6-8DD7-ACE04DE92249}.Debug|x86.Build.0 = Debug|Any CPU
		{DF8D9693-BFA8-4DC6-8DD7-ACE04DE92249}.Release|Any CPU.ActiveCfg = Release|Any CPU
		{DF8D9693-BFA8-4DC6-8DD7-ACE04DE92249}.Release|Any CPU.Build.0 = Release|Any CPU
		{DF8D9693-BFA8-4DC6-8DD7-ACE04DE92249}.Release|ARM.ActiveCfg = Release|Any CPU
		{DF8D9693-BFA8-4DC6-8DD7-ACE04DE92249}.Release|ARM.Build.0 = Release|Any CPU
		{DF8D9693-BFA8-4DC6-8DD7-ACE04DE92249}.Release|ARM64.ActiveCfg = Release|Any CPU
		{DF8D9693-BFA8-4DC6-8DD7-ACE04DE92249}.Release|ARM64.Build.0 = Release|Any CPU
		{DF8D9693-BFA8-4DC6-8DD7-ACE04DE92249}.Release|Win32.ActiveCfg = Release|Any CPU
		{DF8D9693-BFA8-4DC6-8DD7-ACE04DE92249}.Release|Win32.Build.0 = Release|Any CPU
		{DF8D9693-BFA8-4DC6-8DD7-ACE04DE92249}.Release|x64.ActiveCfg = Release|Any CPU
		{DF8D9693-BFA8-4DC6-8DD7-ACE04DE92249}.Release|x64.Build.0 = Release|Any CPU
		{DF8D9693-BFA8-4DC6-8DD7-ACE04DE92249}.Release|x86.ActiveCfg = Release|Any CPU
		{DF8D9693-BFA8-4DC6-8DD7-ACE04DE92249}.Release|x86.Build.0 = Release|Any CPU
		{3CE9A298-771A-486F-A201-E2806E6E36C7}.Debug|Any CPU.ActiveCfg = Debug|Win32
		{3CE9A298-771A-486F-A201-E2806E6E36C7}.Debug|ARM.ActiveCfg = Debug|Win32
		{3CE9A298-771A-486F-A201-E2806E6E36C7}.Debug|ARM64.ActiveCfg = Debug|Win32
		{3CE9A298-771A-486F-A201-E2806E6E36C7}.Debug|Win32.ActiveCfg = Debug|Win32
		{3CE9A298-771A-486F-A201-E2806E6E36C7}.Debug|Win32.Build.0 = Debug|Win32
		{3CE9A298-771A-486F-A201-E2806E6E36C7}.Debug|x64.ActiveCfg = Debug|x64
		{3CE9A298-771A-486F-A201-E2806E6E36C7}.Debug|x64.Build.0 = Debug|x64
		{3CE9A298-771A-486F-A201-E2806E6E36C7}.Debug|x86.ActiveCfg = Debug|Win32
		{3CE9A298-771A-486F-A201-E2806E6E36C7}.Debug|x86.Build.0 = Debug|Win32
		{3CE9A298-771A-486F-A201-E2806E6E36C7}.Release|Any CPU.ActiveCfg = Release|Win32
		{3CE9A298-771A-486F-A201-E2806E6E36C7}.Release|ARM.ActiveCfg = Release|Win32
		{3CE9A298-771A-486F-A201-E2806E6E36C7}.Release|ARM64.ActiveCfg = Release|Win32
		{3CE9A298-771A-486F-A201-E2806E6E36C7}.Release|Win32.ActiveCfg = Release|Win32
		{3CE9A298-771A-486F-A201-E2806E6E36C7}.Release|Win32.Build.0 = Release|Win32
		{3CE9A298-771A-486F-A201-E2806E6E36C7}.Release|x64.ActiveCfg = Release|x64
		{3CE9A298-771A-486F-A201-E2806E6E36C7}.Release|x64.Build.0 = Release|x64
		{3CE9A298-771A-486F-A201-E2806E6E36C7}.Release|x86.ActiveCfg = Release|Win32
		{3CE9A298-771A-486F-A201-E2806E6E36C7}.Release|x86.Build.0 = Release|Win32
		{B5534D7E-0D2D-40A6-8DCD-6E76462CD9D9}.Debug|Any CPU.ActiveCfg = Debug
		{B5534D7E-0D2D-40A6-8DCD-6E76462CD9D9}.Debug|ARM.ActiveCfg = Debug
		{B5534D7E-0D2D-40A6-8DCD-6E76462CD9D9}.Debug|ARM64.ActiveCfg = Debug
		{B5534D7E-0D2D-40A6-8DCD-6E76462CD9D9}.Debug|Win32.ActiveCfg = Debug
		{B5534D7E-0D2D-40A6-8DCD-6E76462CD9D9}.Debug|x64.ActiveCfg = Debug
		{B5534D7E-0D2D-40A6-8DCD-6E76462CD9D9}.Debug|x64.Build.0 = Debug
		{B5534D7E-0D2D-40A6-8DCD-6E76462CD9D9}.Debug|x86.ActiveCfg = Debug
		{B5534D7E-0D2D-40A6-8DCD-6E76462CD9D9}.Release|Any CPU.ActiveCfg = Release
		{B5534D7E-0D2D-40A6-8DCD-6E76462CD9D9}.Release|ARM.ActiveCfg = Release
		{B5534D7E-0D2D-40A6-8DCD-6E76462CD9D9}.Release|ARM64.ActiveCfg = Release
		{B5534D7E-0D2D-40A6-8DCD-6E76462CD9D9}.Release|Win32.ActiveCfg = Release
		{B5534D7E-0D2D-40A6-8DCD-6E76462CD9D9}.Release|x64.ActiveCfg = Release
		{B5534D7E-0D2D-40A6-8DCD-6E76462CD9D9}.Release|x86.ActiveCfg = Release
	EndGlobalSection
	GlobalSection(SolutionProperties) = preSolution
		HideSolutionNode = FALSE
	EndGlobalSection
	GlobalSection(ExtensibilityGlobals) = postSolution
		SolutionGuid = {B89DB54E-40A0-4E96-AF47-2A070F678AEE}
	EndGlobalSection
EndGlobal
